// !$*UTF8*$!
{
	archiveVersion = 1;
	classes = {
	};
	objectVersion = 46;
	objects = {

/* Begin PBXBuildFile section */
		AF3709AF1A720F2700C97514 /* ofGstUtils.cpp in Sources */ = {isa = PBXBuildFile; fileRef = AF3709AD1A720F2700C97514 /* ofGstUtils.cpp */; };
		E4328149138ABC9F0047C5CB /* openFrameworksDebug.a in Frameworks */ = {isa = PBXBuildFile; fileRef = E4328148138ABC890047C5CB /* openFrameworksDebug.a */; };
		E69049A11A72D5DB00996F22 /* Accelerate.framework in Frameworks */ = {isa = PBXBuildFile; fileRef = E690499E1A72D5DB00996F22 /* Accelerate.framework */; };
		E69049A21A72D5DB00996F22 /* CoreVideo.framework in Frameworks */ = {isa = PBXBuildFile; fileRef = E690499F1A72D5DB00996F22 /* CoreVideo.framework */; };
		E69049A31A72D5DB00996F22 /* QTKit.framework in Frameworks */ = {isa = PBXBuildFile; fileRef = E69049A01A72D5DB00996F22 /* QTKit.framework */; };
		E69049A51A72D63600996F22 /* GLUT.framework in Frameworks */ = {isa = PBXBuildFile; fileRef = E69049A41A72D63500996F22 /* GLUT.framework */; };
		E69049A71A72D64C00996F22 /* AGL.framework in Frameworks */ = {isa = PBXBuildFile; fileRef = E69049A61A72D64C00996F22 /* AGL.framework */; };
		E69049A91A72D65F00996F22 /* ApplicationServices.framework in Frameworks */ = {isa = PBXBuildFile; fileRef = E69049A81A72D65F00996F22 /* ApplicationServices.framework */; };
		E69049AB1A72D66C00996F22 /* CoreFoundation.framework in Frameworks */ = {isa = PBXBuildFile; fileRef = E69049AA1A72D66C00996F22 /* CoreFoundation.framework */; };
		E69049AD1A72D68100996F22 /* AudioToolbox.framework in Frameworks */ = {isa = PBXBuildFile; fileRef = E69049AC1A72D68100996F22 /* AudioToolbox.framework */; };
		E69049AF1A72D69300996F22 /* CoreAudio.framework in Frameworks */ = {isa = PBXBuildFile; fileRef = E69049AE1A72D69300996F22 /* CoreAudio.framework */; };
		E69049B11A72D6C100996F22 /* CoreServices.framework in Frameworks */ = {isa = PBXBuildFile; fileRef = E69049B01A72D6C100996F22 /* CoreServices.framework */; };
		E69049B31A72D6D000996F22 /* OpenGL.framework in Frameworks */ = {isa = PBXBuildFile; fileRef = E69049B21A72D6D000996F22 /* OpenGL.framework */; };
		E69049B51A72D6DE00996F22 /* QuickTime.framework in Frameworks */ = {isa = PBXBuildFile; fileRef = E69049B41A72D6DE00996F22 /* QuickTime.framework */; };
		E69049C01A72F39300996F22 /* ofGstVideoGrabber.cpp in Sources */ = {isa = PBXBuildFile; fileRef = E69049BC1A72F39300996F22 /* ofGstVideoGrabber.cpp */; };
		E69049C11A72F39300996F22 /* ofGstVideoPlayer.cpp in Sources */ = {isa = PBXBuildFile; fileRef = E69049BE1A72F39300996F22 /* ofGstVideoPlayer.cpp */; };
		E6B6EB071A74712300CBDC33 /* OFGStreamerIsadora.izzyplug in CopyFiles */ = {isa = PBXBuildFile; fileRef = E4B69B5B0A3A1756003C02F2 /* OFGStreamerIsadora.izzyplug */; };
		E6B6EB091A7472DB00CBDC33 /* Carbon.framework in Frameworks */ = {isa = PBXBuildFile; fileRef = E6B6EB081A7472DB00CBDC33 /* Carbon.framework */; };
		E6B6EB0D1A74789900CBDC33 /* isadora_plugin.icns in Resources */ = {isa = PBXBuildFile; fileRef = E6B6EB0B1A74780100CBDC33 /* isadora_plugin.icns */; };
		E6E0C5041A7456AF007540EB /* GStreamer.framework in Frameworks */ = {isa = PBXBuildFile; fileRef = E6E0C5031A7456AF007540EB /* GStreamer.framework */; };
		E6E0C5091A7459F6007540EB /* IsadoraPlugin.cp in Sources */ = {isa = PBXBuildFile; fileRef = E6E0C5061A7459F6007540EB /* IsadoraPlugin.cp */; };
		E6E0C50B1A745A2C007540EB /* IsadoraLib.a in Frameworks */ = {isa = PBXBuildFile; fileRef = E6E0C50A1A745A2C007540EB /* IsadoraLib.a */; };
/* End PBXBuildFile section */

/* Begin PBXContainerItemProxy section */
		E4328147138ABC890047C5CB /* PBXContainerItemProxy */ = {
			isa = PBXContainerItemProxy;
			containerPortal = E4328143138ABC890047C5CB /* openFrameworksLib.xcodeproj */;
			proxyType = 2;
			remoteGlobalIDString = E4B27C1510CBEB8E00536013;
			remoteInfo = openFrameworks;
		};
		E4EEB9AB138B136A00A80321 /* PBXContainerItemProxy */ = {
			isa = PBXContainerItemProxy;
			containerPortal = E4328143138ABC890047C5CB /* openFrameworksLib.xcodeproj */;
			proxyType = 1;
			remoteGlobalIDString = E4B27C1410CBEB8E00536013;
			remoteInfo = openFrameworks;
		};
/* End PBXContainerItemProxy section */

/* Begin PBXCopyFilesBuildPhase section */
		E4C2427710CC5ABF004149E2 /* CopyFiles */ = {
			isa = PBXCopyFilesBuildPhase;
			buildActionMask = 12;
			dstPath = "/Library/Application Support/TroikaTronix/Isadora Plugins";
			dstSubfolderSpec = 0;
			files = (
				E6B6EB071A74712300CBDC33 /* OFGStreamerIsadora.izzyplug in CopyFiles */,
			);
			runOnlyForDeploymentPostprocessing = 0;
		};
/* End PBXCopyFilesBuildPhase section */

/* Begin PBXFileReference section */
		AF3709AD1A720F2700C97514 /* ofGstUtils.cpp */ = {isa = PBXFileReference; fileEncoding = 4; lastKnownFileType = sourcecode.cpp.cpp; name = ofGstUtils.cpp; path = ../../../../libs/openFrameworks/video/ofGstUtils.cpp; sourceTree = "<group>"; };
		AF3709AE1A720F2700C97514 /* ofGstUtils.h */ = {isa = PBXFileReference; fileEncoding = 4; lastKnownFileType = sourcecode.c.h; name = ofGstUtils.h; path = ../../../../libs/openFrameworks/video/ofGstUtils.h; sourceTree = "<group>"; };
		E4328143138ABC890047C5CB /* openFrameworksLib.xcodeproj */ = {isa = PBXFileReference; lastKnownFileType = "wrapper.pb-project"; name = openFrameworksLib.xcodeproj; path = ../../../libs/openFrameworksCompiled/project/osx/openFrameworksLib.xcodeproj; sourceTree = SOURCE_ROOT; };
		E4B69B5B0A3A1756003C02F2 /* OFGStreamerIsadora.izzyplug */ = {isa = PBXFileReference; explicitFileType = wrapper.cfbundle; includeInIndex = 0; path = OFGStreamerIsadora.izzyplug; sourceTree = BUILT_PRODUCTS_DIR; };
		E4B6FCAD0C3E899E008CF71C /* Info.plist */ = {isa = PBXFileReference; fileEncoding = 30; lastKnownFileType = text.plist.xml; path = Info.plist; sourceTree = "<group>"; };
		E4EB691F138AFCF100A09F29 /* CoreOF.xcconfig */ = {isa = PBXFileReference; fileEncoding = 4; lastKnownFileType = text.xcconfig; name = CoreOF.xcconfig; path = ../../../libs/openFrameworksCompiled/project/osx/CoreOF.xcconfig; sourceTree = SOURCE_ROOT; };
		E4EB6923138AFD0F00A09F29 /* Project.xcconfig */ = {isa = PBXFileReference; fileEncoding = 4; lastKnownFileType = text.xcconfig; path = Project.xcconfig; sourceTree = "<group>"; };
		E690499E1A72D5DB00996F22 /* Accelerate.framework */ = {isa = PBXFileReference; lastKnownFileType = wrapper.framework; name = Accelerate.framework; path = System/Library/Frameworks/Accelerate.framework; sourceTree = SDKROOT; };
		E690499F1A72D5DB00996F22 /* CoreVideo.framework */ = {isa = PBXFileReference; lastKnownFileType = wrapper.framework; name = CoreVideo.framework; path = System/Library/Frameworks/CoreVideo.framework; sourceTree = SDKROOT; };
		E69049A01A72D5DB00996F22 /* QTKit.framework */ = {isa = PBXFileReference; lastKnownFileType = wrapper.framework; name = QTKit.framework; path = System/Library/Frameworks/QTKit.framework; sourceTree = SDKROOT; };
		E69049A41A72D63500996F22 /* GLUT.framework */ = {isa = PBXFileReference; lastKnownFileType = wrapper.framework; name = GLUT.framework; path = System/Library/Frameworks/GLUT.framework; sourceTree = SDKROOT; };
		E69049A61A72D64C00996F22 /* AGL.framework */ = {isa = PBXFileReference; lastKnownFileType = wrapper.framework; name = AGL.framework; path = System/Library/Frameworks/AGL.framework; sourceTree = SDKROOT; };
		E69049A81A72D65F00996F22 /* ApplicationServices.framework */ = {isa = PBXFileReference; lastKnownFileType = wrapper.framework; name = ApplicationServices.framework; path = System/Library/Frameworks/ApplicationServices.framework; sourceTree = SDKROOT; };
		E69049AA1A72D66C00996F22 /* CoreFoundation.framework */ = {isa = PBXFileReference; lastKnownFileType = wrapper.framework; name = CoreFoundation.framework; path = System/Library/Frameworks/CoreFoundation.framework; sourceTree = SDKROOT; };
		E69049AC1A72D68100996F22 /* AudioToolbox.framework */ = {isa = PBXFileReference; lastKnownFileType = wrapper.framework; name = AudioToolbox.framework; path = System/Library/Frameworks/AudioToolbox.framework; sourceTree = SDKROOT; };
		E69049AE1A72D69300996F22 /* CoreAudio.framework */ = {isa = PBXFileReference; lastKnownFileType = wrapper.framework; name = CoreAudio.framework; path = System/Library/Frameworks/CoreAudio.framework; sourceTree = SDKROOT; };
		E69049B01A72D6C100996F22 /* CoreServices.framework */ = {isa = PBXFileReference; lastKnownFileType = wrapper.framework; name = CoreServices.framework; path = System/Library/Frameworks/CoreServices.framework; sourceTree = SDKROOT; };
		E69049B21A72D6D000996F22 /* OpenGL.framework */ = {isa = PBXFileReference; lastKnownFileType = wrapper.framework; name = OpenGL.framework; path = System/Library/Frameworks/OpenGL.framework; sourceTree = SDKROOT; };
		E69049B41A72D6DE00996F22 /* QuickTime.framework */ = {isa = PBXFileReference; lastKnownFileType = wrapper.framework; name = QuickTime.framework; path = System/Library/Frameworks/QuickTime.framework; sourceTree = SDKROOT; };
		E69049BC1A72F39300996F22 /* ofGstVideoGrabber.cpp */ = {isa = PBXFileReference; fileEncoding = 4; lastKnownFileType = sourcecode.cpp.cpp; name = ofGstVideoGrabber.cpp; path = ../../../../libs/openFrameworks/video/ofGstVideoGrabber.cpp; sourceTree = "<group>"; };
		E69049BD1A72F39300996F22 /* ofGstVideoGrabber.h */ = {isa = PBXFileReference; fileEncoding = 4; lastKnownFileType = sourcecode.c.h; name = ofGstVideoGrabber.h; path = ../../../../libs/openFrameworks/video/ofGstVideoGrabber.h; sourceTree = "<group>"; };
		E69049BE1A72F39300996F22 /* ofGstVideoPlayer.cpp */ = {isa = PBXFileReference; fileEncoding = 4; lastKnownFileType = sourcecode.cpp.cpp; name = ofGstVideoPlayer.cpp; path = ../../../../libs/openFrameworks/video/ofGstVideoPlayer.cpp; sourceTree = "<group>"; };
		E69049BF1A72F39300996F22 /* ofGstVideoPlayer.h */ = {isa = PBXFileReference; fileEncoding = 4; lastKnownFileType = sourcecode.c.h; name = ofGstVideoPlayer.h; path = ../../../../libs/openFrameworks/video/ofGstVideoPlayer.h; sourceTree = "<group>"; };
		E6B6EB081A7472DB00CBDC33 /* Carbon.framework */ = {isa = PBXFileReference; lastKnownFileType = wrapper.framework; name = Carbon.framework; path = System/Library/Frameworks/Carbon.framework; sourceTree = SDKROOT; };
		E6B6EB0B1A74780100CBDC33 /* isadora_plugin.icns */ = {isa = PBXFileReference; lastKnownFileType = image.icns; path = isadora_plugin.icns; sourceTree = "<group>"; };
		E6E0C5031A7456AF007540EB /* GStreamer.framework */ = {isa = PBXFileReference; lastKnownFileType = wrapper.framework; name = GStreamer.framework; path = ../../../../../../../Library/Frameworks/GStreamer.framework; sourceTree = "<group>"; };
		E6E0C5061A7459F6007540EB /* IsadoraPlugin.cp */ = {isa = PBXFileReference; fileEncoding = 4; lastKnownFileType = sourcecode.cpp.cpp; path = IsadoraPlugin.cp; sourceTree = SOURCE_ROOT; };
		E6E0C5071A7459F6007540EB /* IsadoraPluginPrefix.pch */ = {isa = PBXFileReference; fileEncoding = 4; lastKnownFileType = sourcecode.c.h; path = IsadoraPluginPrefix.pch; sourceTree = SOURCE_ROOT; };
		E6E0C5081A7459F6007540EB /* Plugin Resources.rsrc */ = {isa = PBXFileReference; lastKnownFileType = archive.rsrc; path = "Plugin Resources.rsrc"; sourceTree = SOURCE_ROOT; };
		E6E0C50A1A745A2C007540EB /* IsadoraLib.a */ = {isa = PBXFileReference; lastKnownFileType = archive.ar; name = IsadoraLib.a; path = ../../../../../../../Developer/IsadoraSDK/IsadoraLib/IsadoraLib.a; sourceTree = "<group>"; };
/* End PBXFileReference section */

/* Begin PBXFrameworksBuildPhase section */
		E4B69B590A3A1756003C02F2 /* Frameworks */ = {
			isa = PBXFrameworksBuildPhase;
			buildActionMask = 2147483647;
			files = (
				E69049B51A72D6DE00996F22 /* QuickTime.framework in Frameworks */,
				E6B6EB091A7472DB00CBDC33 /* Carbon.framework in Frameworks */,
				E69049B31A72D6D000996F22 /* OpenGL.framework in Frameworks */,
				E69049B11A72D6C100996F22 /* CoreServices.framework in Frameworks */,
				E69049AB1A72D66C00996F22 /* CoreFoundation.framework in Frameworks */,
				E69049AF1A72D69300996F22 /* CoreAudio.framework in Frameworks */,
				E6E0C5041A7456AF007540EB /* GStreamer.framework in Frameworks */,
				E69049AD1A72D68100996F22 /* AudioToolbox.framework in Frameworks */,
				E69049A91A72D65F00996F22 /* ApplicationServices.framework in Frameworks */,
				E69049A71A72D64C00996F22 /* AGL.framework in Frameworks */,
				E69049A51A72D63600996F22 /* GLUT.framework in Frameworks */,
				E69049A11A72D5DB00996F22 /* Accelerate.framework in Frameworks */,
				E69049A21A72D5DB00996F22 /* CoreVideo.framework in Frameworks */,
				E69049A31A72D5DB00996F22 /* QTKit.framework in Frameworks */,
				E4328149138ABC9F0047C5CB /* openFrameworksDebug.a in Frameworks */,
				E6E0C50B1A745A2C007540EB /* IsadoraLib.a in Frameworks */,
			);
			runOnlyForDeploymentPostprocessing = 0;
		};
/* End PBXFrameworksBuildPhase section */

/* Begin PBXGroup section */
		E4328144138ABC890047C5CB /* Products */ = {
			isa = PBXGroup;
			children = (
				E4328148138ABC890047C5CB /* openFrameworksDebug.a */,
			);
			name = Products;
			sourceTree = "<group>";
		};
		E4B69B4A0A3A1720003C02F2 = {
			isa = PBXGroup;
			children = (
				E6B6EB0A1A7477F000CBDC33 /* Resources */,
				E6B6EB081A7472DB00CBDC33 /* Carbon.framework */,
				E6E0C50A1A745A2C007540EB /* IsadoraLib.a */,
				E69049B41A72D6DE00996F22 /* QuickTime.framework */,
				E69049B21A72D6D000996F22 /* OpenGL.framework */,
				E69049B01A72D6C100996F22 /* CoreServices.framework */,
				E69049AE1A72D69300996F22 /* CoreAudio.framework */,
				E69049AC1A72D68100996F22 /* AudioToolbox.framework */,
				E69049AA1A72D66C00996F22 /* CoreFoundation.framework */,
				E69049A81A72D65F00996F22 /* ApplicationServices.framework */,
				E69049A61A72D64C00996F22 /* AGL.framework */,
				E69049A41A72D63500996F22 /* GLUT.framework */,
				E690499E1A72D5DB00996F22 /* Accelerate.framework */,
				E690499F1A72D5DB00996F22 /* CoreVideo.framework */,
				E69049A01A72D5DB00996F22 /* QTKit.framework */,
				E4EB6923138AFD0F00A09F29 /* Project.xcconfig */,
				E4B69E1C0A3A1BDC003C02F2 /* src */,
				E4EEC9E9138DF44700A80321 /* openFrameworks */,
				E4B69B5B0A3A1756003C02F2 /* OFGStreamerIsadora.izzyplug */,
				E6E0C5031A7456AF007540EB /* GStreamer.framework */,
			);
			sourceTree = "<group>";
		};
		E4B69E1C0A3A1BDC003C02F2 /* src */ = {
			isa = PBXGroup;
			children = (
				E6E0C5061A7459F6007540EB /* IsadoraPlugin.cp */,
				E6E0C5071A7459F6007540EB /* IsadoraPluginPrefix.pch */,
				E6E0C5081A7459F6007540EB /* Plugin Resources.rsrc */,
				E69049BC1A72F39300996F22 /* ofGstVideoGrabber.cpp */,
				E69049BD1A72F39300996F22 /* ofGstVideoGrabber.h */,
				E69049BE1A72F39300996F22 /* ofGstVideoPlayer.cpp */,
				E69049BF1A72F39300996F22 /* ofGstVideoPlayer.h */,
				AF3709AD1A720F2700C97514 /* ofGstUtils.cpp */,
				AF3709AE1A720F2700C97514 /* ofGstUtils.h */,
			);
			path = src;
			sourceTree = SOURCE_ROOT;
		};
		E4EEC9E9138DF44700A80321 /* openFrameworks */ = {
			isa = PBXGroup;
			children = (
				E4EB691F138AFCF100A09F29 /* CoreOF.xcconfig */,
				E4328143138ABC890047C5CB /* openFrameworksLib.xcodeproj */,
			);
			name = openFrameworks;
			sourceTree = "<group>";
		};
		E6B6EB0A1A7477F000CBDC33 /* Resources */ = {
			isa = PBXGroup;
			children = (
				E4B6FCAD0C3E899E008CF71C /* Info.plist */,
				E6B6EB0B1A74780100CBDC33 /* isadora_plugin.icns */,
			);
			name = Resources;
			sourceTree = "<group>";
		};
/* End PBXGroup section */

/* Begin PBXNativeTarget section */
		E4B69B5A0A3A1756003C02F2 /* OFGStreamerIsadora */ = {
			isa = PBXNativeTarget;
			buildConfigurationList = E4B69B5F0A3A1757003C02F2 /* Build configuration list for PBXNativeTarget "OFGStreamerIsadora" */;
			buildPhases = (
				E4B69B580A3A1756003C02F2 /* Sources */,
				E4B69B590A3A1756003C02F2 /* Frameworks */,
				E4C2427710CC5ABF004149E2 /* CopyFiles */,
				E6B6EB0C1A74788600CBDC33 /* Resources */,
			);
			buildRules = (
			);
			dependencies = (
				E4EEB9AC138B136A00A80321 /* PBXTargetDependency */,
			);
			name = OFGStreamerIsadora;
			productName = myOFApp;
			productReference = E4B69B5B0A3A1756003C02F2 /* OFGStreamerIsadora.izzyplug */;
			productType = "com.apple.product-type.bundle";
		};
/* End PBXNativeTarget section */

/* Begin PBXProject section */
		E4B69B4C0A3A1720003C02F2 /* Project object */ = {
			isa = PBXProject;
			attributes = {
				LastUpgradeCheck = 0510;
			};
			buildConfigurationList = E4B69B4D0A3A1720003C02F2 /* Build configuration list for PBXProject "OFGStreamerIsadora" */;
			compatibilityVersion = "Xcode 3.2";
			developmentRegion = English;
			hasScannedForEncodings = 0;
			knownRegions = (
				English,
				Japanese,
				French,
				German,
			);
			mainGroup = E4B69B4A0A3A1720003C02F2;
			productRefGroup = E4B69B4A0A3A1720003C02F2;
			projectDirPath = "";
			projectReferences = (
				{
					ProductGroup = E4328144138ABC890047C5CB /* Products */;
					ProjectRef = E4328143138ABC890047C5CB /* openFrameworksLib.xcodeproj */;
				},
			);
			projectRoot = "";
			targets = (
				E4B69B5A0A3A1756003C02F2 /* OFGStreamerIsadora */,
			);
		};
/* End PBXProject section */

/* Begin PBXReferenceProxy section */
		E4328148138ABC890047C5CB /* openFrameworksDebug.a */ = {
			isa = PBXReferenceProxy;
			fileType = archive.ar;
			path = openFrameworksDebug.a;
			remoteRef = E4328147138ABC890047C5CB /* PBXContainerItemProxy */;
			sourceTree = BUILT_PRODUCTS_DIR;
		};
/* End PBXReferenceProxy section */

/* Begin PBXResourcesBuildPhase section */
		E6B6EB0C1A74788600CBDC33 /* Resources */ = {
			isa = PBXResourcesBuildPhase;
			buildActionMask = 2147483647;
			files = (
				E6B6EB0D1A74789900CBDC33 /* isadora_plugin.icns in Resources */,
			);
			runOnlyForDeploymentPostprocessing = 0;
		};
/* End PBXResourcesBuildPhase section */

/* Begin PBXSourcesBuildPhase section */
		E4B69B580A3A1756003C02F2 /* Sources */ = {
			isa = PBXSourcesBuildPhase;
			buildActionMask = 2147483647;
			files = (
				E69049C11A72F39300996F22 /* ofGstVideoPlayer.cpp in Sources */,
				E6E0C5091A7459F6007540EB /* IsadoraPlugin.cp in Sources */,
				E69049C01A72F39300996F22 /* ofGstVideoGrabber.cpp in Sources */,
				AF3709AF1A720F2700C97514 /* ofGstUtils.cpp in Sources */,
			);
			runOnlyForDeploymentPostprocessing = 0;
		};
/* End PBXSourcesBuildPhase section */

/* Begin PBXTargetDependency section */
		E4EEB9AC138B136A00A80321 /* PBXTargetDependency */ = {
			isa = PBXTargetDependency;
			name = openFrameworks;
			targetProxy = E4EEB9AB138B136A00A80321 /* PBXContainerItemProxy */;
		};
/* End PBXTargetDependency section */

/* Begin XCBuildConfiguration section */
		E4B69B4E0A3A1720003C02F2 /* Debug */ = {
			isa = XCBuildConfiguration;
			baseConfigurationReference = E4EB6923138AFD0F00A09F29 /* Project.xcconfig */;
			buildSettings = {
				ARCHS = "$(ARCHS_STANDARD_32_BIT)";
				CLANG_CXX_LIBRARY = "compiler-default";
				CONFIGURATION_BUILD_DIR = "$(SRCROOT)/bin/";
				COPY_PHASE_STRIP = NO;
				DEAD_CODE_STRIPPING = NO;
				GCC_INLINES_ARE_PRIVATE_EXTERN = NO;
				GCC_MODEL_TUNING = G5;
				GCC_OPTIMIZATION_LEVEL = 0;
				GCC_PREPROCESSOR_DEFINITIONS = (
					DEBUG,
					ISADORA_PLUGIN,
				);
				GCC_SYMBOLS_PRIVATE_EXTERN = NO;
				GCC_WARN_ABOUT_DEPRECATED_FUNCTIONS = YES;
				GCC_WARN_ABOUT_INVALID_OFFSETOF_MACRO = YES;
				GCC_WARN_ALLOW_INCOMPLETE_PROTOCOL = YES;
				GCC_WARN_UNINITIALIZED_AUTOS = NO;
				GCC_WARN_UNUSED_VALUE = NO;
				GCC_WARN_UNUSED_VARIABLE = NO;
				HEADER_SEARCH_PATHS = (
					"$(OF_CORE_HEADERS)",
					../../../addons/ofxOsc/libs,
					../../../addons/ofxOsc/libs/oscpack,
					../../../addons/ofxOsc/libs/oscpack/src,
					../../../addons/ofxOsc/libs/oscpack/src/ip,
					../../../addons/ofxOsc/libs/oscpack/src/ip/posix,
					../../../addons/ofxOsc/libs/oscpack/src/ip/win32,
					../../../addons/ofxOsc/libs/oscpack/src/osc,
					../../../addons/ofxOsc/src,
					../../../addons/ofxGstRTP/libs,
					../../../addons/ofxGstRTP/src,
				);
				LIBRARY_SEARCH_PATHS = (
					"$(inherited)",
					"$(LIBRARY_SEARCH_PATHS_QUOTED_1)",
				);
				LIBRARY_SEARCH_PATHS_QUOTED_1 = /Developer/IsadoraSDK/IsadoraLib;
				MACOSX_DEPLOYMENT_TARGET = 10.6;
				ONLY_ACTIVE_ARCH = YES;
				OTHER_CPLUSPLUSFLAGS = (
					"-D__MACOSX_CORE__",
					"-lpthread",
					"-mtune=native",
				);
				SDKROOT = macosx10.8;
				VALID_ARCHS = i386;
			};
			name = Debug;
		};
		E4B69B4F0A3A1720003C02F2 /* Release */ = {
			isa = XCBuildConfiguration;
			baseConfigurationReference = E4EB6923138AFD0F00A09F29 /* Project.xcconfig */;
			buildSettings = {
				ARCHS = "$(ARCHS_STANDARD_32_BIT)";
				CLANG_CXX_LIBRARY = "compiler-default";
				CONFIGURATION_BUILD_DIR = "$(SRCROOT)/bin/";
				COPY_PHASE_STRIP = YES;
				DEAD_CODE_STRIPPING = NO;
				GCC_INLINES_ARE_PRIVATE_EXTERN = NO;
				GCC_MODEL_TUNING = G5;
				GCC_OPTIMIZATION_LEVEL = 3;
				GCC_PREPROCESSOR_DEFINITIONS = (
					NDEBUG,
					ISADORA_PLUGIN,
				);
				GCC_SYMBOLS_PRIVATE_EXTERN = NO;
				GCC_UNROLL_LOOPS = YES;
				GCC_WARN_ABOUT_DEPRECATED_FUNCTIONS = YES;
				GCC_WARN_ABOUT_INVALID_OFFSETOF_MACRO = YES;
				GCC_WARN_ALLOW_INCOMPLETE_PROTOCOL = YES;
				GCC_WARN_UNINITIALIZED_AUTOS = NO;
				GCC_WARN_UNUSED_VALUE = NO;
				GCC_WARN_UNUSED_VARIABLE = NO;
				HEADER_SEARCH_PATHS = (
					"$(OF_CORE_HEADERS)",
					../../../addons/ofxOsc/libs,
					../../../addons/ofxOsc/libs/oscpack,
					../../../addons/ofxOsc/libs/oscpack/src,
					../../../addons/ofxOsc/libs/oscpack/src/ip,
					../../../addons/ofxOsc/libs/oscpack/src/ip/posix,
					../../../addons/ofxOsc/libs/oscpack/src/ip/win32,
					../../../addons/ofxOsc/libs/oscpack/src/osc,
					../../../addons/ofxOsc/src,
					../../../addons/ofxGstRTP/libs,
					../../../addons/ofxGstRTP/src,
				);
				LIBRARY_SEARCH_PATHS = (
					"$(inherited)",
					"$(LIBRARY_SEARCH_PATHS_QUOTED_1)",
				);
				LIBRARY_SEARCH_PATHS_QUOTED_1 = /Developer/IsadoraSDK/IsadoraLib;
				MACOSX_DEPLOYMENT_TARGET = 10.6;
				ONLY_ACTIVE_ARCH = YES;
				OTHER_CPLUSPLUSFLAGS = (
					"-D__MACOSX_CORE__",
					"-lpthread",
					"-mtune=native",
				);
				SDKROOT = macosx10.8;
				VALID_ARCHS = i386;
			};
			name = Release;
		};
		E4B69B600A3A1757003C02F2 /* Debug */ = {
			isa = XCBuildConfiguration;
			buildSettings = {
				CLANG_CXX_LIBRARY = "compiler-default";
				COMBINE_HIDPI_IMAGES = YES;
				COPY_PHASE_STRIP = NO;
				FRAMEWORK_SEARCH_PATHS = (
					"$(inherited)",
					"$(FRAMEWORK_SEARCH_PATHS_QUOTED_FOR_TARGET_1)",
					"$(LOCAL_LIBRARY_DIR)/Frameworks",
				);
				FRAMEWORK_SEARCH_PATHS_QUOTED_FOR_TARGET_1 = "\"$(SRCROOT)/../../../libs/glut/lib/osx\"";
				GCC_DYNAMIC_NO_PIC = NO;
				GCC_GENERATE_DEBUGGING_SYMBOLS = YES;
				GCC_MODEL_TUNING = NONE;
				GCC_PREFIX_HEADER = IsadoraPluginPrefix.pch;
				ICON = "$(ICON_NAME_DEBUG)";
				ICON_FILE = "$(ICON_FILE_PATH)$(ICON)";
				INFOPLIST_FILE = info.plist;
				INSTALL_PATH = "$(HOME)/Library/Bundles";
				LIBRARY_SEARCH_PATHS = (
					"$(inherited)",
					/Users/eight/repos/openFrameworks/addons/ofxNice/libs/libnice/lib/osx,
					/Users/eight/repos/openFrameworks/addons/ofxNice/libs/libnice/lib/vs,
					/Users/eight/repos/openFrameworks/addons/ofxNice/libs/libnice/lib/win_cb,
					/Users/eight/repos/openFrameworks/addons/ofxXMPP/libs/strophe/lib/linux,
					/Users/eight/repos/openFrameworks/addons/ofxXMPP/libs/strophe/lib/linux64,
					/Users/eight/repos/openFrameworks/addons/ofxXMPP/libs/strophe/lib/osx,
					/Users/eight/repos/openFrameworks/addons/ofxXMPP/libs/strophe/lib/vs,
					"/Users/eight/repos/openFrameworks/addons/ofxKinect/libs/libusb-1.0/lib/osx",
					"/Users/eight/repos/openFrameworks/addons/ofxKinect/libs/libusb-win32/lib/vs",
					"/Users/eight/repos/openFrameworks/addons/ofxKinect/libs/libusb-win32/lib/win_cb",
					/Developer/IsadoraSDK/IsadoraLib,
				);
				PRODUCT_NAME = OFGStreamerIsadora;
				USER_HEADER_SEARCH_PATHS = "/Library/Frameworks/GStreamer.framework/Headers /Developer/IsadoraSDK/IsadoraLib/Includes";
				VALID_ARCHS = i386;
				WRAPPER_EXTENSION = izzyplug;
			};
			name = Debug;
		};
		E4B69B610A3A1757003C02F2 /* Release */ = {
			isa = XCBuildConfiguration;
			buildSettings = {
				CLANG_CXX_LIBRARY = "compiler-default";
				COMBINE_HIDPI_IMAGES = YES;
				COPY_PHASE_STRIP = YES;
				FRAMEWORK_SEARCH_PATHS = (
					"$(inherited)",
					"$(FRAMEWORK_SEARCH_PATHS_QUOTED_FOR_TARGET_1)",
					"$(LOCAL_LIBRARY_DIR)/Frameworks",
				);
				FRAMEWORK_SEARCH_PATHS_QUOTED_FOR_TARGET_1 = "\"$(SRCROOT)/../../../libs/glut/lib/osx\"";
				GCC_GENERATE_DEBUGGING_SYMBOLS = YES;
				GCC_MODEL_TUNING = NONE;
				GCC_PREFIX_HEADER = IsadoraPluginPrefix.pch;
				ICON = "$(ICON_NAME_RELEASE)";
				ICON_FILE = "$(ICON_FILE_PATH)$(ICON)";
				INFOPLIST_FILE = info.plist;
				INSTALL_PATH = "$(HOME)/Library/Bundles";
				LIBRARY_SEARCH_PATHS = (
					"$(inherited)",
					/Users/eight/repos/openFrameworks/addons/ofxNice/libs/libnice/lib/osx,
					/Users/eight/repos/openFrameworks/addons/ofxNice/libs/libnice/lib/vs,
					/Users/eight/repos/openFrameworks/addons/ofxNice/libs/libnice/lib/win_cb,
					/Users/eight/repos/openFrameworks/addons/ofxXMPP/libs/strophe/lib/linux,
					/Users/eight/repos/openFrameworks/addons/ofxXMPP/libs/strophe/lib/linux64,
					/Users/eight/repos/openFrameworks/addons/ofxXMPP/libs/strophe/lib/osx,
					/Users/eight/repos/openFrameworks/addons/ofxXMPP/libs/strophe/lib/vs,
					"/Users/eight/repos/openFrameworks/addons/ofxKinect/libs/libusb-1.0/lib/osx",
					"/Users/eight/repos/openFrameworks/addons/ofxKinect/libs/libusb-win32/lib/vs",
					"/Users/eight/repos/openFrameworks/addons/ofxKinect/libs/libusb-win32/lib/win_cb",
					/Developer/IsadoraSDK/IsadoraLib,
				);
				PRODUCT_NAME = OFGStreamerIsadora;
				USER_HEADER_SEARCH_PATHS = "/Library/Frameworks/GStreamer.framework/Headers /Developer/IsadoraSDK/IsadoraLib/Includes";
				VALID_ARCHS = i386;
				WRAPPER_EXTENSION = izzyplug;
			};
			name = Release;
		};
/* End XCBuildConfiguration section */

/* Begin XCConfigurationList section */
		E4B69B4D0A3A1720003C02F2 /* Build configuration list for PBXProject "OFGStreamerIsadora" */ = {
			isa = XCConfigurationList;
			buildConfigurations = (
				E4B69B4E0A3A1720003C02F2 /* Debug */,
				E4B69B4F0A3A1720003C02F2 /* Release */,
			);
			defaultConfigurationIsVisible = 0;
			defaultConfigurationName = Release;
		};
		E4B69B5F0A3A1757003C02F2 /* Build configuration list for PBXNativeTarget "OFGStreamerIsadora" */ = {
			isa = XCConfigurationList;
			buildConfigurations = (
				E4B69B600A3A1757003C02F2 /* Debug */,
				E4B69B610A3A1757003C02F2 /* Release */,
			);
			defaultConfigurationIsVisible = 0;
			defaultConfigurationName = Release;
		};
/* End XCConfigurationList section */
	};
	rootObject = E4B69B4C0A3A1720003C02F2 /* Project object */;
}
