// !$*UTF8*$!
{
	archiveVersion = 1;
	classes = {
	};
	objectVersion = 46;
	objects = {

/* Begin PBXBuildFile section */
		04C13EEA813A786CC1D8137A /* FxaaPass.cpp in Sources */ = {isa = PBXBuildFile; fileRef = 9425843AEC3118B8FDEF1B0B /* FxaaPass.cpp */; };
		0F8F016776681D468C0D0949 /* audio.c in Sources */ = {isa = PBXBuildFile; fileRef = 34FC4C582EA5ED68F36013CD /* audio.c */; };
		114C00B13F753E59BB0984BB /* DofPass.cpp in Sources */ = {isa = PBXBuildFile; fileRef = E837DEBFAEA1CAD833A377DF /* DofPass.cpp */; };
		1E615236D6D182DED6C8A8B2 /* RenderPass.cpp in Sources */ = {isa = PBXBuildFile; fileRef = 54F36382628E4D0FF07206D7 /* RenderPass.cpp */; };
		21A059755481CC0BF969FD2D /* keep_alive.c in Sources */ = {isa = PBXBuildFile; fileRef = A3528DDFF05B00283552455D /* keep_alive.c */; };
		255A7B680DC81E543C875794 /* usb_libusb10.c in Sources */ = {isa = PBXBuildFile; fileRef = 28F9707464BA3FF98E05096C /* usb_libusb10.c */; };
		28AFD6FA9B9C885AFD9FF1C7 /* HorizontalTiltShifPass.cpp in Sources */ = {isa = PBXBuildFile; fileRef = FAF7EF26FE0FF19EA6D9419D /* HorizontalTiltShifPass.cpp */; };
		33DB731E964056D7E35604A7 /* FakeSSSPass.cpp in Sources */ = {isa = PBXBuildFile; fileRef = C64B88209AF231B4FC8B4056 /* FakeSSSPass.cpp */; };
		3A499904889C490DCF533C6E /* BloomPass.cpp in Sources */ = {isa = PBXBuildFile; fileRef = D41ED8C8083845703AA1FDFA /* BloomPass.cpp */; };
		4355FD81C3F9DDE40B10CE94 /* SSAOPass.cpp in Sources */ = {isa = PBXBuildFile; fileRef = C127DCF305861E6D5D6332E6 /* SSAOPass.cpp */; };
		49BEEB2DFA5319D55AA6899F /* tilt.c in Sources */ = {isa = PBXBuildFile; fileRef = BF2F2AA872288D30F53983EF /* tilt.c */; };
		4A2B684DF41F7779B2947319 /* RimHighlightingPass.cpp in Sources */ = {isa = PBXBuildFile; fileRef = 74BDDD14F49833AD24862E87 /* RimHighlightingPass.cpp */; };
		5E39F94A08ADD7F0C2032152 /* Delaunay.cpp in Sources */ = {isa = PBXBuildFile; fileRef = 2C93371FF2466553B4DA1D0B /* Delaunay.cpp */; };
		686B0DF6249B52E1A85B39EC /* ofxKinect.cpp in Sources */ = {isa = PBXBuildFile; fileRef = 7ED9FFC7D08DA194C2CE7D09 /* ofxKinect.cpp */; };
		6A505EAE8088949A9180FFE7 /* GodRaysPass.cpp in Sources */ = {isa = PBXBuildFile; fileRef = C07AAE715D8853EDA76BC909 /* GodRaysPass.cpp */; };
		778DCA6792476E5B9F57F175 /* ConvolutionPass.cpp in Sources */ = {isa = PBXBuildFile; fileRef = 3AACD9661AF21261E24A05A4 /* ConvolutionPass.cpp */; };
		79308B05C4D0A9B9E404FFED /* BleachBypassPass.cpp in Sources */ = {isa = PBXBuildFile; fileRef = C5313A8CC477A5ECC0A7E4E8 /* BleachBypassPass.cpp */; };
		7AB51F1099DC01486D18FAF6 /* LimbDarkeningPass.cpp in Sources */ = {isa = PBXBuildFile; fileRef = 9222AE2464AE1CF72876A4ED /* LimbDarkeningPass.cpp */; };
		7ADB04AF67C568EAFAEBA546 /* ofxKinectExtras.cpp in Sources */ = {isa = PBXBuildFile; fileRef = 01438542609FC64F1EC60EEB /* ofxKinectExtras.cpp */; };
		8072A86E35F7000F7CDEEF42 /* NoiseWarpPass.cpp in Sources */ = {isa = PBXBuildFile; fileRef = 5BC56A60E911F7488A58830A /* NoiseWarpPass.cpp */; };
		813E52BD790CE4AAF527DCD4 /* ToonPass.cpp in Sources */ = {isa = PBXBuildFile; fileRef = E547AB568F5E5027A880C47C /* ToonPass.cpp */; };
		884CB4D049E35C51E949A565 /* KaleidoscopePass.cpp in Sources */ = {isa = PBXBuildFile; fileRef = 108C4DB0C398388D00027091 /* KaleidoscopePass.cpp */; };
		898CB0955CB42FEB5D750A5C /* VerticalTiltShifPass.cpp in Sources */ = {isa = PBXBuildFile; fileRef = 2C2B73DCDAF417A486A343EF /* VerticalTiltShifPass.cpp */; };
		9102D0609CDD0B902F138C68 /* ofxDelaunay.cpp in Sources */ = {isa = PBXBuildFile; fileRef = BBE3E908E4BB3468853C50ED /* ofxDelaunay.cpp */; };
		ACE7DC9A3223ED5EE1B80074 /* cameras.c in Sources */ = {isa = PBXBuildFile; fileRef = 3DBD37876A11E46E4D7069B3 /* cameras.c */; };
		AE65C02FEC934514466A8D67 /* EdgePass.cpp in Sources */ = {isa = PBXBuildFile; fileRef = 0AC8B4DE8CD341280FDE798A /* EdgePass.cpp */; };
		B1747F12881D899DCA2647FC /* LUTPass.cpp in Sources */ = {isa = PBXBuildFile; fileRef = F171898BD12F77CCAD29B7C1 /* LUTPass.cpp */; };
		B58A80B21A55E254F48E6E13 /* DofAltPass.cpp in Sources */ = {isa = PBXBuildFile; fileRef = 91F91C3BEAD0B3C2B92BB9A5 /* DofAltPass.cpp */; };
		B951AAE35209993B4E399E77 /* PixelatePass.cpp in Sources */ = {isa = PBXBuildFile; fileRef = 7462D018F6D6E407E598A021 /* PixelatePass.cpp */; };
		BBAB23CB13894F3D00AA2426 /* GLUT.framework in CopyFiles */ = {isa = PBXBuildFile; fileRef = BBAB23BE13894E4700AA2426 /* GLUT.framework */; };
		BE5ED1FDB18D5092CF3AACA0 /* PostProcessing.cpp in Sources */ = {isa = PBXBuildFile; fileRef = 484F662699DFE8176E1B750F /* PostProcessing.cpp */; };
		D31F5C1B140C59B2AF1533A8 /* registration.c in Sources */ = {isa = PBXBuildFile; fileRef = 71958293AC5292DE4B7C619D /* registration.c */; };
		D752EB8BA905C25F5E7F2B30 /* ZoomBlurPass.cpp in Sources */ = {isa = PBXBuildFile; fileRef = EF8D27B3DEDC121DE85F5B7B /* ZoomBlurPass.cpp */; };
		DFB75F1EBE744A456AC999F4 /* ContrastPass.cpp in Sources */ = {isa = PBXBuildFile; fileRef = 6788311DC7D945282047837A /* ContrastPass.cpp */; };
		E4328149138ABC9F0047C5CB /* openFrameworksDebug.a in Frameworks */ = {isa = PBXBuildFile; fileRef = E4328148138ABC890047C5CB /* openFrameworksDebug.a */; };
		E45BE97B0E8CC7DD009D7055 /* AGL.framework in Frameworks */ = {isa = PBXBuildFile; fileRef = E45BE9710E8CC7DD009D7055 /* AGL.framework */; };
		E45BE97C0E8CC7DD009D7055 /* ApplicationServices.framework in Frameworks */ = {isa = PBXBuildFile; fileRef = E45BE9720E8CC7DD009D7055 /* ApplicationServices.framework */; };
		E45BE97D0E8CC7DD009D7055 /* AudioToolbox.framework in Frameworks */ = {isa = PBXBuildFile; fileRef = E45BE9730E8CC7DD009D7055 /* AudioToolbox.framework */; };
		E45BE97F0E8CC7DD009D7055 /* CoreAudio.framework in Frameworks */ = {isa = PBXBuildFile; fileRef = E45BE9750E8CC7DD009D7055 /* CoreAudio.framework */; };
		E45BE9800E8CC7DD009D7055 /* CoreFoundation.framework in Frameworks */ = {isa = PBXBuildFile; fileRef = E45BE9760E8CC7DD009D7055 /* CoreFoundation.framework */; };
		E45BE9810E8CC7DD009D7055 /* CoreServices.framework in Frameworks */ = {isa = PBXBuildFile; fileRef = E45BE9770E8CC7DD009D7055 /* CoreServices.framework */; };
		E45BE9830E8CC7DD009D7055 /* OpenGL.framework in Frameworks */ = {isa = PBXBuildFile; fileRef = E45BE9790E8CC7DD009D7055 /* OpenGL.framework */; };
		E45BE9840E8CC7DD009D7055 /* QuickTime.framework in Frameworks */ = {isa = PBXBuildFile; fileRef = E45BE97A0E8CC7DD009D7055 /* QuickTime.framework */; };
		E4797F1786BE22985F7EE55F /* RGBShiftPass.cpp in Sources */ = {isa = PBXBuildFile; fileRef = 5201F6A7A19258B7F1CA2E43 /* RGBShiftPass.cpp */; };
		E4B69E200A3A1BDC003C02F2 /* main.cpp in Sources */ = {isa = PBXBuildFile; fileRef = E4B69E1D0A3A1BDC003C02F2 /* main.cpp */; };
		E4B69E210A3A1BDC003C02F2 /* ofApp.cpp in Sources */ = {isa = PBXBuildFile; fileRef = E4B69E1E0A3A1BDC003C02F2 /* ofApp.cpp */; };
		E4C2424710CC5A17004149E2 /* AppKit.framework in Frameworks */ = {isa = PBXBuildFile; fileRef = E4C2424410CC5A17004149E2 /* AppKit.framework */; };
		E4C2424810CC5A17004149E2 /* Cocoa.framework in Frameworks */ = {isa = PBXBuildFile; fileRef = E4C2424510CC5A17004149E2 /* Cocoa.framework */; };
		E4C2424910CC5A17004149E2 /* IOKit.framework in Frameworks */ = {isa = PBXBuildFile; fileRef = E4C2424610CC5A17004149E2 /* IOKit.framework */; };
		E4EB6799138ADC1D00A09F29 /* GLUT.framework in Frameworks */ = {isa = PBXBuildFile; fileRef = BBAB23BE13894E4700AA2426 /* GLUT.framework */; };
		E55DEEF784A10419E444669E /* flags.c in Sources */ = {isa = PBXBuildFile; fileRef = 682082DEC78C75C8FB18B7DB /* flags.c */; };
		E604675519A97C7F0080FEF9 /* libboost_date_time-xgcc42-mt-1_46_1.a in Frameworks */ = {isa = PBXBuildFile; fileRef = E604469419A97C680080FEF9 /* libboost_date_time-xgcc42-mt-1_46_1.a */; };
		E604675619A97C7F0080FEF9 /* libboost_filesystem-xgcc42-mt-1_46_1.a in Frameworks */ = {isa = PBXBuildFile; fileRef = E604469519A97C680080FEF9 /* libboost_filesystem-xgcc42-mt-1_46_1.a */; };
		E604675719A97C7F0080FEF9 /* libboost_graph-xgcc42-mt-1_46_1.a in Frameworks */ = {isa = PBXBuildFile; fileRef = E604469619A97C680080FEF9 /* libboost_graph-xgcc42-mt-1_46_1.a */; };
		E604675819A97C7F0080FEF9 /* libboost_iostreams-xgcc42-mt-1_46_1.a in Frameworks */ = {isa = PBXBuildFile; fileRef = E604469719A97C680080FEF9 /* libboost_iostreams-xgcc42-mt-1_46_1.a */; };
		E604675919A97C7F0080FEF9 /* libboost_prg_exec_monitor-xgcc42-mt-1_46_1.a in Frameworks */ = {isa = PBXBuildFile; fileRef = E604469819A97C680080FEF9 /* libboost_prg_exec_monitor-xgcc42-mt-1_46_1.a */; };
		E604675A19A97C7F0080FEF9 /* libboost_program_options-xgcc42-mt-1_46_1.a in Frameworks */ = {isa = PBXBuildFile; fileRef = E604469919A97C680080FEF9 /* libboost_program_options-xgcc42-mt-1_46_1.a */; };
		E604675B19A97C7F0080FEF9 /* libboost_python-xgcc42-mt-1_46_1.a in Frameworks */ = {isa = PBXBuildFile; fileRef = E604469A19A97C680080FEF9 /* libboost_python-xgcc42-mt-1_46_1.a */; };
		E604675C19A97C7F0080FEF9 /* libboost_random-xgcc42-mt-1_46_1.a in Frameworks */ = {isa = PBXBuildFile; fileRef = E604469B19A97C680080FEF9 /* libboost_random-xgcc42-mt-1_46_1.a */; };
		E604675D19A97C7F0080FEF9 /* libboost_regex-xgcc42-mt-1_46_1.a in Frameworks */ = {isa = PBXBuildFile; fileRef = E604469C19A97C680080FEF9 /* libboost_regex-xgcc42-mt-1_46_1.a */; };
		E604675E19A97C7F0080FEF9 /* libboost_serialization-xgcc42-mt-1_46_1.a in Frameworks */ = {isa = PBXBuildFile; fileRef = E604469D19A97C680080FEF9 /* libboost_serialization-xgcc42-mt-1_46_1.a */; };
		E604675F19A97C7F0080FEF9 /* libboost_signals-xgcc42-mt-1_46_1.a in Frameworks */ = {isa = PBXBuildFile; fileRef = E604469E19A97C680080FEF9 /* libboost_signals-xgcc42-mt-1_46_1.a */; };
		E604676019A97C7F0080FEF9 /* libboost_system-xgcc42-mt-1_46_1.a in Frameworks */ = {isa = PBXBuildFile; fileRef = E604469F19A97C680080FEF9 /* libboost_system-xgcc42-mt-1_46_1.a */; };
		E604676119A97C7F0080FEF9 /* libboost_test_exec_monitor-xgcc42-mt-1_46_1.a in Frameworks */ = {isa = PBXBuildFile; fileRef = E60446A019A97C680080FEF9 /* libboost_test_exec_monitor-xgcc42-mt-1_46_1.a */; };
		E604676219A97C7F0080FEF9 /* libboost_thread-xgcc42-mt-1_46_1.a in Frameworks */ = {isa = PBXBuildFile; fileRef = E60446A119A97C680080FEF9 /* libboost_thread-xgcc42-mt-1_46_1.a */; };
		E604676319A97C7F0080FEF9 /* libboost_unit_test_framework-xgcc42-mt-1_46_1.a in Frameworks */ = {isa = PBXBuildFile; fileRef = E60446A219A97C680080FEF9 /* libboost_unit_test_framework-xgcc42-mt-1_46_1.a */; };
		E604676419A97C7F0080FEF9 /* libboost_wave-xgcc42-mt-1_46_1.a in Frameworks */ = {isa = PBXBuildFile; fileRef = E60446A319A97C680080FEF9 /* libboost_wave-xgcc42-mt-1_46_1.a */; };
		E604676519A97C7F0080FEF9 /* libboost_wserialization-xgcc42-mt-1_46_1.a in Frameworks */ = {isa = PBXBuildFile; fileRef = E60446A419A97C680080FEF9 /* libboost_wserialization-xgcc42-mt-1_46_1.a */; };
		E60467B419AADDB60080FEF9 /* glm.c in Sources */ = {isa = PBXBuildFile; fileRef = E60467AA19AADDB60080FEF9 /* glm.c */; };
		E60467B519AADDB60080FEF9 /* ofxObjLoader.cpp in Sources */ = {isa = PBXBuildFile; fileRef = E60467AE19AADDB60080FEF9 /* ofxObjLoader.cpp */; };
		E65BF6CB19ABA8700065ADAB /* Syphon.framework in Frameworks */ = {isa = PBXBuildFile; fileRef = E65BF6B919ABA8700065ADAB /* Syphon.framework */; };
		E65BF6CC19ABA8700065ADAB /* SyphonNameboundClient.m in Sources */ = {isa = PBXBuildFile; fileRef = E65BF6BC19ABA8700065ADAB /* SyphonNameboundClient.m */; };
		E65BF6CD19ABA8700065ADAB /* ofxSyphonClient.mm in Sources */ = {isa = PBXBuildFile; fileRef = E65BF6C219ABA8700065ADAB /* ofxSyphonClient.mm */; };
		E65BF6CE19ABA8700065ADAB /* ofxSyphonServer.mm in Sources */ = {isa = PBXBuildFile; fileRef = E65BF6C419ABA8700065ADAB /* ofxSyphonServer.mm */; };
		E65BF6CF19ABA8700065ADAB /* ofxSyphonServerDirectory.mm in Sources */ = {isa = PBXBuildFile; fileRef = E65BF6C619ABA8700065ADAB /* ofxSyphonServerDirectory.mm */; };
		E65BF6D619ABB06E0065ADAB /* Syphon.framework in CopyFiles */ = {isa = PBXBuildFile; fileRef = E65BF6B919ABA8700065ADAB /* Syphon.framework */; };
		E6DFE40119A2B323001F38D5 /* ofxBaseGui.cpp in Sources */ = {isa = PBXBuildFile; fileRef = E6DFE3F019A2B323001F38D5 /* ofxBaseGui.cpp */; };
		E6DFE40219A2B323001F38D5 /* ofxButton.cpp in Sources */ = {isa = PBXBuildFile; fileRef = E6DFE3F219A2B323001F38D5 /* ofxButton.cpp */; };
		E6DFE40319A2B323001F38D5 /* ofxGuiGroup.cpp in Sources */ = {isa = PBXBuildFile; fileRef = E6DFE3F519A2B323001F38D5 /* ofxGuiGroup.cpp */; };
		E6DFE40419A2B323001F38D5 /* ofxLabel.cpp in Sources */ = {isa = PBXBuildFile; fileRef = E6DFE3F719A2B323001F38D5 /* ofxLabel.cpp */; };
		E6DFE40519A2B323001F38D5 /* ofxPanel.cpp in Sources */ = {isa = PBXBuildFile; fileRef = E6DFE3F919A2B323001F38D5 /* ofxPanel.cpp */; };
		E6DFE40619A2B323001F38D5 /* ofxSlider.cpp in Sources */ = {isa = PBXBuildFile; fileRef = E6DFE3FB19A2B323001F38D5 /* ofxSlider.cpp */; };
		E6DFE40719A2B323001F38D5 /* ofxSliderGroup.cpp in Sources */ = {isa = PBXBuildFile; fileRef = E6DFE3FD19A2B323001F38D5 /* ofxSliderGroup.cpp */; };
		E6DFE40819A2B323001F38D5 /* ofxToggle.cpp in Sources */ = {isa = PBXBuildFile; fileRef = E6DFE3FF19A2B323001F38D5 /* ofxToggle.cpp */; };
		E7E077E515D3B63C0020DFD4 /* CoreVideo.framework in Frameworks */ = {isa = PBXBuildFile; fileRef = E7E077E415D3B63C0020DFD4 /* CoreVideo.framework */; };
		E7E077E815D3B6510020DFD4 /* QTKit.framework in Frameworks */ = {isa = PBXBuildFile; fileRef = E7E077E715D3B6510020DFD4 /* QTKit.framework */; };
		E7F985F815E0DEA3003869B5 /* Accelerate.framework in Frameworks */ = {isa = PBXBuildFile; fileRef = E7F985F515E0DE99003869B5 /* Accelerate.framework */; };
		F4135EEFC911E9ED211FB6F9 /* core.c in Sources */ = {isa = PBXBuildFile; fileRef = CF528C0E8DBFF5C31E8D6529 /* core.c */; };
		FCC16AB16073FF0581F50ED7 /* loader.c in Sources */ = {isa = PBXBuildFile; fileRef = FE25F20F363BC625B852BFBC /* loader.c */; };
/* End PBXBuildFile section */

/* Begin PBXContainerItemProxy section */
		E4328147138ABC890047C5CB /* PBXContainerItemProxy */ = {
			isa = PBXContainerItemProxy;
			containerPortal = E4328143138ABC890047C5CB /* openFrameworksLib.xcodeproj */;
			proxyType = 2;
			remoteGlobalIDString = E4B27C1510CBEB8E00536013;
			remoteInfo = openFrameworks;
		};
		E4EEB9AB138B136A00A80321 /* PBXContainerItemProxy */ = {
			isa = PBXContainerItemProxy;
			containerPortal = E4328143138ABC890047C5CB /* openFrameworksLib.xcodeproj */;
			proxyType = 1;
			remoteGlobalIDString = E4B27C1410CBEB8E00536013;
			remoteInfo = openFrameworks;
		};
/* End PBXContainerItemProxy section */

/* Begin PBXCopyFilesBuildPhase section */
		E4C2427710CC5ABF004149E2 /* CopyFiles */ = {
			isa = PBXCopyFilesBuildPhase;
			buildActionMask = 2147483647;
			dstPath = "";
			dstSubfolderSpec = 10;
			files = (
				E65BF6D619ABB06E0065ADAB /* Syphon.framework in CopyFiles */,
				BBAB23CB13894F3D00AA2426 /* GLUT.framework in CopyFiles */,
			);
			runOnlyForDeploymentPostprocessing = 0;
		};
/* End PBXCopyFilesBuildPhase section */

/* Begin PBXFileReference section */
		01438542609FC64F1EC60EEB /* ofxKinectExtras.cpp */ = {isa = PBXFileReference; explicitFileType = sourcecode.cpp.cpp; fileEncoding = 30; name = ofxKinectExtras.cpp; path = ../../../addons/ofxKinect/src/extra/ofxKinectExtras.cpp; sourceTree = SOURCE_ROOT; };
		0217829E621698E1FD8D9876 /* EdgePass.h */ = {isa = PBXFileReference; explicitFileType = sourcecode.c.h; fileEncoding = 30; name = EdgePass.h; path = ../../../addons/ofxPostProcessing/src/EdgePass.h; sourceTree = SOURCE_ROOT; };
		03A9E977F3814A55A4FA3B4E /* ofxKinectExtras.h */ = {isa = PBXFileReference; explicitFileType = sourcecode.c.h; fileEncoding = 30; name = ofxKinectExtras.h; path = ../../../addons/ofxKinect/src/extra/ofxKinectExtras.h; sourceTree = SOURCE_ROOT; };
		044D4B2A1A607F88FEF2B610 /* ConvolutionPass.h */ = {isa = PBXFileReference; explicitFileType = sourcecode.c.h; fileEncoding = 30; name = ConvolutionPass.h; path = ../../../addons/ofxPostProcessing/src/ConvolutionPass.h; sourceTree = SOURCE_ROOT; };
		0453A7C309E8AE8F8C1CC6E8 /* DofPass.h */ = {isa = PBXFileReference; explicitFileType = sourcecode.c.h; fileEncoding = 30; name = DofPass.h; path = ../../../addons/ofxPostProcessing/src/DofPass.h; sourceTree = SOURCE_ROOT; };
		093C9EBFCAB5D2649ACF4D0C /* loader.h */ = {isa = PBXFileReference; explicitFileType = sourcecode.c.h; fileEncoding = 30; name = loader.h; path = ../../../addons/ofxKinect/libs/libfreenect/src/loader.h; sourceTree = SOURCE_ROOT; };
		0AC8B4DE8CD341280FDE798A /* EdgePass.cpp */ = {isa = PBXFileReference; explicitFileType = sourcecode.cpp.cpp; fileEncoding = 30; name = EdgePass.cpp; path = ../../../addons/ofxPostProcessing/src/EdgePass.cpp; sourceTree = SOURCE_ROOT; };
		0BC82FF9BACF54030E42E808 /* RGBShiftPass.h */ = {isa = PBXFileReference; explicitFileType = sourcecode.c.h; fileEncoding = 30; name = RGBShiftPass.h; path = ../../../addons/ofxPostProcessing/src/RGBShiftPass.h; sourceTree = SOURCE_ROOT; };
		0D811F3E1817C17351F97CCF /* BleachBypassPass.h */ = {isa = PBXFileReference; explicitFileType = sourcecode.c.h; fileEncoding = 30; name = BleachBypassPass.h; path = ../../../addons/ofxPostProcessing/src/BleachBypassPass.h; sourceTree = SOURCE_ROOT; };
		108C4DB0C398388D00027091 /* KaleidoscopePass.cpp */ = {isa = PBXFileReference; explicitFileType = sourcecode.cpp.cpp; fileEncoding = 30; name = KaleidoscopePass.cpp; path = ../../../addons/ofxPostProcessing/src/KaleidoscopePass.cpp; sourceTree = SOURCE_ROOT; };
		14F8B4286F653202B881D865 /* ToonPass.h */ = {isa = PBXFileReference; explicitFileType = sourcecode.c.h; fileEncoding = 30; name = ToonPass.h; path = ../../../addons/ofxPostProcessing/src/ToonPass.h; sourceTree = SOURCE_ROOT; };
		241AAF7769D555E4ECD57E17 /* cameras.h */ = {isa = PBXFileReference; explicitFileType = sourcecode.c.h; fileEncoding = 30; name = cameras.h; path = ../../../addons/ofxKinect/libs/libfreenect/src/cameras.h; sourceTree = SOURCE_ROOT; };
		28F9707464BA3FF98E05096C /* usb_libusb10.c */ = {isa = PBXFileReference; explicitFileType = sourcecode.c.c; fileEncoding = 30; name = usb_libusb10.c; path = ../../../addons/ofxKinect/libs/libfreenect/src/usb_libusb10.c; sourceTree = SOURCE_ROOT; };
		2BE782D7AEC00E59BE1F567F /* VerticalTiltShifPass.h */ = {isa = PBXFileReference; explicitFileType = sourcecode.c.h; fileEncoding = 30; name = VerticalTiltShifPass.h; path = ../../../addons/ofxPostProcessing/src/VerticalTiltShifPass.h; sourceTree = SOURCE_ROOT; };
		2C2B73DCDAF417A486A343EF /* VerticalTiltShifPass.cpp */ = {isa = PBXFileReference; explicitFileType = sourcecode.cpp.cpp; fileEncoding = 30; name = VerticalTiltShifPass.cpp; path = ../../../addons/ofxPostProcessing/src/VerticalTiltShifPass.cpp; sourceTree = SOURCE_ROOT; };
		2C93371FF2466553B4DA1D0B /* Delaunay.cpp */ = {isa = PBXFileReference; explicitFileType = sourcecode.cpp.cpp; fileEncoding = 30; name = Delaunay.cpp; path = ../../../addons/ofxDelaunay/libs/Delaunay/Delaunay.cpp; sourceTree = SOURCE_ROOT; };
		3175B69741F3AE805AD3F527 /* keep_alive.h */ = {isa = PBXFileReference; explicitFileType = sourcecode.c.h; fileEncoding = 30; name = keep_alive.h; path = ../../../addons/ofxKinect/libs/libfreenect/src/keep_alive.h; sourceTree = SOURCE_ROOT; };
		34FC4C582EA5ED68F36013CD /* audio.c */ = {isa = PBXFileReference; explicitFileType = sourcecode.c.c; fileEncoding = 30; name = audio.c; path = ../../../addons/ofxKinect/libs/libfreenect/src/audio.c; sourceTree = SOURCE_ROOT; };
		3AACD9661AF21261E24A05A4 /* ConvolutionPass.cpp */ = {isa = PBXFileReference; explicitFileType = sourcecode.cpp.cpp; fileEncoding = 30; name = ConvolutionPass.cpp; path = ../../../addons/ofxPostProcessing/src/ConvolutionPass.cpp; sourceTree = SOURCE_ROOT; };
		3C39EA8CB1911093FD56F9ED /* HorizontalTiltShifPass.h */ = {isa = PBXFileReference; explicitFileType = sourcecode.c.h; fileEncoding = 30; name = HorizontalTiltShifPass.h; path = ../../../addons/ofxPostProcessing/src/HorizontalTiltShifPass.h; sourceTree = SOURCE_ROOT; };
		3CABCA8EA52D11C95F7A1309 /* registration.h */ = {isa = PBXFileReference; explicitFileType = sourcecode.c.h; fileEncoding = 30; name = registration.h; path = ../../../addons/ofxKinect/libs/libfreenect/src/registration.h; sourceTree = SOURCE_ROOT; };
		3DBD37876A11E46E4D7069B3 /* cameras.c */ = {isa = PBXFileReference; explicitFileType = sourcecode.c.c; fileEncoding = 30; name = cameras.c; path = ../../../addons/ofxKinect/libs/libfreenect/src/cameras.c; sourceTree = SOURCE_ROOT; };
		44EF97BDD915E758777A9A8C /* ofxKinect.h */ = {isa = PBXFileReference; explicitFileType = sourcecode.c.h; fileEncoding = 30; name = ofxKinect.h; path = ../../../addons/ofxKinect/src/ofxKinect.h; sourceTree = SOURCE_ROOT; };
		484F662699DFE8176E1B750F /* PostProcessing.cpp */ = {isa = PBXFileReference; explicitFileType = sourcecode.cpp.cpp; fileEncoding = 30; name = PostProcessing.cpp; path = ../../../addons/ofxPostProcessing/src/PostProcessing.cpp; sourceTree = SOURCE_ROOT; };
		48E4AC9F455A87F0448C70B2 /* ofxPostProcessing.h */ = {isa = PBXFileReference; explicitFileType = sourcecode.c.h; fileEncoding = 30; name = ofxPostProcessing.h; path = ../../../addons/ofxPostProcessing/src/ofxPostProcessing.h; sourceTree = SOURCE_ROOT; };
		49CAE27DC1D138037CF88ACF /* FxaaPass.h */ = {isa = PBXFileReference; explicitFileType = sourcecode.c.h; fileEncoding = 30; name = FxaaPass.h; path = ../../../addons/ofxPostProcessing/src/FxaaPass.h; sourceTree = SOURCE_ROOT; };
		50800DAB6C4B18E4F92166FC /* KaleidoscopePass.h */ = {isa = PBXFileReference; explicitFileType = sourcecode.c.h; fileEncoding = 30; name = KaleidoscopePass.h; path = ../../../addons/ofxPostProcessing/src/KaleidoscopePass.h; sourceTree = SOURCE_ROOT; };
		5201F6A7A19258B7F1CA2E43 /* RGBShiftPass.cpp */ = {isa = PBXFileReference; explicitFileType = sourcecode.cpp.cpp; fileEncoding = 30; name = RGBShiftPass.cpp; path = ../../../addons/ofxPostProcessing/src/RGBShiftPass.cpp; sourceTree = SOURCE_ROOT; };
		54F36382628E4D0FF07206D7 /* RenderPass.cpp */ = {isa = PBXFileReference; explicitFileType = sourcecode.cpp.cpp; fileEncoding = 30; name = RenderPass.cpp; path = ../../../addons/ofxPostProcessing/src/RenderPass.cpp; sourceTree = SOURCE_ROOT; };
		5BC56A60E911F7488A58830A /* NoiseWarpPass.cpp */ = {isa = PBXFileReference; explicitFileType = sourcecode.cpp.cpp; fileEncoding = 30; name = NoiseWarpPass.cpp; path = ../../../addons/ofxPostProcessing/src/NoiseWarpPass.cpp; sourceTree = SOURCE_ROOT; };
		6788311DC7D945282047837A /* ContrastPass.cpp */ = {isa = PBXFileReference; explicitFileType = sourcecode.cpp.cpp; fileEncoding = 30; name = ContrastPass.cpp; path = ../../../addons/ofxPostProcessing/src/ContrastPass.cpp; sourceTree = SOURCE_ROOT; };
		682082DEC78C75C8FB18B7DB /* flags.c */ = {isa = PBXFileReference; explicitFileType = sourcecode.c.c; fileEncoding = 30; name = flags.c; path = ../../../addons/ofxKinect/libs/libfreenect/src/flags.c; sourceTree = SOURCE_ROOT; };
		6AF187A99EECFB13E3BCCD33 /* LimbDarkeningPass.h */ = {isa = PBXFileReference; explicitFileType = sourcecode.c.h; fileEncoding = 30; name = LimbDarkeningPass.h; path = ../../../addons/ofxPostProcessing/src/LimbDarkeningPass.h; sourceTree = SOURCE_ROOT; };
		6BBE5C9251660EA96B398017 /* SSAOPass.h */ = {isa = PBXFileReference; explicitFileType = sourcecode.c.h; fileEncoding = 30; name = SSAOPass.h; path = ../../../addons/ofxPostProcessing/src/SSAOPass.h; sourceTree = SOURCE_ROOT; };
		6F930947CA4BCA2665A4F4E8 /* libfreenect_audio.h */ = {isa = PBXFileReference; explicitFileType = sourcecode.c.h; fileEncoding = 30; name = libfreenect_audio.h; path = ../../../addons/ofxKinect/libs/libfreenect/include/libfreenect_audio.h; sourceTree = SOURCE_ROOT; };
		71958293AC5292DE4B7C619D /* registration.c */ = {isa = PBXFileReference; explicitFileType = sourcecode.c.c; fileEncoding = 30; name = registration.c; path = ../../../addons/ofxKinect/libs/libfreenect/src/registration.c; sourceTree = SOURCE_ROOT; };
		7462D018F6D6E407E598A021 /* PixelatePass.cpp */ = {isa = PBXFileReference; explicitFileType = sourcecode.cpp.cpp; fileEncoding = 30; name = PixelatePass.cpp; path = ../../../addons/ofxPostProcessing/src/PixelatePass.cpp; sourceTree = SOURCE_ROOT; };
		74BDDD14F49833AD24862E87 /* RimHighlightingPass.cpp */ = {isa = PBXFileReference; explicitFileType = sourcecode.cpp.cpp; fileEncoding = 30; name = RimHighlightingPass.cpp; path = ../../../addons/ofxPostProcessing/src/RimHighlightingPass.cpp; sourceTree = SOURCE_ROOT; };
		7ED9FFC7D08DA194C2CE7D09 /* ofxKinect.cpp */ = {isa = PBXFileReference; explicitFileType = sourcecode.cpp.cpp; fileEncoding = 30; name = ofxKinect.cpp; path = ../../../addons/ofxKinect/src/ofxKinect.cpp; sourceTree = SOURCE_ROOT; };
		83C70000C4AE60283CC77EB9 /* freenect_internal.h */ = {isa = PBXFileReference; explicitFileType = sourcecode.c.h; fileEncoding = 30; name = freenect_internal.h; path = ../../../addons/ofxKinect/libs/libfreenect/src/freenect_internal.h; sourceTree = SOURCE_ROOT; };
		8AA89AFF4E71C7EC510642B7 /* ofxDelaunay.h */ = {isa = PBXFileReference; explicitFileType = sourcecode.c.h; fileEncoding = 30; name = ofxDelaunay.h; path = ../../../addons/ofxDelaunay/src/ofxDelaunay.h; sourceTree = SOURCE_ROOT; };
		8B25248CC7F2228B1CEF2EB1 /* libusb.h */ = {isa = PBXFileReference; explicitFileType = sourcecode.c.h; fileEncoding = 30; name = libusb.h; path = "../../../addons/ofxKinect/libs/libusb-1.0/include/libusb-1.0/libusb.h"; sourceTree = SOURCE_ROOT; };
		91F91C3BEAD0B3C2B92BB9A5 /* DofAltPass.cpp */ = {isa = PBXFileReference; explicitFileType = sourcecode.cpp.cpp; fileEncoding = 30; name = DofAltPass.cpp; path = ../../../addons/ofxPostProcessing/src/DofAltPass.cpp; sourceTree = SOURCE_ROOT; };
		9222AE2464AE1CF72876A4ED /* LimbDarkeningPass.cpp */ = {isa = PBXFileReference; explicitFileType = sourcecode.cpp.cpp; fileEncoding = 30; name = LimbDarkeningPass.cpp; path = ../../../addons/ofxPostProcessing/src/LimbDarkeningPass.cpp; sourceTree = SOURCE_ROOT; };
		9425843AEC3118B8FDEF1B0B /* FxaaPass.cpp */ = {isa = PBXFileReference; explicitFileType = sourcecode.cpp.cpp; fileEncoding = 30; name = FxaaPass.cpp; path = ../../../addons/ofxPostProcessing/src/FxaaPass.cpp; sourceTree = SOURCE_ROOT; };
		9AACF31BAE533E8F81AD4043 /* LUTPass.h */ = {isa = PBXFileReference; explicitFileType = sourcecode.c.h; fileEncoding = 30; name = LUTPass.h; path = ../../../addons/ofxPostProcessing/src/LUTPass.h; sourceTree = SOURCE_ROOT; };
		A3528DDFF05B00283552455D /* keep_alive.c */ = {isa = PBXFileReference; explicitFileType = sourcecode.c.c; fileEncoding = 30; name = keep_alive.c; path = ../../../addons/ofxKinect/libs/libfreenect/src/keep_alive.c; sourceTree = SOURCE_ROOT; };
		B2F3289AB405C5BB496FC247 /* PixelatePass.h */ = {isa = PBXFileReference; explicitFileType = sourcecode.c.h; fileEncoding = 30; name = PixelatePass.h; path = ../../../addons/ofxPostProcessing/src/PixelatePass.h; sourceTree = SOURCE_ROOT; };
		B4A0A006318C06E07DDF19D6 /* usb_libusb10.h */ = {isa = PBXFileReference; explicitFileType = sourcecode.c.h; fileEncoding = 30; name = usb_libusb10.h; path = ../../../addons/ofxKinect/libs/libfreenect/src/usb_libusb10.h; sourceTree = SOURCE_ROOT; };
		B5CEF0B83529626C7E8410B7 /* BloomPass.h */ = {isa = PBXFileReference; explicitFileType = sourcecode.c.h; fileEncoding = 30; name = BloomPass.h; path = ../../../addons/ofxPostProcessing/src/BloomPass.h; sourceTree = SOURCE_ROOT; };
		B8A2CBF3E24E6E5026B13A90 /* ofxBase3DVideo.h */ = {isa = PBXFileReference; explicitFileType = sourcecode.c.h; fileEncoding = 30; name = ofxBase3DVideo.h; path = ../../../addons/ofxKinect/src/ofxBase3DVideo.h; sourceTree = SOURCE_ROOT; };
		BAA4E229C246D7B615917505 /* ZoomBlurPass.h */ = {isa = PBXFileReference; explicitFileType = sourcecode.c.h; fileEncoding = 30; name = ZoomBlurPass.h; path = ../../../addons/ofxPostProcessing/src/ZoomBlurPass.h; sourceTree = SOURCE_ROOT; };
		BBAB23BE13894E4700AA2426 /* GLUT.framework */ = {isa = PBXFileReference; lastKnownFileType = wrapper.framework; name = GLUT.framework; path = ../../../libs/glut/lib/osx/GLUT.framework; sourceTree = "<group>"; };
		BBE3E908E4BB3468853C50ED /* ofxDelaunay.cpp */ = {isa = PBXFileReference; explicitFileType = sourcecode.cpp.cpp; fileEncoding = 30; name = ofxDelaunay.cpp; path = ../../../addons/ofxDelaunay/src/ofxDelaunay.cpp; sourceTree = SOURCE_ROOT; };
		BF2F2AA872288D30F53983EF /* tilt.c */ = {isa = PBXFileReference; explicitFileType = sourcecode.c.c; fileEncoding = 30; name = tilt.c; path = ../../../addons/ofxKinect/libs/libfreenect/src/tilt.c; sourceTree = SOURCE_ROOT; };
		C07AAE715D8853EDA76BC909 /* GodRaysPass.cpp */ = {isa = PBXFileReference; explicitFileType = sourcecode.cpp.cpp; fileEncoding = 30; name = GodRaysPass.cpp; path = ../../../addons/ofxPostProcessing/src/GodRaysPass.cpp; sourceTree = SOURCE_ROOT; };
		C127DCF305861E6D5D6332E6 /* SSAOPass.cpp */ = {isa = PBXFileReference; explicitFileType = sourcecode.cpp.cpp; fileEncoding = 30; name = SSAOPass.cpp; path = ../../../addons/ofxPostProcessing/src/SSAOPass.cpp; sourceTree = SOURCE_ROOT; };
		C5313A8CC477A5ECC0A7E4E8 /* BleachBypassPass.cpp */ = {isa = PBXFileReference; explicitFileType = sourcecode.cpp.cpp; fileEncoding = 30; name = BleachBypassPass.cpp; path = ../../../addons/ofxPostProcessing/src/BleachBypassPass.cpp; sourceTree = SOURCE_ROOT; };
		C64B88209AF231B4FC8B4056 /* FakeSSSPass.cpp */ = {isa = PBXFileReference; explicitFileType = sourcecode.cpp.cpp; fileEncoding = 30; name = FakeSSSPass.cpp; path = ../../../addons/ofxPostProcessing/src/FakeSSSPass.cpp; sourceTree = SOURCE_ROOT; };
		C69CBE4E4FA9530657A6CD23 /* FakeSSSPass.h */ = {isa = PBXFileReference; explicitFileType = sourcecode.c.h; fileEncoding = 30; name = FakeSSSPass.h; path = ../../../addons/ofxPostProcessing/src/FakeSSSPass.h; sourceTree = SOURCE_ROOT; };
		CC725CAE0A003458E5573DF9 /* GodRaysPass.h */ = {isa = PBXFileReference; explicitFileType = sourcecode.c.h; fileEncoding = 30; name = GodRaysPass.h; path = ../../../addons/ofxPostProcessing/src/GodRaysPass.h; sourceTree = SOURCE_ROOT; };
		CF528C0E8DBFF5C31E8D6529 /* core.c */ = {isa = PBXFileReference; explicitFileType = sourcecode.c.c; fileEncoding = 30; name = core.c; path = ../../../addons/ofxKinect/libs/libfreenect/src/core.c; sourceTree = SOURCE_ROOT; };
		D097EE679E29AD7B5E2CDFCD /* flags.h */ = {isa = PBXFileReference; explicitFileType = sourcecode.c.h; fileEncoding = 30; name = flags.h; path = ../../../addons/ofxKinect/libs/libfreenect/src/flags.h; sourceTree = SOURCE_ROOT; };
		D41ED8C8083845703AA1FDFA /* BloomPass.cpp */ = {isa = PBXFileReference; explicitFileType = sourcecode.cpp.cpp; fileEncoding = 30; name = BloomPass.cpp; path = ../../../addons/ofxPostProcessing/src/BloomPass.cpp; sourceTree = SOURCE_ROOT; };
		DACACDF2F37260A0BFF826E2 /* PostProcessing.h */ = {isa = PBXFileReference; explicitFileType = sourcecode.c.h; fileEncoding = 30; name = PostProcessing.h; path = ../../../addons/ofxPostProcessing/src/PostProcessing.h; sourceTree = SOURCE_ROOT; };
		E4328143138ABC890047C5CB /* openFrameworksLib.xcodeproj */ = {isa = PBXFileReference; lastKnownFileType = "wrapper.pb-project"; name = openFrameworksLib.xcodeproj; path = ../../../libs/openFrameworksCompiled/project/osx/openFrameworksLib.xcodeproj; sourceTree = SOURCE_ROOT; };
		E45BE9710E8CC7DD009D7055 /* AGL.framework */ = {isa = PBXFileReference; lastKnownFileType = wrapper.framework; name = AGL.framework; path = /System/Library/Frameworks/AGL.framework; sourceTree = "<absolute>"; };
		E45BE9720E8CC7DD009D7055 /* ApplicationServices.framework */ = {isa = PBXFileReference; lastKnownFileType = wrapper.framework; name = ApplicationServices.framework; path = /System/Library/Frameworks/ApplicationServices.framework; sourceTree = "<absolute>"; };
		E45BE9730E8CC7DD009D7055 /* AudioToolbox.framework */ = {isa = PBXFileReference; lastKnownFileType = wrapper.framework; name = AudioToolbox.framework; path = /System/Library/Frameworks/AudioToolbox.framework; sourceTree = "<absolute>"; };
		E45BE9750E8CC7DD009D7055 /* CoreAudio.framework */ = {isa = PBXFileReference; lastKnownFileType = wrapper.framework; name = CoreAudio.framework; path = /System/Library/Frameworks/CoreAudio.framework; sourceTree = "<absolute>"; };
		E45BE9760E8CC7DD009D7055 /* CoreFoundation.framework */ = {isa = PBXFileReference; lastKnownFileType = wrapper.framework; name = CoreFoundation.framework; path = /System/Library/Frameworks/CoreFoundation.framework; sourceTree = "<absolute>"; };
		E45BE9770E8CC7DD009D7055 /* CoreServices.framework */ = {isa = PBXFileReference; lastKnownFileType = wrapper.framework; name = CoreServices.framework; path = /System/Library/Frameworks/CoreServices.framework; sourceTree = "<absolute>"; };
		E45BE9790E8CC7DD009D7055 /* OpenGL.framework */ = {isa = PBXFileReference; lastKnownFileType = wrapper.framework; name = OpenGL.framework; path = /System/Library/Frameworks/OpenGL.framework; sourceTree = "<absolute>"; };
		E45BE97A0E8CC7DD009D7055 /* QuickTime.framework */ = {isa = PBXFileReference; lastKnownFileType = wrapper.framework; name = QuickTime.framework; path = /System/Library/Frameworks/QuickTime.framework; sourceTree = "<absolute>"; };
		E4B69B5B0A3A1756003C02F2 /* KinectDelaunayDebug.app */ = {isa = PBXFileReference; explicitFileType = wrapper.application; includeInIndex = 0; name = KinectDelaunayDebug.app; path = KinectToObjDebug.app; sourceTree = BUILT_PRODUCTS_DIR; };
		E4B69E1D0A3A1BDC003C02F2 /* main.cpp */ = {isa = PBXFileReference; fileEncoding = 30; lastKnownFileType = sourcecode.cpp.cpp; name = main.cpp; path = src/main.cpp; sourceTree = SOURCE_ROOT; };
		E4B69E1E0A3A1BDC003C02F2 /* ofApp.cpp */ = {isa = PBXFileReference; explicitFileType = sourcecode.cpp.cpp; fileEncoding = 30; name = ofApp.cpp; path = src/ofApp.cpp; sourceTree = SOURCE_ROOT; };
		E4B69E1F0A3A1BDC003C02F2 /* ofApp.h */ = {isa = PBXFileReference; fileEncoding = 30; lastKnownFileType = sourcecode.c.h; name = ofApp.h; path = src/ofApp.h; sourceTree = SOURCE_ROOT; };
		E4B6FCAD0C3E899E008CF71C /* openFrameworks-Info.plist */ = {isa = PBXFileReference; fileEncoding = 30; lastKnownFileType = text.plist.xml; path = "openFrameworks-Info.plist"; sourceTree = "<group>"; };
		E4C2424410CC5A17004149E2 /* AppKit.framework */ = {isa = PBXFileReference; lastKnownFileType = wrapper.framework; name = AppKit.framework; path = /System/Library/Frameworks/AppKit.framework; sourceTree = "<absolute>"; };
		E4C2424510CC5A17004149E2 /* Cocoa.framework */ = {isa = PBXFileReference; lastKnownFileType = wrapper.framework; name = Cocoa.framework; path = /System/Library/Frameworks/Cocoa.framework; sourceTree = "<absolute>"; };
		E4C2424610CC5A17004149E2 /* IOKit.framework */ = {isa = PBXFileReference; lastKnownFileType = wrapper.framework; name = IOKit.framework; path = /System/Library/Frameworks/IOKit.framework; sourceTree = "<absolute>"; };
		E4EB691F138AFCF100A09F29 /* CoreOF.xcconfig */ = {isa = PBXFileReference; fileEncoding = 4; lastKnownFileType = text.xcconfig; name = CoreOF.xcconfig; path = ../../../libs/openFrameworksCompiled/project/osx/CoreOF.xcconfig; sourceTree = SOURCE_ROOT; };
		E4EB6923138AFD0F00A09F29 /* Project.xcconfig */ = {isa = PBXFileReference; fileEncoding = 4; lastKnownFileType = text.xcconfig; path = Project.xcconfig; sourceTree = "<group>"; };
		E547AB568F5E5027A880C47C /* ToonPass.cpp */ = {isa = PBXFileReference; explicitFileType = sourcecode.cpp.cpp; fileEncoding = 30; name = ToonPass.cpp; path = ../../../addons/ofxPostProcessing/src/ToonPass.cpp; sourceTree = SOURCE_ROOT; };
		E5565AD6CF66D6A14BDF7EA1 /* Delaunay.h */ = {isa = PBXFileReference; explicitFileType = sourcecode.c.h; fileEncoding = 30; name = Delaunay.h; path = ../../../addons/ofxDelaunay/libs/Delaunay/Delaunay.h; sourceTree = SOURCE_ROOT; };
		E5F13FDAE691A5804F4D2DDB /* libfreenect.h */ = {isa = PBXFileReference; explicitFileType = sourcecode.c.h; fileEncoding = 30; name = libfreenect.h; path = ../../../addons/ofxKinect/libs/libfreenect/include/libfreenect.h; sourceTree = SOURCE_ROOT; };
		E604468E19A97A830080FEF9 /* ObjExporter.h */ = {isa = PBXFileReference; fileEncoding = 4; lastKnownFileType = sourcecode.c.h; path = ObjExporter.h; sourceTree = "<group>"; };
		E604469119A97C680080FEF9 /* .gitignore */ = {isa = PBXFileReference; fileEncoding = 4; lastKnownFileType = text; path = .gitignore; sourceTree = "<group>"; };
		E604469419A97C680080FEF9 /* libboost_date_time-xgcc42-mt-1_46_1.a */ = {isa = PBXFileReference; lastKnownFileType = archive.ar; path = "libboost_date_time-xgcc42-mt-1_46_1.a"; sourceTree = "<group>"; };
		E604469519A97C680080FEF9 /* libboost_filesystem-xgcc42-mt-1_46_1.a */ = {isa = PBXFileReference; lastKnownFileType = archive.ar; path = "libboost_filesystem-xgcc42-mt-1_46_1.a"; sourceTree = "<group>"; };
		E604469619A97C680080FEF9 /* libboost_graph-xgcc42-mt-1_46_1.a */ = {isa = PBXFileReference; lastKnownFileType = archive.ar; path = "libboost_graph-xgcc42-mt-1_46_1.a"; sourceTree = "<group>"; };
		E604469719A97C680080FEF9 /* libboost_iostreams-xgcc42-mt-1_46_1.a */ = {isa = PBXFileReference; lastKnownFileType = archive.ar; path = "libboost_iostreams-xgcc42-mt-1_46_1.a"; sourceTree = "<group>"; };
		E604469819A97C680080FEF9 /* libboost_prg_exec_monitor-xgcc42-mt-1_46_1.a */ = {isa = PBXFileReference; lastKnownFileType = archive.ar; path = "libboost_prg_exec_monitor-xgcc42-mt-1_46_1.a"; sourceTree = "<group>"; };
		E604469919A97C680080FEF9 /* libboost_program_options-xgcc42-mt-1_46_1.a */ = {isa = PBXFileReference; lastKnownFileType = archive.ar; path = "libboost_program_options-xgcc42-mt-1_46_1.a"; sourceTree = "<group>"; };
		E604469A19A97C680080FEF9 /* libboost_python-xgcc42-mt-1_46_1.a */ = {isa = PBXFileReference; lastKnownFileType = archive.ar; path = "libboost_python-xgcc42-mt-1_46_1.a"; sourceTree = "<group>"; };
		E604469B19A97C680080FEF9 /* libboost_random-xgcc42-mt-1_46_1.a */ = {isa = PBXFileReference; lastKnownFileType = archive.ar; path = "libboost_random-xgcc42-mt-1_46_1.a"; sourceTree = "<group>"; };
		E604469C19A97C680080FEF9 /* libboost_regex-xgcc42-mt-1_46_1.a */ = {isa = PBXFileReference; lastKnownFileType = archive.ar; path = "libboost_regex-xgcc42-mt-1_46_1.a"; sourceTree = "<group>"; };
		E604469D19A97C680080FEF9 /* libboost_serialization-xgcc42-mt-1_46_1.a */ = {isa = PBXFileReference; lastKnownFileType = archive.ar; path = "libboost_serialization-xgcc42-mt-1_46_1.a"; sourceTree = "<group>"; };
		E604469E19A97C680080FEF9 /* libboost_signals-xgcc42-mt-1_46_1.a */ = {isa = PBXFileReference; lastKnownFileType = archive.ar; path = "libboost_signals-xgcc42-mt-1_46_1.a"; sourceTree = "<group>"; };
		E604469F19A97C680080FEF9 /* libboost_system-xgcc42-mt-1_46_1.a */ = {isa = PBXFileReference; lastKnownFileType = archive.ar; path = "libboost_system-xgcc42-mt-1_46_1.a"; sourceTree = "<group>"; };
		E60446A019A97C680080FEF9 /* libboost_test_exec_monitor-xgcc42-mt-1_46_1.a */ = {isa = PBXFileReference; lastKnownFileType = archive.ar; path = "libboost_test_exec_monitor-xgcc42-mt-1_46_1.a"; sourceTree = "<group>"; };
		E60446A119A97C680080FEF9 /* libboost_thread-xgcc42-mt-1_46_1.a */ = {isa = PBXFileReference; lastKnownFileType = archive.ar; path = "libboost_thread-xgcc42-mt-1_46_1.a"; sourceTree = "<group>"; };
		E60446A219A97C680080FEF9 /* libboost_unit_test_framework-xgcc42-mt-1_46_1.a */ = {isa = PBXFileReference; lastKnownFileType = archive.ar; path = "libboost_unit_test_framework-xgcc42-mt-1_46_1.a"; sourceTree = "<group>"; };
		E60446A319A97C680080FEF9 /* libboost_wave-xgcc42-mt-1_46_1.a */ = {isa = PBXFileReference; lastKnownFileType = archive.ar; path = "libboost_wave-xgcc42-mt-1_46_1.a"; sourceTree = "<group>"; };
		E60446A419A97C680080FEF9 /* libboost_wserialization-xgcc42-mt-1_46_1.a */ = {isa = PBXFileReference; lastKnownFileType = archive.ar; path = "libboost_wserialization-xgcc42-mt-1_46_1.a"; sourceTree = "<group>"; };
		E604678E19AADDB50080FEF9 /* .gitignore */ = {isa = PBXFileReference; fileEncoding = 4; lastKnownFileType = text; path = .gitignore; sourceTree = "<group>"; };
		E60467AA19AADDB60080FEF9 /* glm.c */ = {isa = PBXFileReference; fileEncoding = 4; lastKnownFileType = sourcecode.c.c; path = glm.c; sourceTree = "<group>"; };
		E60467AB19AADDB60080FEF9 /* glm.h */ = {isa = PBXFileReference; fileEncoding = 4; lastKnownFileType = sourcecode.c.h; path = glm.h; sourceTree = "<group>"; };
		E60467AC19AADDB60080FEF9 /* Readme.md */ = {isa = PBXFileReference; fileEncoding = 4; lastKnownFileType = text; path = Readme.md; sourceTree = "<group>"; };
		E60467AE19AADDB60080FEF9 /* ofxObjLoader.cpp */ = {isa = PBXFileReference; fileEncoding = 4; lastKnownFileType = sourcecode.cpp.cpp; path = ofxObjLoader.cpp; sourceTree = "<group>"; };
		E60467AF19AADDB60080FEF9 /* ofxObjLoader.h */ = {isa = PBXFileReference; fileEncoding = 4; lastKnownFileType = sourcecode.c.h; path = ofxObjLoader.h; sourceTree = "<group>"; };
		E62884AEE08652DCB3199A54 /* libfreenect_registration.h */ = {isa = PBXFileReference; explicitFileType = sourcecode.c.h; fileEncoding = 30; name = libfreenect_registration.h; path = ../../../addons/ofxKinect/libs/libfreenect/include/libfreenect_registration.h; sourceTree = SOURCE_ROOT; };
		E65BF6B919ABA8700065ADAB /* Syphon.framework */ = {isa = PBXFileReference; lastKnownFileType = wrapper.framework; path = Syphon.framework; sourceTree = "<group>"; };
		E65BF6BB19ABA8700065ADAB /* SyphonNameboundClient.h */ = {isa = PBXFileReference; fileEncoding = 4; lastKnownFileType = sourcecode.c.h; path = SyphonNameboundClient.h; sourceTree = "<group>"; };
		E65BF6BC19ABA8700065ADAB /* SyphonNameboundClient.m */ = {isa = PBXFileReference; fileEncoding = 4; lastKnownFileType = sourcecode.c.objc; path = SyphonNameboundClient.m; sourceTree = "<group>"; };
		E65BF6BD19ABA8700065ADAB /* License.txt */ = {isa = PBXFileReference; fileEncoding = 4; lastKnownFileType = text; path = License.txt; sourceTree = "<group>"; };
		E65BF6BE19ABA8700065ADAB /* README.md */ = {isa = PBXFileReference; fileEncoding = 4; lastKnownFileType = text; path = README.md; sourceTree = "<group>"; };
		E65BF6C019ABA8700065ADAB /* ofxSyphon.h */ = {isa = PBXFileReference; fileEncoding = 4; lastKnownFileType = sourcecode.c.h; path = ofxSyphon.h; sourceTree = "<group>"; };
		E65BF6C119ABA8700065ADAB /* ofxSyphonClient.h */ = {isa = PBXFileReference; fileEncoding = 4; lastKnownFileType = sourcecode.c.h; path = ofxSyphonClient.h; sourceTree = "<group>"; };
		E65BF6C219ABA8700065ADAB /* ofxSyphonClient.mm */ = {isa = PBXFileReference; fileEncoding = 4; lastKnownFileType = sourcecode.cpp.objcpp; path = ofxSyphonClient.mm; sourceTree = "<group>"; };
		E65BF6C319ABA8700065ADAB /* ofxSyphonServer.h */ = {isa = PBXFileReference; fileEncoding = 4; lastKnownFileType = sourcecode.c.h; path = ofxSyphonServer.h; sourceTree = "<group>"; };
		E65BF6C419ABA8700065ADAB /* ofxSyphonServer.mm */ = {isa = PBXFileReference; fileEncoding = 4; lastKnownFileType = sourcecode.cpp.objcpp; path = ofxSyphonServer.mm; sourceTree = "<group>"; };
		E65BF6C519ABA8700065ADAB /* ofxSyphonServerDirectory.h */ = {isa = PBXFileReference; fileEncoding = 4; lastKnownFileType = sourcecode.c.h; path = ofxSyphonServerDirectory.h; sourceTree = "<group>"; };
		E65BF6C619ABA8700065ADAB /* ofxSyphonServerDirectory.mm */ = {isa = PBXFileReference; fileEncoding = 4; lastKnownFileType = sourcecode.cpp.objcpp; path = ofxSyphonServerDirectory.mm; sourceTree = "<group>"; };
		E6DFE3F019A2B323001F38D5 /* ofxBaseGui.cpp */ = {isa = PBXFileReference; fileEncoding = 4; lastKnownFileType = sourcecode.cpp.cpp; path = ofxBaseGui.cpp; sourceTree = "<group>"; };
		E6DFE3F119A2B323001F38D5 /* ofxBaseGui.h */ = {isa = PBXFileReference; fileEncoding = 4; lastKnownFileType = sourcecode.c.h; path = ofxBaseGui.h; sourceTree = "<group>"; };
		E6DFE3F219A2B323001F38D5 /* ofxButton.cpp */ = {isa = PBXFileReference; fileEncoding = 4; lastKnownFileType = sourcecode.cpp.cpp; path = ofxButton.cpp; sourceTree = "<group>"; };
		E6DFE3F319A2B323001F38D5 /* ofxButton.h */ = {isa = PBXFileReference; fileEncoding = 4; lastKnownFileType = sourcecode.c.h; path = ofxButton.h; sourceTree = "<group>"; };
		E6DFE3F419A2B323001F38D5 /* ofxGui.h */ = {isa = PBXFileReference; fileEncoding = 4; lastKnownFileType = sourcecode.c.h; path = ofxGui.h; sourceTree = "<group>"; };
		E6DFE3F519A2B323001F38D5 /* ofxGuiGroup.cpp */ = {isa = PBXFileReference; fileEncoding = 4; lastKnownFileType = sourcecode.cpp.cpp; path = ofxGuiGroup.cpp; sourceTree = "<group>"; };
		E6DFE3F619A2B323001F38D5 /* ofxGuiGroup.h */ = {isa = PBXFileReference; fileEncoding = 4; lastKnownFileType = sourcecode.c.h; path = ofxGuiGroup.h; sourceTree = "<group>"; };
		E6DFE3F719A2B323001F38D5 /* ofxLabel.cpp */ = {isa = PBXFileReference; fileEncoding = 4; lastKnownFileType = sourcecode.cpp.cpp; path = ofxLabel.cpp; sourceTree = "<group>"; };
		E6DFE3F819A2B323001F38D5 /* ofxLabel.h */ = {isa = PBXFileReference; fileEncoding = 4; lastKnownFileType = sourcecode.c.h; path = ofxLabel.h; sourceTree = "<group>"; };
		E6DFE3F919A2B323001F38D5 /* ofxPanel.cpp */ = {isa = PBXFileReference; fileEncoding = 4; lastKnownFileType = sourcecode.cpp.cpp; path = ofxPanel.cpp; sourceTree = "<group>"; };
		E6DFE3FA19A2B323001F38D5 /* ofxPanel.h */ = {isa = PBXFileReference; fileEncoding = 4; lastKnownFileType = sourcecode.c.h; path = ofxPanel.h; sourceTree = "<group>"; };
		E6DFE3FB19A2B323001F38D5 /* ofxSlider.cpp */ = {isa = PBXFileReference; fileEncoding = 4; lastKnownFileType = sourcecode.cpp.cpp; path = ofxSlider.cpp; sourceTree = "<group>"; };
		E6DFE3FC19A2B323001F38D5 /* ofxSlider.h */ = {isa = PBXFileReference; fileEncoding = 4; lastKnownFileType = sourcecode.c.h; path = ofxSlider.h; sourceTree = "<group>"; };
		E6DFE3FD19A2B323001F38D5 /* ofxSliderGroup.cpp */ = {isa = PBXFileReference; fileEncoding = 4; lastKnownFileType = sourcecode.cpp.cpp; path = ofxSliderGroup.cpp; sourceTree = "<group>"; };
		E6DFE3FE19A2B323001F38D5 /* ofxSliderGroup.h */ = {isa = PBXFileReference; fileEncoding = 4; lastKnownFileType = sourcecode.c.h; path = ofxSliderGroup.h; sourceTree = "<group>"; };
		E6DFE3FF19A2B323001F38D5 /* ofxToggle.cpp */ = {isa = PBXFileReference; fileEncoding = 4; lastKnownFileType = sourcecode.cpp.cpp; path = ofxToggle.cpp; sourceTree = "<group>"; };
		E6DFE40019A2B323001F38D5 /* ofxToggle.h */ = {isa = PBXFileReference; fileEncoding = 4; lastKnownFileType = sourcecode.c.h; path = ofxToggle.h; sourceTree = "<group>"; };
		E7E077E415D3B63C0020DFD4 /* CoreVideo.framework */ = {isa = PBXFileReference; lastKnownFileType = wrapper.framework; name = CoreVideo.framework; path = /System/Library/Frameworks/CoreVideo.framework; sourceTree = "<absolute>"; };
		E7E077E715D3B6510020DFD4 /* QTKit.framework */ = {isa = PBXFileReference; lastKnownFileType = wrapper.framework; name = QTKit.framework; path = /System/Library/Frameworks/QTKit.framework; sourceTree = "<absolute>"; };
		E7F985F515E0DE99003869B5 /* Accelerate.framework */ = {isa = PBXFileReference; lastKnownFileType = wrapper.framework; name = Accelerate.framework; path = /System/Library/Frameworks/Accelerate.framework; sourceTree = "<absolute>"; };
		E837DEBFAEA1CAD833A377DF /* DofPass.cpp */ = {isa = PBXFileReference; explicitFileType = sourcecode.cpp.cpp; fileEncoding = 30; name = DofPass.cpp; path = ../../../addons/ofxPostProcessing/src/DofPass.cpp; sourceTree = SOURCE_ROOT; };
		E84ADD8443D82E35430385B7 /* RimHighlightingPass.h */ = {isa = PBXFileReference; explicitFileType = sourcecode.c.h; fileEncoding = 30; name = RimHighlightingPass.h; path = ../../../addons/ofxPostProcessing/src/RimHighlightingPass.h; sourceTree = SOURCE_ROOT; };
		EA2A13781712672758AFD432 /* DofAltPass.h */ = {isa = PBXFileReference; explicitFileType = sourcecode.c.h; fileEncoding = 30; name = DofAltPass.h; path = ../../../addons/ofxPostProcessing/src/DofAltPass.h; sourceTree = SOURCE_ROOT; };
		EF8D27B3DEDC121DE85F5B7B /* ZoomBlurPass.cpp */ = {isa = PBXFileReference; explicitFileType = sourcecode.cpp.cpp; fileEncoding = 30; name = ZoomBlurPass.cpp; path = ../../../addons/ofxPostProcessing/src/ZoomBlurPass.cpp; sourceTree = SOURCE_ROOT; };
		F171898BD12F77CCAD29B7C1 /* LUTPass.cpp */ = {isa = PBXFileReference; explicitFileType = sourcecode.cpp.cpp; fileEncoding = 30; name = LUTPass.cpp; path = ../../../addons/ofxPostProcessing/src/LUTPass.cpp; sourceTree = SOURCE_ROOT; };
		F5DB1AC24B8010FC3C556AAC /* RenderPass.h */ = {isa = PBXFileReference; explicitFileType = sourcecode.c.h; fileEncoding = 30; name = RenderPass.h; path = ../../../addons/ofxPostProcessing/src/RenderPass.h; sourceTree = SOURCE_ROOT; };
		F98D3119B492CAFA65819DDA /* ContrastPass.h */ = {isa = PBXFileReference; explicitFileType = sourcecode.c.h; fileEncoding = 30; name = ContrastPass.h; path = ../../../addons/ofxPostProcessing/src/ContrastPass.h; sourceTree = SOURCE_ROOT; };
		F9E69702DE151AD76690D1CF /* NoiseWarpPass.h */ = {isa = PBXFileReference; explicitFileType = sourcecode.c.h; fileEncoding = 30; name = NoiseWarpPass.h; path = ../../../addons/ofxPostProcessing/src/NoiseWarpPass.h; sourceTree = SOURCE_ROOT; };
		FAF7EF26FE0FF19EA6D9419D /* HorizontalTiltShifPass.cpp */ = {isa = PBXFileReference; explicitFileType = sourcecode.cpp.cpp; fileEncoding = 30; name = HorizontalTiltShifPass.cpp; path = ../../../addons/ofxPostProcessing/src/HorizontalTiltShifPass.cpp; sourceTree = SOURCE_ROOT; };
		FE25F20F363BC625B852BFBC /* loader.c */ = {isa = PBXFileReference; explicitFileType = sourcecode.c.c; fileEncoding = 30; name = loader.c; path = ../../../addons/ofxKinect/libs/libfreenect/src/loader.c; sourceTree = SOURCE_ROOT; };
/* End PBXFileReference section */

/* Begin PBXFrameworksBuildPhase section */
		E4B69B590A3A1756003C02F2 /* Frameworks */ = {
			isa = PBXFrameworksBuildPhase;
			buildActionMask = 2147483647;
			files = (
				E604676319A97C7F0080FEF9 /* libboost_unit_test_framework-xgcc42-mt-1_46_1.a in Frameworks */,
				E604675E19A97C7F0080FEF9 /* libboost_serialization-xgcc42-mt-1_46_1.a in Frameworks */,
				E7F985F815E0DEA3003869B5 /* Accelerate.framework in Frameworks */,
				E604675819A97C7F0080FEF9 /* libboost_iostreams-xgcc42-mt-1_46_1.a in Frameworks */,
				E604675919A97C7F0080FEF9 /* libboost_prg_exec_monitor-xgcc42-mt-1_46_1.a in Frameworks */,
				E7E077E815D3B6510020DFD4 /* QTKit.framework in Frameworks */,
				E604675C19A97C7F0080FEF9 /* libboost_random-xgcc42-mt-1_46_1.a in Frameworks */,
				E4EB6799138ADC1D00A09F29 /* GLUT.framework in Frameworks */,
				E4328149138ABC9F0047C5CB /* openFrameworksDebug.a in Frameworks */,
				E604676119A97C7F0080FEF9 /* libboost_test_exec_monitor-xgcc42-mt-1_46_1.a in Frameworks */,
				E604676519A97C7F0080FEF9 /* libboost_wserialization-xgcc42-mt-1_46_1.a in Frameworks */,
				E45BE97B0E8CC7DD009D7055 /* AGL.framework in Frameworks */,
				E45BE97C0E8CC7DD009D7055 /* ApplicationServices.framework in Frameworks */,
				E604675F19A97C7F0080FEF9 /* libboost_signals-xgcc42-mt-1_46_1.a in Frameworks */,
				E45BE97D0E8CC7DD009D7055 /* AudioToolbox.framework in Frameworks */,
				E604676219A97C7F0080FEF9 /* libboost_thread-xgcc42-mt-1_46_1.a in Frameworks */,
				E45BE97F0E8CC7DD009D7055 /* CoreAudio.framework in Frameworks */,
				E45BE9800E8CC7DD009D7055 /* CoreFoundation.framework in Frameworks */,
				E45BE9810E8CC7DD009D7055 /* CoreServices.framework in Frameworks */,
				E65BF6CB19ABA8700065ADAB /* Syphon.framework in Frameworks */,
				E604675619A97C7F0080FEF9 /* libboost_filesystem-xgcc42-mt-1_46_1.a in Frameworks */,
				E604675B19A97C7F0080FEF9 /* libboost_python-xgcc42-mt-1_46_1.a in Frameworks */,
				E604675D19A97C7F0080FEF9 /* libboost_regex-xgcc42-mt-1_46_1.a in Frameworks */,
				E604675A19A97C7F0080FEF9 /* libboost_program_options-xgcc42-mt-1_46_1.a in Frameworks */,
				E604675719A97C7F0080FEF9 /* libboost_graph-xgcc42-mt-1_46_1.a in Frameworks */,
				E604676019A97C7F0080FEF9 /* libboost_system-xgcc42-mt-1_46_1.a in Frameworks */,
				E604676419A97C7F0080FEF9 /* libboost_wave-xgcc42-mt-1_46_1.a in Frameworks */,
				E604675519A97C7F0080FEF9 /* libboost_date_time-xgcc42-mt-1_46_1.a in Frameworks */,
				E45BE9830E8CC7DD009D7055 /* OpenGL.framework in Frameworks */,
				E45BE9840E8CC7DD009D7055 /* QuickTime.framework in Frameworks */,
				E4C2424710CC5A17004149E2 /* AppKit.framework in Frameworks */,
				E4C2424810CC5A17004149E2 /* Cocoa.framework in Frameworks */,
				E4C2424910CC5A17004149E2 /* IOKit.framework in Frameworks */,
				E7E077E515D3B63C0020DFD4 /* CoreVideo.framework in Frameworks */,
			);
			runOnlyForDeploymentPostprocessing = 0;
		};
/* End PBXFrameworksBuildPhase section */

/* Begin PBXGroup section */
		1AE6862ED862CA18468E0CCD /* include */ = {
			isa = PBXGroup;
			children = (
				2C171637C399A50881F147E9 /* libusb-1.0 */,
			);
			name = include;
			sourceTree = "<group>";
		};
		2C171637C399A50881F147E9 /* libusb-1.0 */ = {
			isa = PBXGroup;
			children = (
				8B25248CC7F2228B1CEF2EB1 /* libusb.h */,
			);
			name = "libusb-1.0";
			sourceTree = "<group>";
		};
		32687044708CDA9EDA265387 /* libfreenect */ = {
			isa = PBXGroup;
			children = (
				6DFA2B327764FCDA2A8D882F /* include */,
				ED6E9BDB447DB965EE6F1FA6 /* src */,
			);
			name = libfreenect;
			sourceTree = "<group>";
		};
		4DDDE89A215FFC6D84084F64 /* libs */ = {
			isa = PBXGroup;
			children = (
				A7F935964A1EB7154C211E37 /* Delaunay */,
			);
			name = libs;
			sourceTree = "<group>";
		};
		5A296432AD6765AD9158F813 /* ofxDelaunay */ = {
			isa = PBXGroup;
			children = (
				BA7CA251A8C3541F18ECFFC2 /* src */,
				4DDDE89A215FFC6D84084F64 /* libs */,
			);
			name = ofxDelaunay;
			sourceTree = "<group>";
		};
		65726280742CD54BF368BDB8 /* libusb-1.0 */ = {
			isa = PBXGroup;
			children = (
				1AE6862ED862CA18468E0CCD /* include */,
			);
			name = "libusb-1.0";
			sourceTree = "<group>";
		};
		6DFA2B327764FCDA2A8D882F /* include */ = {
			isa = PBXGroup;
			children = (
				E5F13FDAE691A5804F4D2DDB /* libfreenect.h */,
				6F930947CA4BCA2665A4F4E8 /* libfreenect_audio.h */,
				E62884AEE08652DCB3199A54 /* libfreenect_registration.h */,
			);
			name = include;
			sourceTree = "<group>";
		};
		6E7134DE536888BE82D56327 /* extra */ = {
			isa = PBXGroup;
			children = (
				01438542609FC64F1EC60EEB /* ofxKinectExtras.cpp */,
				03A9E977F3814A55A4FA3B4E /* ofxKinectExtras.h */,
			);
			name = extra;
			sourceTree = "<group>";
		};
		9683228C705CA3FF4F2EA945 /* ofxKinect */ = {
			isa = PBXGroup;
			children = (
				F3D2DB7201EFA9F7958F421E /* src */,
				F4101FC676C210E28DCB3220 /* libs */,
			);
			name = ofxKinect;
			sourceTree = "<group>";
		};
		A7F935964A1EB7154C211E37 /* Delaunay */ = {
			isa = PBXGroup;
			children = (
				2C93371FF2466553B4DA1D0B /* Delaunay.cpp */,
				E5565AD6CF66D6A14BDF7EA1 /* Delaunay.h */,
			);
			name = Delaunay;
			sourceTree = "<group>";
		};
		AFF78A8EB1A778F89BAD1809 /* src */ = {
			isa = PBXGroup;
			children = (
				C5313A8CC477A5ECC0A7E4E8 /* BleachBypassPass.cpp */,
				0D811F3E1817C17351F97CCF /* BleachBypassPass.h */,
				D41ED8C8083845703AA1FDFA /* BloomPass.cpp */,
				B5CEF0B83529626C7E8410B7 /* BloomPass.h */,
				6788311DC7D945282047837A /* ContrastPass.cpp */,
				F98D3119B492CAFA65819DDA /* ContrastPass.h */,
				3AACD9661AF21261E24A05A4 /* ConvolutionPass.cpp */,
				044D4B2A1A607F88FEF2B610 /* ConvolutionPass.h */,
				91F91C3BEAD0B3C2B92BB9A5 /* DofAltPass.cpp */,
				EA2A13781712672758AFD432 /* DofAltPass.h */,
				E837DEBFAEA1CAD833A377DF /* DofPass.cpp */,
				0453A7C309E8AE8F8C1CC6E8 /* DofPass.h */,
				0AC8B4DE8CD341280FDE798A /* EdgePass.cpp */,
				0217829E621698E1FD8D9876 /* EdgePass.h */,
				C64B88209AF231B4FC8B4056 /* FakeSSSPass.cpp */,
				C69CBE4E4FA9530657A6CD23 /* FakeSSSPass.h */,
				9425843AEC3118B8FDEF1B0B /* FxaaPass.cpp */,
				49CAE27DC1D138037CF88ACF /* FxaaPass.h */,
				C07AAE715D8853EDA76BC909 /* GodRaysPass.cpp */,
				CC725CAE0A003458E5573DF9 /* GodRaysPass.h */,
				FAF7EF26FE0FF19EA6D9419D /* HorizontalTiltShifPass.cpp */,
				3C39EA8CB1911093FD56F9ED /* HorizontalTiltShifPass.h */,
				108C4DB0C398388D00027091 /* KaleidoscopePass.cpp */,
				50800DAB6C4B18E4F92166FC /* KaleidoscopePass.h */,
				9222AE2464AE1CF72876A4ED /* LimbDarkeningPass.cpp */,
				6AF187A99EECFB13E3BCCD33 /* LimbDarkeningPass.h */,
				F171898BD12F77CCAD29B7C1 /* LUTPass.cpp */,
				9AACF31BAE533E8F81AD4043 /* LUTPass.h */,
				5BC56A60E911F7488A58830A /* NoiseWarpPass.cpp */,
				F9E69702DE151AD76690D1CF /* NoiseWarpPass.h */,
				48E4AC9F455A87F0448C70B2 /* ofxPostProcessing.h */,
				7462D018F6D6E407E598A021 /* PixelatePass.cpp */,
				B2F3289AB405C5BB496FC247 /* PixelatePass.h */,
				484F662699DFE8176E1B750F /* PostProcessing.cpp */,
				DACACDF2F37260A0BFF826E2 /* PostProcessing.h */,
				54F36382628E4D0FF07206D7 /* RenderPass.cpp */,
				F5DB1AC24B8010FC3C556AAC /* RenderPass.h */,
				5201F6A7A19258B7F1CA2E43 /* RGBShiftPass.cpp */,
				0BC82FF9BACF54030E42E808 /* RGBShiftPass.h */,
				74BDDD14F49833AD24862E87 /* RimHighlightingPass.cpp */,
				E84ADD8443D82E35430385B7 /* RimHighlightingPass.h */,
				C127DCF305861E6D5D6332E6 /* SSAOPass.cpp */,
				6BBE5C9251660EA96B398017 /* SSAOPass.h */,
				E547AB568F5E5027A880C47C /* ToonPass.cpp */,
				14F8B4286F653202B881D865 /* ToonPass.h */,
				2C2B73DCDAF417A486A343EF /* VerticalTiltShifPass.cpp */,
				2BE782D7AEC00E59BE1F567F /* VerticalTiltShifPass.h */,
				EF8D27B3DEDC121DE85F5B7B /* ZoomBlurPass.cpp */,
				BAA4E229C246D7B615917505 /* ZoomBlurPass.h */,
			);
			name = src;
			sourceTree = "<group>";
		};
		BA7CA251A8C3541F18ECFFC2 /* src */ = {
			isa = PBXGroup;
			children = (
				BBE3E908E4BB3468853C50ED /* ofxDelaunay.cpp */,
				8AA89AFF4E71C7EC510642B7 /* ofxDelaunay.h */,
			);
			name = src;
			sourceTree = "<group>";
		};
		BB4B014C10F69532006C3DED /* addons */ = {
			isa = PBXGroup;
			children = (
				E65BF69C19ABA86F0065ADAB /* ofxSyphon */,
				E604678D19AADDB50080FEF9 /* ofxObjLoader */,
				E604469019A97C680080FEF9 /* ofxBoost */,
				E6DFE3EE19A2B323001F38D5 /* ofxGui */,
				9683228C705CA3FF4F2EA945 /* ofxKinect */,
				5A296432AD6765AD9158F813 /* ofxDelaunay */,
				BD52EC6DCE402D90869A80A1 /* ofxPostProcessing */,
			);
			name = addons;
			sourceTree = "<group>";
		};
		BBAB23C913894ECA00AA2426 /* system frameworks */ = {
			isa = PBXGroup;
			children = (
				E7F985F515E0DE99003869B5 /* Accelerate.framework */,
				E4C2424410CC5A17004149E2 /* AppKit.framework */,
				E4C2424510CC5A17004149E2 /* Cocoa.framework */,
				E4C2424610CC5A17004149E2 /* IOKit.framework */,
				E45BE9710E8CC7DD009D7055 /* AGL.framework */,
				E45BE9720E8CC7DD009D7055 /* ApplicationServices.framework */,
				E45BE9730E8CC7DD009D7055 /* AudioToolbox.framework */,
				E45BE9750E8CC7DD009D7055 /* CoreAudio.framework */,
				E45BE9760E8CC7DD009D7055 /* CoreFoundation.framework */,
				E45BE9770E8CC7DD009D7055 /* CoreServices.framework */,
				E45BE9790E8CC7DD009D7055 /* OpenGL.framework */,
				E45BE97A0E8CC7DD009D7055 /* QuickTime.framework */,
				E7E077E415D3B63C0020DFD4 /* CoreVideo.framework */,
				E7E077E715D3B6510020DFD4 /* QTKit.framework */,
			);
			name = "system frameworks";
			sourceTree = "<group>";
		};
		BBAB23CA13894EDB00AA2426 /* 3rd party frameworks */ = {
			isa = PBXGroup;
			children = (
				BBAB23BE13894E4700AA2426 /* GLUT.framework */,
			);
			name = "3rd party frameworks";
			sourceTree = "<group>";
		};
		BD52EC6DCE402D90869A80A1 /* ofxPostProcessing */ = {
			isa = PBXGroup;
			children = (
				AFF78A8EB1A778F89BAD1809 /* src */,
			);
			name = ofxPostProcessing;
			sourceTree = "<group>";
		};
		E4328144138ABC890047C5CB /* Products */ = {
			isa = PBXGroup;
			children = (
				E4328148138ABC890047C5CB /* openFrameworksDebug.a */,
			);
			name = Products;
			sourceTree = "<group>";
		};
		E45BE5980E8CC70C009D7055 /* frameworks */ = {
			isa = PBXGroup;
			children = (
				BBAB23CA13894EDB00AA2426 /* 3rd party frameworks */,
				BBAB23C913894ECA00AA2426 /* system frameworks */,
			);
			name = frameworks;
			sourceTree = "<group>";
		};
		E4B69B4A0A3A1720003C02F2 = {
			isa = PBXGroup;
			children = (
				E4B6FCAD0C3E899E008CF71C /* openFrameworks-Info.plist */,
				E4EB6923138AFD0F00A09F29 /* Project.xcconfig */,
				E4B69E1C0A3A1BDC003C02F2 /* src */,
				E4EEC9E9138DF44700A80321 /* openFrameworks */,
				BB4B014C10F69532006C3DED /* addons */,
				E45BE5980E8CC70C009D7055 /* frameworks */,
				E4B69B5B0A3A1756003C02F2 /* KinectDelaunayDebug.app */,
			);
			sourceTree = "<group>";
		};
		E4B69E1C0A3A1BDC003C02F2 /* src */ = {
			isa = PBXGroup;
			children = (
				E604468E19A97A830080FEF9 /* ObjExporter.h */,
				E4B69E1D0A3A1BDC003C02F2 /* main.cpp */,
				E4B69E1E0A3A1BDC003C02F2 /* ofApp.cpp */,
				E4B69E1F0A3A1BDC003C02F2 /* ofApp.h */,
			);
			path = src;
			sourceTree = SOURCE_ROOT;
		};
		E4EEC9E9138DF44700A80321 /* openFrameworks */ = {
			isa = PBXGroup;
			children = (
				E4EB691F138AFCF100A09F29 /* CoreOF.xcconfig */,
				E4328143138ABC890047C5CB /* openFrameworksLib.xcodeproj */,
			);
			name = openFrameworks;
			sourceTree = "<group>";
		};
		E604469019A97C680080FEF9 /* ofxBoost */ = {
			isa = PBXGroup;
			children = (
				E604469119A97C680080FEF9 /* .gitignore */,
				E604469219A97C680080FEF9 /* lib */,
			);
			name = ofxBoost;
			path = ../../../addons/ofxBoost;
			sourceTree = "<group>";
		};
		E604469219A97C680080FEF9 /* lib */ = {
			isa = PBXGroup;
			children = (
				E604469319A97C680080FEF9 /* mac */,
			);
			path = lib;
			sourceTree = "<group>";
		};
		E604469319A97C680080FEF9 /* mac */ = {
			isa = PBXGroup;
			children = (
				E604469419A97C680080FEF9 /* libboost_date_time-xgcc42-mt-1_46_1.a */,
				E604469519A97C680080FEF9 /* libboost_filesystem-xgcc42-mt-1_46_1.a */,
				E604469619A97C680080FEF9 /* libboost_graph-xgcc42-mt-1_46_1.a */,
				E604469719A97C680080FEF9 /* libboost_iostreams-xgcc42-mt-1_46_1.a */,
				E604469819A97C680080FEF9 /* libboost_prg_exec_monitor-xgcc42-mt-1_46_1.a */,
				E604469919A97C680080FEF9 /* libboost_program_options-xgcc42-mt-1_46_1.a */,
				E604469A19A97C680080FEF9 /* libboost_python-xgcc42-mt-1_46_1.a */,
				E604469B19A97C680080FEF9 /* libboost_random-xgcc42-mt-1_46_1.a */,
				E604469C19A97C680080FEF9 /* libboost_regex-xgcc42-mt-1_46_1.a */,
				E604469D19A97C680080FEF9 /* libboost_serialization-xgcc42-mt-1_46_1.a */,
				E604469E19A97C680080FEF9 /* libboost_signals-xgcc42-mt-1_46_1.a */,
				E604469F19A97C680080FEF9 /* libboost_system-xgcc42-mt-1_46_1.a */,
				E60446A019A97C680080FEF9 /* libboost_test_exec_monitor-xgcc42-mt-1_46_1.a */,
				E60446A119A97C680080FEF9 /* libboost_thread-xgcc42-mt-1_46_1.a */,
				E60446A219A97C680080FEF9 /* libboost_unit_test_framework-xgcc42-mt-1_46_1.a */,
				E60446A319A97C680080FEF9 /* libboost_wave-xgcc42-mt-1_46_1.a */,
				E60446A419A97C680080FEF9 /* libboost_wserialization-xgcc42-mt-1_46_1.a */,
			);
			path = mac;
			sourceTree = "<group>";
		};
		E604678D19AADDB50080FEF9 /* ofxObjLoader */ = {
			isa = PBXGroup;
			children = (
				E604678E19AADDB50080FEF9 /* .gitignore */,
				E60467A919AADDB60080FEF9 /* libs */,
				E60467AC19AADDB60080FEF9 /* Readme.md */,
				E60467AD19AADDB60080FEF9 /* src */,
			);
			name = ofxObjLoader;
			path = ../../../addons/ofxObjLoader;
			sourceTree = "<group>";
		};
		E60467A919AADDB60080FEF9 /* libs */ = {
			isa = PBXGroup;
			children = (
				E60467AA19AADDB60080FEF9 /* glm.c */,
				E60467AB19AADDB60080FEF9 /* glm.h */,
			);
			path = libs;
			sourceTree = "<group>";
		};
		E60467AD19AADDB60080FEF9 /* src */ = {
			isa = PBXGroup;
			children = (
				E60467AE19AADDB60080FEF9 /* ofxObjLoader.cpp */,
				E60467AF19AADDB60080FEF9 /* ofxObjLoader.h */,
			);
			path = src;
			sourceTree = "<group>";
		};
		E65BF69C19ABA86F0065ADAB /* ofxSyphon */ = {
			isa = PBXGroup;
			children = (
				E65BF6B519ABA8700065ADAB /* libs */,
				E65BF6BD19ABA8700065ADAB /* License.txt */,
				E65BF6BE19ABA8700065ADAB /* README.md */,
				E65BF6BF19ABA8700065ADAB /* src */,
			);
			name = ofxSyphon;
			path = ../../../addons/ofxSyphon;
			sourceTree = "<group>";
		};
		E65BF6B519ABA8700065ADAB /* libs */ = {
			isa = PBXGroup;
			children = (
				E65BF6B619ABA8700065ADAB /* Syphon */,
			);
			path = libs;
			sourceTree = "<group>";
		};
		E65BF6B619ABA8700065ADAB /* Syphon */ = {
			isa = PBXGroup;
			children = (
				E65BF6B719ABA8700065ADAB /* lib */,
				E65BF6BA19ABA8700065ADAB /* src */,
			);
			path = Syphon;
			sourceTree = "<group>";
		};
		E65BF6B719ABA8700065ADAB /* lib */ = {
			isa = PBXGroup;
			children = (
				E65BF6B819ABA8700065ADAB /* osx */,
			);
			path = lib;
			sourceTree = "<group>";
		};
		E65BF6B819ABA8700065ADAB /* osx */ = {
			isa = PBXGroup;
			children = (
				E65BF6B919ABA8700065ADAB /* Syphon.framework */,
			);
			path = osx;
			sourceTree = "<group>";
		};
		E65BF6BA19ABA8700065ADAB /* src */ = {
			isa = PBXGroup;
			children = (
				E65BF6BB19ABA8700065ADAB /* SyphonNameboundClient.h */,
				E65BF6BC19ABA8700065ADAB /* SyphonNameboundClient.m */,
			);
			path = src;
			sourceTree = "<group>";
		};
		E65BF6BF19ABA8700065ADAB /* src */ = {
			isa = PBXGroup;
			children = (
				E65BF6C019ABA8700065ADAB /* ofxSyphon.h */,
				E65BF6C119ABA8700065ADAB /* ofxSyphonClient.h */,
				E65BF6C219ABA8700065ADAB /* ofxSyphonClient.mm */,
				E65BF6C319ABA8700065ADAB /* ofxSyphonServer.h */,
				E65BF6C419ABA8700065ADAB /* ofxSyphonServer.mm */,
				E65BF6C519ABA8700065ADAB /* ofxSyphonServerDirectory.h */,
				E65BF6C619ABA8700065ADAB /* ofxSyphonServerDirectory.mm */,
			);
			path = src;
			sourceTree = "<group>";
		};
		E6DFE3EE19A2B323001F38D5 /* ofxGui */ = {
			isa = PBXGroup;
			children = (
				E6DFE3EF19A2B323001F38D5 /* src */,
			);
			name = ofxGui;
			path = ../../../addons/ofxGui;
			sourceTree = "<group>";
		};
		E6DFE3EF19A2B323001F38D5 /* src */ = {
			isa = PBXGroup;
			children = (
				E6DFE3F019A2B323001F38D5 /* ofxBaseGui.cpp */,
				E6DFE3F119A2B323001F38D5 /* ofxBaseGui.h */,
				E6DFE3F219A2B323001F38D5 /* ofxButton.cpp */,
				E6DFE3F319A2B323001F38D5 /* ofxButton.h */,
				E6DFE3F419A2B323001F38D5 /* ofxGui.h */,
				E6DFE3F519A2B323001F38D5 /* ofxGuiGroup.cpp */,
				E6DFE3F619A2B323001F38D5 /* ofxGuiGroup.h */,
				E6DFE3F719A2B323001F38D5 /* ofxLabel.cpp */,
				E6DFE3F819A2B323001F38D5 /* ofxLabel.h */,
				E6DFE3F919A2B323001F38D5 /* ofxPanel.cpp */,
				E6DFE3FA19A2B323001F38D5 /* ofxPanel.h */,
				E6DFE3FB19A2B323001F38D5 /* ofxSlider.cpp */,
				E6DFE3FC19A2B323001F38D5 /* ofxSlider.h */,
				E6DFE3FD19A2B323001F38D5 /* ofxSliderGroup.cpp */,
				E6DFE3FE19A2B323001F38D5 /* ofxSliderGroup.h */,
				E6DFE3FF19A2B323001F38D5 /* ofxToggle.cpp */,
				E6DFE40019A2B323001F38D5 /* ofxToggle.h */,
			);
			path = src;
			sourceTree = "<group>";
		};
		ED6E9BDB447DB965EE6F1FA6 /* src */ = {
			isa = PBXGroup;
			children = (
				34FC4C582EA5ED68F36013CD /* audio.c */,
				3DBD37876A11E46E4D7069B3 /* cameras.c */,
				241AAF7769D555E4ECD57E17 /* cameras.h */,
				CF528C0E8DBFF5C31E8D6529 /* core.c */,
				682082DEC78C75C8FB18B7DB /* flags.c */,
				D097EE679E29AD7B5E2CDFCD /* flags.h */,
				83C70000C4AE60283CC77EB9 /* freenect_internal.h */,
				A3528DDFF05B00283552455D /* keep_alive.c */,
				3175B69741F3AE805AD3F527 /* keep_alive.h */,
				FE25F20F363BC625B852BFBC /* loader.c */,
				093C9EBFCAB5D2649ACF4D0C /* loader.h */,
				71958293AC5292DE4B7C619D /* registration.c */,
				3CABCA8EA52D11C95F7A1309 /* registration.h */,
				BF2F2AA872288D30F53983EF /* tilt.c */,
				28F9707464BA3FF98E05096C /* usb_libusb10.c */,
				B4A0A006318C06E07DDF19D6 /* usb_libusb10.h */,
			);
			name = src;
			sourceTree = "<group>";
		};
		F3D2DB7201EFA9F7958F421E /* src */ = {
			isa = PBXGroup;
			children = (
				6E7134DE536888BE82D56327 /* extra */,
				B8A2CBF3E24E6E5026B13A90 /* ofxBase3DVideo.h */,
				7ED9FFC7D08DA194C2CE7D09 /* ofxKinect.cpp */,
				44EF97BDD915E758777A9A8C /* ofxKinect.h */,
			);
			name = src;
			sourceTree = "<group>";
		};
		F4101FC676C210E28DCB3220 /* libs */ = {
			isa = PBXGroup;
			children = (
				32687044708CDA9EDA265387 /* libfreenect */,
				65726280742CD54BF368BDB8 /* libusb-1.0 */,
			);
			name = libs;
			sourceTree = "<group>";
		};
/* End PBXGroup section */

/* Begin PBXNativeTarget section */
		E4B69B5A0A3A1756003C02F2 /* KinectToObj */ = {
			isa = PBXNativeTarget;
			buildConfigurationList = E4B69B5F0A3A1757003C02F2 /* Build configuration list for PBXNativeTarget "KinectToObj" */;
			buildPhases = (
				E4B69B580A3A1756003C02F2 /* Sources */,
				E4B69B590A3A1756003C02F2 /* Frameworks */,
				E4B6FFFD0C3F9AB9008CF71C /* ShellScript */,
				E4C2427710CC5ABF004149E2 /* CopyFiles */,
			);
			buildRules = (
			);
			dependencies = (
				E4EEB9AC138B136A00A80321 /* PBXTargetDependency */,
			);
			name = KinectToObj;
			productName = myOFApp;
			productReference = E4B69B5B0A3A1756003C02F2 /* KinectDelaunayDebug.app */;
			productType = "com.apple.product-type.application";
		};
/* End PBXNativeTarget section */

/* Begin PBXProject section */
		E4B69B4C0A3A1720003C02F2 /* Project object */ = {
			isa = PBXProject;
			attributes = {
				LastUpgradeCheck = 0460;
			};
			buildConfigurationList = E4B69B4D0A3A1720003C02F2 /* Build configuration list for PBXProject "KinectToObj" */;
			compatibilityVersion = "Xcode 3.2";
			developmentRegion = English;
			hasScannedForEncodings = 0;
			knownRegions = (
				English,
				Japanese,
				French,
				German,
			);
			mainGroup = E4B69B4A0A3A1720003C02F2;
			productRefGroup = E4B69B4A0A3A1720003C02F2;
			projectDirPath = "";
			projectReferences = (
				{
					ProductGroup = E4328144138ABC890047C5CB /* Products */;
					ProjectRef = E4328143138ABC890047C5CB /* openFrameworksLib.xcodeproj */;
				},
			);
			projectRoot = "";
			targets = (
				E4B69B5A0A3A1756003C02F2 /* KinectToObj */,
			);
		};
/* End PBXProject section */

/* Begin PBXReferenceProxy section */
		E4328148138ABC890047C5CB /* openFrameworksDebug.a */ = {
			isa = PBXReferenceProxy;
			fileType = archive.ar;
			path = openFrameworksDebug.a;
			remoteRef = E4328147138ABC890047C5CB /* PBXContainerItemProxy */;
			sourceTree = BUILT_PRODUCTS_DIR;
		};
/* End PBXReferenceProxy section */

/* Begin PBXShellScriptBuildPhase section */
		E4B6FFFD0C3F9AB9008CF71C /* ShellScript */ = {
			isa = PBXShellScriptBuildPhase;
			buildActionMask = 2147483647;
			files = (
			);
			inputPaths = (
			);
			outputPaths = (
			);
			runOnlyForDeploymentPostprocessing = 0;
			shellPath = /bin/sh;
			shellScript = "cp -f ../../../libs/fmodex/lib/osx/libfmodex.dylib \"$TARGET_BUILD_DIR/$PRODUCT_NAME.app/Contents/MacOS/libfmodex.dylib\"; install_name_tool -change ./libfmodex.dylib @executable_path/libfmodex.dylib \"$TARGET_BUILD_DIR/$PRODUCT_NAME.app/Contents/MacOS/$PRODUCT_NAME\";\nmkdir -p \"$TARGET_BUILD_DIR/$PRODUCT_NAME.app/Contents/Resources/\"\ncp -f \"$ICON_FILE\" \"$TARGET_BUILD_DIR/$PRODUCT_NAME.app/Contents/Resources/\"\n";
		};
/* End PBXShellScriptBuildPhase section */

/* Begin PBXSourcesBuildPhase section */
		E4B69B580A3A1756003C02F2 /* Sources */ = {
			isa = PBXSourcesBuildPhase;
			buildActionMask = 2147483647;
			files = (
				E4B69E200A3A1BDC003C02F2 /* main.cpp in Sources */,
				E4B69E210A3A1BDC003C02F2 /* ofApp.cpp in Sources */,
				7ADB04AF67C568EAFAEBA546 /* ofxKinectExtras.cpp in Sources */,
				686B0DF6249B52E1A85B39EC /* ofxKinect.cpp in Sources */,
				0F8F016776681D468C0D0949 /* audio.c in Sources */,
				ACE7DC9A3223ED5EE1B80074 /* cameras.c in Sources */,
				F4135EEFC911E9ED211FB6F9 /* core.c in Sources */,
				E55DEEF784A10419E444669E /* flags.c in Sources */,
				21A059755481CC0BF969FD2D /* keep_alive.c in Sources */,
				FCC16AB16073FF0581F50ED7 /* loader.c in Sources */,
				D31F5C1B140C59B2AF1533A8 /* registration.c in Sources */,
				49BEEB2DFA5319D55AA6899F /* tilt.c in Sources */,
				E6DFE40119A2B323001F38D5 /* ofxBaseGui.cpp in Sources */,
				255A7B680DC81E543C875794 /* usb_libusb10.c in Sources */,
				9102D0609CDD0B902F138C68 /* ofxDelaunay.cpp in Sources */,
				5E39F94A08ADD7F0C2032152 /* Delaunay.cpp in Sources */,
				79308B05C4D0A9B9E404FFED /* BleachBypassPass.cpp in Sources */,
				3A499904889C490DCF533C6E /* BloomPass.cpp in Sources */,
				DFB75F1EBE744A456AC999F4 /* ContrastPass.cpp in Sources */,
				778DCA6792476E5B9F57F175 /* ConvolutionPass.cpp in Sources */,
				B58A80B21A55E254F48E6E13 /* DofAltPass.cpp in Sources */,
				114C00B13F753E59BB0984BB /* DofPass.cpp in Sources */,
				E6DFE40419A2B323001F38D5 /* ofxLabel.cpp in Sources */,
				E65BF6CF19ABA8700065ADAB /* ofxSyphonServerDirectory.mm in Sources */,
				AE65C02FEC934514466A8D67 /* EdgePass.cpp in Sources */,
				E6DFE40719A2B323001F38D5 /* ofxSliderGroup.cpp in Sources */,
				E60467B519AADDB60080FEF9 /* ofxObjLoader.cpp in Sources */,
				33DB731E964056D7E35604A7 /* FakeSSSPass.cpp in Sources */,
				E6DFE40219A2B323001F38D5 /* ofxButton.cpp in Sources */,
				E65BF6CC19ABA8700065ADAB /* SyphonNameboundClient.m in Sources */,
				04C13EEA813A786CC1D8137A /* FxaaPass.cpp in Sources */,
				6A505EAE8088949A9180FFE7 /* GodRaysPass.cpp in Sources */,
				E6DFE40819A2B323001F38D5 /* ofxToggle.cpp in Sources */,
				28AFD6FA9B9C885AFD9FF1C7 /* HorizontalTiltShifPass.cpp in Sources */,
				884CB4D049E35C51E949A565 /* KaleidoscopePass.cpp in Sources */,
				7AB51F1099DC01486D18FAF6 /* LimbDarkeningPass.cpp in Sources */,
				B1747F12881D899DCA2647FC /* LUTPass.cpp in Sources */,
				E60467B419AADDB60080FEF9 /* glm.c in Sources */,
				E6DFE40319A2B323001F38D5 /* ofxGuiGroup.cpp in Sources */,
				8072A86E35F7000F7CDEEF42 /* NoiseWarpPass.cpp in Sources */,
				B951AAE35209993B4E399E77 /* PixelatePass.cpp in Sources */,
				BE5ED1FDB18D5092CF3AACA0 /* PostProcessing.cpp in Sources */,
				E65BF6CD19ABA8700065ADAB /* ofxSyphonClient.mm in Sources */,
				1E615236D6D182DED6C8A8B2 /* RenderPass.cpp in Sources */,
				E6DFE40619A2B323001F38D5 /* ofxSlider.cpp in Sources */,
				E65BF6CE19ABA8700065ADAB /* ofxSyphonServer.mm in Sources */,
				E4797F1786BE22985F7EE55F /* RGBShiftPass.cpp in Sources */,
				E6DFE40519A2B323001F38D5 /* ofxPanel.cpp in Sources */,
				4A2B684DF41F7779B2947319 /* RimHighlightingPass.cpp in Sources */,
				4355FD81C3F9DDE40B10CE94 /* SSAOPass.cpp in Sources */,
				813E52BD790CE4AAF527DCD4 /* ToonPass.cpp in Sources */,
				898CB0955CB42FEB5D750A5C /* VerticalTiltShifPass.cpp in Sources */,
				D752EB8BA905C25F5E7F2B30 /* ZoomBlurPass.cpp in Sources */,
			);
			runOnlyForDeploymentPostprocessing = 0;
		};
/* End PBXSourcesBuildPhase section */

/* Begin PBXTargetDependency section */
		E4EEB9AC138B136A00A80321 /* PBXTargetDependency */ = {
			isa = PBXTargetDependency;
			name = openFrameworks;
			targetProxy = E4EEB9AB138B136A00A80321 /* PBXContainerItemProxy */;
		};
/* End PBXTargetDependency section */

/* Begin XCBuildConfiguration section */
		E4B69B4E0A3A1720003C02F2 /* Debug */ = {
			isa = XCBuildConfiguration;
			baseConfigurationReference = E4EB6923138AFD0F00A09F29 /* Project.xcconfig */;
			buildSettings = {
				ARCHS = "$(NATIVE_ARCH)";
				CONFIGURATION_BUILD_DIR = "$(SRCROOT)/bin/";
				COPY_PHASE_STRIP = NO;
				DEAD_CODE_STRIPPING = YES;
				GCC_AUTO_VECTORIZATION = YES;
				GCC_ENABLE_SSE3_EXTENSIONS = YES;
				GCC_ENABLE_SUPPLEMENTAL_SSE3_INSTRUCTIONS = YES;
				GCC_INLINES_ARE_PRIVATE_EXTERN = NO;
				GCC_OPTIMIZATION_LEVEL = 0;
				GCC_SYMBOLS_PRIVATE_EXTERN = NO;
				GCC_WARN_ABOUT_DEPRECATED_FUNCTIONS = YES;
				GCC_WARN_ABOUT_INVALID_OFFSETOF_MACRO = NO;
				GCC_WARN_ALLOW_INCOMPLETE_PROTOCOL = NO;
				GCC_WARN_UNINITIALIZED_AUTOS = NO;
				GCC_WARN_UNUSED_VALUE = NO;
				GCC_WARN_UNUSED_VARIABLE = NO;
				HEADER_SEARCH_PATHS = (
					"$(OF_CORE_HEADERS)",
					../../../addons/ofxKinect/libs,
					../../../addons/ofxKinect/libs/libfreenect,
					../../../addons/ofxKinect/libs/libfreenect/include,
					../../../addons/ofxKinect/libs/libfreenect/platform,
					../../../addons/ofxKinect/libs/libfreenect/src,
					"../../../addons/ofxKinect/libs/libusb-1.0",
					"../../../addons/ofxKinect/libs/libusb-1.0/include",
					"../../../addons/ofxKinect/libs/libusb-1.0/include/libusb-1.0",
					"../../../addons/ofxKinect/libs/libusb-1.0/lib",
					"../../../addons/ofxKinect/libs/libusb-1.0/lib/osx",
					"../../../addons/ofxKinect/libs/libusb-win32",
					../../../addons/ofxKinect/src,
					../../../addons/ofxKinect/src/extra,
					../../../addons/ofxDelaunay/libs,
					../../../addons/ofxDelaunay/libs/Delaunay,
					../../../addons/ofxDelaunay/src,
					../../../addons/ofxPostProcessing/libs,
					../../../addons/ofxPostProcessing/src,
					../../../addons/ofxBoost/src/lib,
				);
				MACOSX_DEPLOYMENT_TARGET = 10.6;
				OTHER_CPLUSPLUSFLAGS = (
					"-D__MACOSX_CORE__",
					"-lpthread",
					"-mtune=native",
				);
				OTHER_LDFLAGS = (
					"$(OF_CORE_LIBS)",
					"../../../addons/ofxKinect/libs/libusb-1.0/lib/osx/usb-1.0.a",
				);
				SDKROOT = macosx;
			};
			name = Debug;
		};
		E4B69B4F0A3A1720003C02F2 /* Release */ = {
			isa = XCBuildConfiguration;
			baseConfigurationReference = E4EB6923138AFD0F00A09F29 /* Project.xcconfig */;
			buildSettings = {
				ARCHS = "$(NATIVE_ARCH)";
				CONFIGURATION_BUILD_DIR = "$(SRCROOT)/bin/";
				COPY_PHASE_STRIP = YES;
				DEAD_CODE_STRIPPING = YES;
				GCC_AUTO_VECTORIZATION = YES;
				GCC_ENABLE_SSE3_EXTENSIONS = YES;
				GCC_ENABLE_SUPPLEMENTAL_SSE3_INSTRUCTIONS = YES;
				GCC_INLINES_ARE_PRIVATE_EXTERN = NO;
				GCC_OPTIMIZATION_LEVEL = 3;
				GCC_SYMBOLS_PRIVATE_EXTERN = NO;
				GCC_UNROLL_LOOPS = YES;
				GCC_WARN_ABOUT_DEPRECATED_FUNCTIONS = YES;
				GCC_WARN_ABOUT_INVALID_OFFSETOF_MACRO = NO;
				GCC_WARN_ALLOW_INCOMPLETE_PROTOCOL = NO;
				GCC_WARN_UNINITIALIZED_AUTOS = NO;
				GCC_WARN_UNUSED_VALUE = NO;
				GCC_WARN_UNUSED_VARIABLE = NO;
				HEADER_SEARCH_PATHS = (
					"$(OF_CORE_HEADERS)",
					../../../addons/ofxKinect/libs,
					../../../addons/ofxKinect/libs/libfreenect,
					../../../addons/ofxKinect/libs/libfreenect/include,
					../../../addons/ofxKinect/libs/libfreenect/platform,
					../../../addons/ofxKinect/libs/libfreenect/src,
					"../../../addons/ofxKinect/libs/libusb-1.0",
					"../../../addons/ofxKinect/libs/libusb-1.0/include",
					"../../../addons/ofxKinect/libs/libusb-1.0/include/libusb-1.0",
					"../../../addons/ofxKinect/libs/libusb-1.0/lib",
					"../../../addons/ofxKinect/libs/libusb-1.0/lib/osx",
					"../../../addons/ofxKinect/libs/libusb-win32",
					../../../addons/ofxKinect/src,
					../../../addons/ofxKinect/src/extra,
					../../../addons/ofxDelaunay/libs,
					../../../addons/ofxDelaunay/libs/Delaunay,
					../../../addons/ofxDelaunay/src,
					../../../addons/ofxPostProcessing/libs,
					../../../addons/ofxPostProcessing/src,
					../../../addons/ofxBoost/src/lib,
				);
				MACOSX_DEPLOYMENT_TARGET = 10.6;
				OTHER_CPLUSPLUSFLAGS = (
					"-D__MACOSX_CORE__",
					"-lpthread",
					"-mtune=native",
				);
				OTHER_LDFLAGS = (
					"$(OF_CORE_LIBS)",
					"../../../addons/ofxKinect/libs/libusb-1.0/lib/osx/usb-1.0.a",
				);
				SDKROOT = macosx;
			};
			name = Release;
		};
		E4B69B600A3A1757003C02F2 /* Debug */ = {
			isa = XCBuildConfiguration;
			buildSettings = {
				COMBINE_HIDPI_IMAGES = YES;
				COPY_PHASE_STRIP = NO;
				FRAMEWORK_SEARCH_PATHS = (
					"$(inherited)",
					"$(FRAMEWORK_SEARCH_PATHS_QUOTED_FOR_TARGET_1)",
					/Users/vgusev/repos/openFrameworks/addons/ofxSyphon/libs/Syphon/lib/osx,
				);
				FRAMEWORK_SEARCH_PATHS_QUOTED_FOR_TARGET_1 = "\"$(SRCROOT)/../../../libs/glut/lib/osx\"";
				GCC_DYNAMIC_NO_PIC = NO;
				GCC_GENERATE_DEBUGGING_SYMBOLS = YES;
				GCC_MODEL_TUNING = NONE;
				ICON = "$(ICON_NAME_DEBUG)";
				ICON_FILE = "$(ICON_FILE_PATH)$(ICON)";
				INFOPLIST_FILE = "openFrameworks-Info.plist";
				INSTALL_PATH = "$(HOME)/Applications";
				LIBRARY_SEARCH_PATHS = (
					"$(inherited)",
					"$(LIBRARY_SEARCH_PATHS_QUOTED_FOR_TARGET_1)",
					"$(LIBRARY_SEARCH_PATHS_QUOTED_FOR_TARGET_2)",
					"$(LIBRARY_SEARCH_PATHS_QUOTED_FOR_TARGET_3)",
					"$(LIBRARY_SEARCH_PATHS_QUOTED_FOR_TARGET_4)",
					"$(LIBRARY_SEARCH_PATHS_QUOTED_FOR_TARGET_5)",
					"$(LIBRARY_SEARCH_PATHS_QUOTED_FOR_TARGET_6)",
					"$(LIBRARY_SEARCH_PATHS_QUOTED_FOR_TARGET_7)",
					"$(LIBRARY_SEARCH_PATHS_QUOTED_FOR_TARGET_8)",
					"$(LIBRARY_SEARCH_PATHS_QUOTED_FOR_TARGET_9)",
					"$(LIBRARY_SEARCH_PATHS_QUOTED_FOR_TARGET_10)",
					"$(LIBRARY_SEARCH_PATHS_QUOTED_FOR_TARGET_11)",
					"$(LIBRARY_SEARCH_PATHS_QUOTED_FOR_TARGET_12)",
					"$(LIBRARY_SEARCH_PATHS_QUOTED_FOR_TARGET_13)",
					"$(LIBRARY_SEARCH_PATHS_QUOTED_FOR_TARGET_14)",
					"$(LIBRARY_SEARCH_PATHS_QUOTED_FOR_TARGET_15)",
					"$(LIBRARY_SEARCH_PATHS_QUOTED_FOR_TARGET_2)",
					"$(LIBRARY_SEARCH_PATHS_QUOTED_FOR_TARGET_3)",
					"$(LIBRARY_SEARCH_PATHS_QUOTED_FOR_TARGET_7)",
					"$(LIBRARY_SEARCH_PATHS_QUOTED_FOR_TARGET_8)",
					"$(LIBRARY_SEARCH_PATHS_QUOTED_FOR_TARGET_9)",
					"$(LIBRARY_SEARCH_PATHS_QUOTED_FOR_TARGET_10)",
					"$(LIBRARY_SEARCH_PATHS_QUOTED_FOR_TARGET_11)",
					"$(LIBRARY_SEARCH_PATHS_QUOTED_FOR_TARGET_12)",
					"$(LIBRARY_SEARCH_PATHS_QUOTED_FOR_TARGET_13)",
					"$(LIBRARY_SEARCH_PATHS_QUOTED_FOR_TARGET_16)",
					"$(LIBRARY_SEARCH_PATHS_QUOTED_FOR_TARGET_17)",
					"$(LIBRARY_SEARCH_PATHS_QUOTED_FOR_TARGET_18)",
					"$(LIBRARY_SEARCH_PATHS_QUOTED_FOR_TARGET_19)",
					"$(LIBRARY_SEARCH_PATHS_QUOTED_FOR_TARGET_20)",
					"$(LIBRARY_SEARCH_PATHS_QUOTED_FOR_TARGET_21)",
					"$(LIBRARY_SEARCH_PATHS_QUOTED_FOR_TARGET_22)",
					"$(LIBRARY_SEARCH_PATHS_QUOTED_FOR_TARGET_23)",
					"$(LIBRARY_SEARCH_PATHS_QUOTED_FOR_TARGET_24)",
					"$(LIBRARY_SEARCH_PATHS_QUOTED_FOR_TARGET_25)",
					"$(LIBRARY_SEARCH_PATHS_QUOTED_FOR_TARGET_26)",
					"$(LIBRARY_SEARCH_PATHS_QUOTED_FOR_TARGET_27)",
					"$(LIBRARY_SEARCH_PATHS_QUOTED_FOR_TARGET_28)",
					"$(LIBRARY_SEARCH_PATHS_QUOTED_FOR_TARGET_29)",
					"$(LIBRARY_SEARCH_PATHS_QUOTED_FOR_TARGET_30)",
					"$(LIBRARY_SEARCH_PATHS_QUOTED_FOR_TARGET_31)",
					"$(LIBRARY_SEARCH_PATHS_QUOTED_FOR_TARGET_32)",
					"$(LIBRARY_SEARCH_PATHS_QUOTED_FOR_TARGET_33)",
					"$(LIBRARY_SEARCH_PATHS_QUOTED_FOR_TARGET_34)",
					"$(LIBRARY_SEARCH_PATHS_QUOTED_FOR_TARGET_35)",
					"$(LIBRARY_SEARCH_PATHS_QUOTED_FOR_TARGET_36)",
					"$(LIBRARY_SEARCH_PATHS_QUOTED_FOR_TARGET_37)",
					"$(LIBRARY_SEARCH_PATHS_QUOTED_FOR_TARGET_38)",
					"$(LIBRARY_SEARCH_PATHS_QUOTED_FOR_TARGET_39)",
					"$(LIBRARY_SEARCH_PATHS_QUOTED_FOR_TARGET_40)",
					"$(LIBRARY_SEARCH_PATHS_QUOTED_FOR_TARGET_41)",
					"$(LIBRARY_SEARCH_PATHS_QUOTED_FOR_TARGET_42)",
					"$(LIBRARY_SEARCH_PATHS_QUOTED_FOR_TARGET_43)",
					"$(LIBRARY_SEARCH_PATHS_QUOTED_FOR_TARGET_44)",
					"$(LIBRARY_SEARCH_PATHS_QUOTED_FOR_TARGET_45)",
					"$(LIBRARY_SEARCH_PATHS_QUOTED_FOR_TARGET_46)",
					"$(LIBRARY_SEARCH_PATHS_QUOTED_FOR_TARGET_47)",
					"$(LIBRARY_SEARCH_PATHS_QUOTED_FOR_TARGET_48)",
					"$(LIBRARY_SEARCH_PATHS_QUOTED_FOR_TARGET_49)",
					"$(LIBRARY_SEARCH_PATHS_QUOTED_FOR_TARGET_50)",
					"$(LIBRARY_SEARCH_PATHS_QUOTED_FOR_TARGET_51)",
					"$(LIBRARY_SEARCH_PATHS_QUOTED_FOR_TARGET_52)",
					/Users/vgusev/repos/openFrameworks/addons/ofxBoost/lib/mac,
					/Users/vgusev/repos/openFrameworks/addons/ofxBoost/lib/win,
					/Users/vgusev/repos/openFrameworks/addons/ofxBoost/lib/win/win64,
				);
				PRODUCT_NAME = KinectToObjDebug;
				WRAPPER_EXTENSION = app;
			};
			name = Debug;
		};
		E4B69B610A3A1757003C02F2 /* Release */ = {
			isa = XCBuildConfiguration;
			buildSettings = {
				COMBINE_HIDPI_IMAGES = YES;
				COPY_PHASE_STRIP = YES;
				FRAMEWORK_SEARCH_PATHS = (
					"$(inherited)",
					"$(FRAMEWORK_SEARCH_PATHS_QUOTED_FOR_TARGET_1)",
					/Users/vgusev/repos/openFrameworks/addons/ofxSyphon/libs/Syphon/lib/osx,
				);
				FRAMEWORK_SEARCH_PATHS_QUOTED_FOR_TARGET_1 = "\"$(SRCROOT)/../../../libs/glut/lib/osx\"";
				GCC_GENERATE_DEBUGGING_SYMBOLS = YES;
				GCC_MODEL_TUNING = NONE;
				ICON = "$(ICON_NAME_RELEASE)";
				ICON_FILE = "$(ICON_FILE_PATH)$(ICON)";
				INFOPLIST_FILE = "openFrameworks-Info.plist";
				INSTALL_PATH = "$(HOME)/Applications";
				LIBRARY_SEARCH_PATHS = (
					"$(inherited)",
					"$(LIBRARY_SEARCH_PATHS_QUOTED_FOR_TARGET_1)",
					"$(LIBRARY_SEARCH_PATHS_QUOTED_FOR_TARGET_2)",
					"$(LIBRARY_SEARCH_PATHS_QUOTED_FOR_TARGET_3)",
					"$(LIBRARY_SEARCH_PATHS_QUOTED_FOR_TARGET_4)",
					"$(LIBRARY_SEARCH_PATHS_QUOTED_FOR_TARGET_5)",
					"$(LIBRARY_SEARCH_PATHS_QUOTED_FOR_TARGET_6)",
					"$(LIBRARY_SEARCH_PATHS_QUOTED_FOR_TARGET_7)",
					"$(LIBRARY_SEARCH_PATHS_QUOTED_FOR_TARGET_8)",
					"$(LIBRARY_SEARCH_PATHS_QUOTED_FOR_TARGET_9)",
					"$(LIBRARY_SEARCH_PATHS_QUOTED_FOR_TARGET_10)",
					"$(LIBRARY_SEARCH_PATHS_QUOTED_FOR_TARGET_11)",
					"$(LIBRARY_SEARCH_PATHS_QUOTED_FOR_TARGET_12)",
					"$(LIBRARY_SEARCH_PATHS_QUOTED_FOR_TARGET_13)",
					"$(LIBRARY_SEARCH_PATHS_QUOTED_FOR_TARGET_14)",
					"$(LIBRARY_SEARCH_PATHS_QUOTED_FOR_TARGET_15)",
					"$(LIBRARY_SEARCH_PATHS_QUOTED_FOR_TARGET_2)",
					"$(LIBRARY_SEARCH_PATHS_QUOTED_1)",
					"$(LIBRARY_SEARCH_PATHS_QUOTED_FOR_TARGET_3)",
					"$(LIBRARY_SEARCH_PATHS_QUOTED_FOR_TARGET_7)",
					"$(LIBRARY_SEARCH_PATHS_QUOTED_FOR_TARGET_8)",
					"$(LIBRARY_SEARCH_PATHS_QUOTED_FOR_TARGET_9)",
					"$(LIBRARY_SEARCH_PATHS_QUOTED_FOR_TARGET_10)",
					"$(LIBRARY_SEARCH_PATHS_QUOTED_FOR_TARGET_11)",
					"$(LIBRARY_SEARCH_PATHS_QUOTED_FOR_TARGET_12)",
					"$(LIBRARY_SEARCH_PATHS_QUOTED_FOR_TARGET_13)",
					"$(LIBRARY_SEARCH_PATHS_QUOTED_FOR_TARGET_16)",
					"$(LIBRARY_SEARCH_PATHS_QUOTED_FOR_TARGET_17)",
					"$(LIBRARY_SEARCH_PATHS_QUOTED_FOR_TARGET_18)",
					"$(LIBRARY_SEARCH_PATHS_QUOTED_FOR_TARGET_19)",
					"$(LIBRARY_SEARCH_PATHS_QUOTED_FOR_TARGET_20)",
					"$(LIBRARY_SEARCH_PATHS_QUOTED_FOR_TARGET_21)",
					"$(LIBRARY_SEARCH_PATHS_QUOTED_FOR_TARGET_22)",
					"$(LIBRARY_SEARCH_PATHS_QUOTED_FOR_TARGET_23)",
					"$(LIBRARY_SEARCH_PATHS_QUOTED_FOR_TARGET_24)",
					"$(LIBRARY_SEARCH_PATHS_QUOTED_FOR_TARGET_25)",
					"$(LIBRARY_SEARCH_PATHS_QUOTED_FOR_TARGET_26)",
					"$(LIBRARY_SEARCH_PATHS_QUOTED_FOR_TARGET_27)",
					"$(LIBRARY_SEARCH_PATHS_QUOTED_FOR_TARGET_28)",
					"$(LIBRARY_SEARCH_PATHS_QUOTED_FOR_TARGET_29)",
					"$(LIBRARY_SEARCH_PATHS_QUOTED_FOR_TARGET_30)",
					"$(LIBRARY_SEARCH_PATHS_QUOTED_FOR_TARGET_31)",
					"$(LIBRARY_SEARCH_PATHS_QUOTED_FOR_TARGET_32)",
					"$(LIBRARY_SEARCH_PATHS_QUOTED_FOR_TARGET_33)",
					"$(LIBRARY_SEARCH_PATHS_QUOTED_FOR_TARGET_34)",
					"$(LIBRARY_SEARCH_PATHS_QUOTED_FOR_TARGET_35)",
					"$(LIBRARY_SEARCH_PATHS_QUOTED_FOR_TARGET_36)",
					"$(LIBRARY_SEARCH_PATHS_QUOTED_FOR_TARGET_37)",
					"$(LIBRARY_SEARCH_PATHS_QUOTED_FOR_TARGET_38)",
					"$(LIBRARY_SEARCH_PATHS_QUOTED_FOR_TARGET_39)",
					"$(LIBRARY_SEARCH_PATHS_QUOTED_FOR_TARGET_40)",
					"$(LIBRARY_SEARCH_PATHS_QUOTED_FOR_TARGET_41)",
					"$(LIBRARY_SEARCH_PATHS_QUOTED_FOR_TARGET_42)",
					"$(LIBRARY_SEARCH_PATHS_QUOTED_FOR_TARGET_43)",
					"$(LIBRARY_SEARCH_PATHS_QUOTED_FOR_TARGET_44)",
					"$(LIBRARY_SEARCH_PATHS_QUOTED_FOR_TARGET_45)",
					"$(LIBRARY_SEARCH_PATHS_QUOTED_FOR_TARGET_46)",
					"$(LIBRARY_SEARCH_PATHS_QUOTED_FOR_TARGET_47)",
					"$(LIBRARY_SEARCH_PATHS_QUOTED_FOR_TARGET_48)",
					"$(LIBRARY_SEARCH_PATHS_QUOTED_FOR_TARGET_49)",
					"$(LIBRARY_SEARCH_PATHS_QUOTED_FOR_TARGET_50)",
					"$(LIBRARY_SEARCH_PATHS_QUOTED_FOR_TARGET_51)",
					/Users/vgusev/repos/openFrameworks/addons/ofxBoost/lib/mac,
					/Users/vgusev/repos/openFrameworks/addons/ofxBoost/lib/win,
					/Users/vgusev/repos/openFrameworks/addons/ofxBoost/lib/win/win64,
				);
				PRODUCT_NAME = KinectToObj;
				WRAPPER_EXTENSION = app;
			};
			name = Release;
		};
/* End XCBuildConfiguration section */

/* Begin XCConfigurationList section */
		E4B69B4D0A3A1720003C02F2 /* Build configuration list for PBXProject "KinectToObj" */ = {
			isa = XCConfigurationList;
			buildConfigurations = (
				E4B69B4E0A3A1720003C02F2 /* Debug */,
				E4B69B4F0A3A1720003C02F2 /* Release */,
			);
			defaultConfigurationIsVisible = 0;
			defaultConfigurationName = Release;
		};
		E4B69B5F0A3A1757003C02F2 /* Build configuration list for PBXNativeTarget "KinectToObj" */ = {
			isa = XCConfigurationList;
			buildConfigurations = (
				E4B69B600A3A1757003C02F2 /* Debug */,
				E4B69B610A3A1757003C02F2 /* Release */,
			);
			defaultConfigurationIsVisible = 0;
			defaultConfigurationName = Release;
		};
/* End XCConfigurationList section */
	};
	rootObject = E4B69B4C0A3A1720003C02F2 /* Project object */;
}
