// !$*UTF8*$!
{
	archiveVersion = 1;
	classes = {
	};
	objectVersion = 46;
	objects = {

/* Begin PBXBuildFile section */
		3321B96C9659105F44350A6C /* PS3EyeWindowAppDelegate.m in Sources */ = {isa = PBXBuildFile; fileRef = 464C839D30CCEFF771B2E422 /* PS3EyeWindowAppDelegate.m */; };
		49A32C9017D805133EC68733 /* AGC.m in Sources */ = {isa = PBXBuildFile; fileRef = 3F33638670597C231FC3F62C /* AGC.m */; };
		4C223A5AC3B77923C42438F7 /* OV534Driver.m in Sources */ = {isa = PBXBuildFile; fileRef = CF1E9C1085A9A9924E1D8804 /* OV534Driver.m */; };
		54246E0E70670038E43D95BC /* Histogram.m in Sources */ = {isa = PBXBuildFile; fileRef = B6DE77B62F1E9D2BDE3BE888 /* Histogram.m */; };
		56C1461D4D6DF6D99FCB8A9A /* Resolvers.cpp in Sources */ = {isa = PBXBuildFile; fileRef = B57E64EE6D9AF5E0A16FCD1E /* Resolvers.cpp */; };
		70D04CD0CF0891EBF497A21C /* BayerConverter.m in Sources */ = {isa = PBXBuildFile; fileRef = E9D916E101E14E9227713E4D /* BayerConverter.m */; };
		7420F743C006B26B95FF9051 /* LookUpTable.m in Sources */ = {isa = PBXBuildFile; fileRef = EE31C187F527E6C87EEFD51D /* LookUpTable.m */; };
		859C20916AF9A4F8D4A929F6 /* MyCameraDriver.m in Sources */ = {isa = PBXBuildFile; fileRef = E8B3CFF2D76D23E5130B03C6 /* MyCameraDriver.m */; };
		90965E88EDD92E0D10B07FE2 /* Sensor.m in Sources */ = {isa = PBXBuildFile; fileRef = 4010A22AB915CB992F1B59BF /* Sensor.m */; };
		A6E663C9C7F2B67585FCA31A /* MyCameraInfo.m in Sources */ = {isa = PBXBuildFile; fileRef = 3CD03ABE0301C38C40C1D15D /* MyCameraInfo.m */; };
		A977196B829A665AAF57E123 /* FrameCounter.m in Sources */ = {isa = PBXBuildFile; fileRef = 6274CC2883159945C01AEEDC /* FrameCounter.m */; };
		ADF8B0EA6A6B24734C9AA58C /* MiniGraphicsTools.cpp in Sources */ = {isa = PBXBuildFile; fileRef = 1754FF232D736FA53DBCD7F0 /* MiniGraphicsTools.cpp */; };
		AF2E077F19BBB4BC0088E8DA /* Syphon.framework in Frameworks */ = {isa = PBXBuildFile; fileRef = AF2E076219BBB4BC0088E8DA /* Syphon.framework */; };
		AF2E078019BBB4BC0088E8DA /* SyphonNameboundClient.m in Sources */ = {isa = PBXBuildFile; fileRef = AF2E076519BBB4BC0088E8DA /* SyphonNameboundClient.m */; };
		AF2E078119BBB4BC0088E8DA /* ofxSyphonClient.mm in Sources */ = {isa = PBXBuildFile; fileRef = AF2E076A19BBB4BC0088E8DA /* ofxSyphonClient.mm */; };
		AF2E078219BBB4BC0088E8DA /* ofxSyphonServer.mm in Sources */ = {isa = PBXBuildFile; fileRef = AF2E076C19BBB4BC0088E8DA /* ofxSyphonServer.mm */; };
		AF2E078319BBB4BC0088E8DA /* ofxSyphonServerDirectory.mm in Sources */ = {isa = PBXBuildFile; fileRef = AF2E076E19BBB4BC0088E8DA /* ofxSyphonServerDirectory.mm */; };
		AF2E078A19BBB4EF0088E8DA /* Syphon.framework in CopyFiles */ = {isa = PBXBuildFile; fileRef = AF2E076219BBB4BC0088E8DA /* Syphon.framework */; };
		AFBACA3D19BBAE8600CF7419 /* QuickTime.framework in Frameworks */ = {isa = PBXBuildFile; fileRef = AFBACA3C19BBAE8600CF7419 /* QuickTime.framework */; };
		B9DA57768B33F7C78565D998 /* MiscTools.cpp in Sources */ = {isa = PBXBuildFile; fileRef = 4C068762039E5B66A5822DF1 /* MiscTools.cpp */; };
		BBAB23CB13894F3D00AA2426 /* GLUT.framework in CopyFiles */ = {isa = PBXBuildFile; fileRef = BBAB23BE13894E4700AA2426 /* GLUT.framework */; };
		CD33672097FDA1FFBEDAA629 /* GenericDriver.m in Sources */ = {isa = PBXBuildFile; fileRef = 1A67B9CE9777841B26A67C23 /* GenericDriver.m */; };
		D181BFBB3780AD7FDFC2BF76 /* ofxMacamPs3Eye.mm in Sources */ = {isa = PBXBuildFile; fileRef = 23EE769655944E3157CC5088 /* ofxMacamPs3Eye.mm */; };
		E4328149138ABC9F0047C5CB /* openFrameworksDebug.a in Frameworks */ = {isa = PBXBuildFile; fileRef = E4328148138ABC890047C5CB /* openFrameworksDebug.a */; };
		E45BE97B0E8CC7DD009D7055 /* AGL.framework in Frameworks */ = {isa = PBXBuildFile; fileRef = E45BE9710E8CC7DD009D7055 /* AGL.framework */; };
		E45BE97C0E8CC7DD009D7055 /* ApplicationServices.framework in Frameworks */ = {isa = PBXBuildFile; fileRef = E45BE9720E8CC7DD009D7055 /* ApplicationServices.framework */; };
		E45BE97D0E8CC7DD009D7055 /* AudioToolbox.framework in Frameworks */ = {isa = PBXBuildFile; fileRef = E45BE9730E8CC7DD009D7055 /* AudioToolbox.framework */; };
		E45BE97F0E8CC7DD009D7055 /* CoreAudio.framework in Frameworks */ = {isa = PBXBuildFile; fileRef = E45BE9750E8CC7DD009D7055 /* CoreAudio.framework */; };
		E45BE9800E8CC7DD009D7055 /* CoreFoundation.framework in Frameworks */ = {isa = PBXBuildFile; fileRef = E45BE9760E8CC7DD009D7055 /* CoreFoundation.framework */; };
		E45BE9810E8CC7DD009D7055 /* CoreServices.framework in Frameworks */ = {isa = PBXBuildFile; fileRef = E45BE9770E8CC7DD009D7055 /* CoreServices.framework */; };
		E45BE9830E8CC7DD009D7055 /* OpenGL.framework in Frameworks */ = {isa = PBXBuildFile; fileRef = E45BE9790E8CC7DD009D7055 /* OpenGL.framework */; };
		E4B69E200A3A1BDC003C02F2 /* main.cpp in Sources */ = {isa = PBXBuildFile; fileRef = E4B69E1D0A3A1BDC003C02F2 /* main.cpp */; };
		E4B69E210A3A1BDC003C02F2 /* ofApp.cpp in Sources */ = {isa = PBXBuildFile; fileRef = E4B69E1E0A3A1BDC003C02F2 /* ofApp.cpp */; };
		E4C2424710CC5A17004149E2 /* AppKit.framework in Frameworks */ = {isa = PBXBuildFile; fileRef = E4C2424410CC5A17004149E2 /* AppKit.framework */; };
		E4C2424810CC5A17004149E2 /* Cocoa.framework in Frameworks */ = {isa = PBXBuildFile; fileRef = E4C2424510CC5A17004149E2 /* Cocoa.framework */; };
		E4C2424910CC5A17004149E2 /* IOKit.framework in Frameworks */ = {isa = PBXBuildFile; fileRef = E4C2424610CC5A17004149E2 /* IOKit.framework */; };
		E4EB6799138ADC1D00A09F29 /* GLUT.framework in Frameworks */ = {isa = PBXBuildFile; fileRef = BBAB23BE13894E4700AA2426 /* GLUT.framework */; };
		E7E077E515D3B63C0020DFD4 /* CoreVideo.framework in Frameworks */ = {isa = PBXBuildFile; fileRef = E7E077E415D3B63C0020DFD4 /* CoreVideo.framework */; };
		E7E077E815D3B6510020DFD4 /* QTKit.framework in Frameworks */ = {isa = PBXBuildFile; fileRef = E7E077E715D3B6510020DFD4 /* QTKit.framework */; };
		E7F985F815E0DEA3003869B5 /* Accelerate.framework in Frameworks */ = {isa = PBXBuildFile; fileRef = E7F985F515E0DE99003869B5 /* Accelerate.framework */; };
		F04CCCF871B1F43935BF762B /* ControllerInterface.m in Sources */ = {isa = PBXBuildFile; fileRef = 5C34A8AC6C607A7AFBAF4751 /* ControllerInterface.m */; };
		F3E713688B294518F741B7E9 /* MyCameraCentral.m in Sources */ = {isa = PBXBuildFile; fileRef = 32FA4DC39AD4EDED926B01B0 /* MyCameraCentral.m */; };
/* End PBXBuildFile section */

/* Begin PBXContainerItemProxy section */
		E4328147138ABC890047C5CB /* PBXContainerItemProxy */ = {
			isa = PBXContainerItemProxy;
			containerPortal = E4328143138ABC890047C5CB /* openFrameworksLib.xcodeproj */;
			proxyType = 2;
			remoteGlobalIDString = E4B27C1510CBEB8E00536013;
			remoteInfo = openFrameworks;
		};
		E4EEB9AB138B136A00A80321 /* PBXContainerItemProxy */ = {
			isa = PBXContainerItemProxy;
			containerPortal = E4328143138ABC890047C5CB /* openFrameworksLib.xcodeproj */;
			proxyType = 1;
			remoteGlobalIDString = E4B27C1410CBEB8E00536013;
			remoteInfo = openFrameworks;
		};
/* End PBXContainerItemProxy section */

/* Begin PBXCopyFilesBuildPhase section */
		E4C2427710CC5ABF004149E2 /* CopyFiles */ = {
			isa = PBXCopyFilesBuildPhase;
			buildActionMask = 2147483647;
			dstPath = "";
			dstSubfolderSpec = 10;
			files = (
				AF2E078A19BBB4EF0088E8DA /* Syphon.framework in CopyFiles */,
				BBAB23CB13894F3D00AA2426 /* GLUT.framework in CopyFiles */,
			);
			runOnlyForDeploymentPostprocessing = 0;
		};
/* End PBXCopyFilesBuildPhase section */

/* Begin PBXFileReference section */
		137E35916E00E8F932C77F4F /* MyCameraCentral.h */ = {isa = PBXFileReference; explicitFileType = sourcecode.c.h; fileEncoding = 30; name = MyCameraCentral.h; path = ../../../addons/ofxMacamPs3Eye/src/macam/include/MyCameraCentral.h; sourceTree = SOURCE_ROOT; };
		1754FF232D736FA53DBCD7F0 /* MiniGraphicsTools.cpp */ = {isa = PBXFileReference; explicitFileType = sourcecode.cpp.cpp; fileEncoding = 30; name = MiniGraphicsTools.cpp; path = ../../../addons/ofxMacamPs3Eye/src/macam/MiniGraphicsTools.cpp; sourceTree = SOURCE_ROOT; };
		1A67B9CE9777841B26A67C23 /* GenericDriver.m */ = {isa = PBXFileReference; explicitFileType = sourcecode.cpp.objcpp; fileEncoding = 30; name = GenericDriver.m; path = ../../../addons/ofxMacamPs3Eye/src/macam/GenericDriver.m; sourceTree = SOURCE_ROOT; };
		1C0DE6DDD52E789AF4AA5FE6 /* Sensor.h */ = {isa = PBXFileReference; explicitFileType = sourcecode.c.h; fileEncoding = 30; name = Sensor.h; path = ../../../addons/ofxMacamPs3Eye/src/macam/include/Sensor.h; sourceTree = SOURCE_ROOT; };
		23EE769655944E3157CC5088 /* ofxMacamPs3Eye.mm */ = {isa = PBXFileReference; explicitFileType = sourcecode.cpp.objcpp; fileEncoding = 30; name = ofxMacamPs3Eye.mm; path = ../../../addons/ofxMacamPs3Eye/src/ofxMacamPs3Eye.mm; sourceTree = SOURCE_ROOT; };
		2614FA287618E9CFAFBF1C7B /* FrameCounter.h */ = {isa = PBXFileReference; explicitFileType = sourcecode.c.h; fileEncoding = 30; name = FrameCounter.h; path = ../../../addons/ofxMacamPs3Eye/src/macam/include/FrameCounter.h; sourceTree = SOURCE_ROOT; };
		2C52C43910E7831DAA684AC0 /* AGC.h */ = {isa = PBXFileReference; explicitFileType = sourcecode.c.h; fileEncoding = 30; name = AGC.h; path = ../../../addons/ofxMacamPs3Eye/src/macam/include/AGC.h; sourceTree = SOURCE_ROOT; };
		2EB74AD8B15D2AE23201A2CF /* MyCameraDriver.h */ = {isa = PBXFileReference; explicitFileType = sourcecode.c.h; fileEncoding = 30; name = MyCameraDriver.h; path = ../../../addons/ofxMacamPs3Eye/src/macam/include/MyCameraDriver.h; sourceTree = SOURCE_ROOT; };
		32FA4DC39AD4EDED926B01B0 /* MyCameraCentral.m */ = {isa = PBXFileReference; explicitFileType = sourcecode.cpp.objcpp; fileEncoding = 30; name = MyCameraCentral.m; path = ../../../addons/ofxMacamPs3Eye/src/macam/MyCameraCentral.m; sourceTree = SOURCE_ROOT; };
		3CD03ABE0301C38C40C1D15D /* MyCameraInfo.m */ = {isa = PBXFileReference; explicitFileType = sourcecode.cpp.objcpp; fileEncoding = 30; name = MyCameraInfo.m; path = ../../../addons/ofxMacamPs3Eye/src/macam/MyCameraInfo.m; sourceTree = SOURCE_ROOT; };
		3F33638670597C231FC3F62C /* AGC.m */ = {isa = PBXFileReference; explicitFileType = sourcecode.cpp.objcpp; fileEncoding = 30; name = AGC.m; path = ../../../addons/ofxMacamPs3Eye/src/macam/AGC.m; sourceTree = SOURCE_ROOT; };
		4010A22AB915CB992F1B59BF /* Sensor.m */ = {isa = PBXFileReference; explicitFileType = sourcecode.cpp.objcpp; fileEncoding = 30; name = Sensor.m; path = ../../../addons/ofxMacamPs3Eye/src/macam/Sensor.m; sourceTree = SOURCE_ROOT; };
		464C839D30CCEFF771B2E422 /* PS3EyeWindowAppDelegate.m */ = {isa = PBXFileReference; explicitFileType = sourcecode.cpp.objcpp; fileEncoding = 30; name = PS3EyeWindowAppDelegate.m; path = ../../../addons/ofxMacamPs3Eye/src/PS3EyeWindowAppDelegate.m; sourceTree = SOURCE_ROOT; };
		47BE5485B4A3F404846499FA /* MiscTools.h */ = {isa = PBXFileReference; explicitFileType = sourcecode.c.h; fileEncoding = 30; name = MiscTools.h; path = ../../../addons/ofxMacamPs3Eye/src/macam/include/MiscTools.h; sourceTree = SOURCE_ROOT; };
		4C068762039E5B66A5822DF1 /* MiscTools.cpp */ = {isa = PBXFileReference; explicitFileType = sourcecode.cpp.cpp; fileEncoding = 30; name = MiscTools.cpp; path = ../../../addons/ofxMacamPs3Eye/src/macam/MiscTools.cpp; sourceTree = SOURCE_ROOT; };
		5C34A8AC6C607A7AFBAF4751 /* ControllerInterface.m */ = {isa = PBXFileReference; explicitFileType = sourcecode.cpp.objcpp; fileEncoding = 30; name = ControllerInterface.m; path = ../../../addons/ofxMacamPs3Eye/src/macam/ControllerInterface.m; sourceTree = SOURCE_ROOT; };
		6274CC2883159945C01AEEDC /* FrameCounter.m */ = {isa = PBXFileReference; explicitFileType = sourcecode.cpp.objcpp; fileEncoding = 30; name = FrameCounter.m; path = ../../../addons/ofxMacamPs3Eye/src/macam/FrameCounter.m; sourceTree = SOURCE_ROOT; };
		6D052DC6B3F5629D6E714325 /* ofxMacamPs3Eye.h */ = {isa = PBXFileReference; explicitFileType = sourcecode.c.h; fileEncoding = 30; name = ofxMacamPs3Eye.h; path = ../../../addons/ofxMacamPs3Eye/src/ofxMacamPs3Eye.h; sourceTree = SOURCE_ROOT; };
		6E44E5C09C8D861D4939F9AE /* BayerConverter.h */ = {isa = PBXFileReference; explicitFileType = sourcecode.c.h; fileEncoding = 30; name = BayerConverter.h; path = ../../../addons/ofxMacamPs3Eye/src/macam/include/BayerConverter.h; sourceTree = SOURCE_ROOT; };
		77931D91B3B629C34FA05DAB /* Resolvers.h */ = {isa = PBXFileReference; explicitFileType = sourcecode.c.h; fileEncoding = 30; name = Resolvers.h; path = ../../../addons/ofxMacamPs3Eye/src/macam/include/Resolvers.h; sourceTree = SOURCE_ROOT; };
		87D93EE57AD57449E2495A18 /* GlobalDefs.h */ = {isa = PBXFileReference; explicitFileType = sourcecode.c.h; fileEncoding = 30; name = GlobalDefs.h; path = ../../../addons/ofxMacamPs3Eye/src/macam/include/GlobalDefs.h; sourceTree = SOURCE_ROOT; };
		96A74EEE44271A03CD567617 /* OV534Driver.h */ = {isa = PBXFileReference; explicitFileType = sourcecode.c.h; fileEncoding = 30; name = OV534Driver.h; path = ../../../addons/ofxMacamPs3Eye/src/macam/include/OV534Driver.h; sourceTree = SOURCE_ROOT; };
		AB387C0823B100FFDDBBF9D2 /* LookUpTable.h */ = {isa = PBXFileReference; explicitFileType = sourcecode.c.h; fileEncoding = 30; name = LookUpTable.h; path = ../../../addons/ofxMacamPs3Eye/src/macam/include/LookUpTable.h; sourceTree = SOURCE_ROOT; };
		AF2E076219BBB4BC0088E8DA /* Syphon.framework */ = {isa = PBXFileReference; lastKnownFileType = wrapper.framework; path = Syphon.framework; sourceTree = "<group>"; };
		AF2E076419BBB4BC0088E8DA /* SyphonNameboundClient.h */ = {isa = PBXFileReference; fileEncoding = 4; lastKnownFileType = sourcecode.c.h; path = SyphonNameboundClient.h; sourceTree = "<group>"; };
		AF2E076519BBB4BC0088E8DA /* SyphonNameboundClient.m */ = {isa = PBXFileReference; fileEncoding = 4; lastKnownFileType = sourcecode.c.objc; path = SyphonNameboundClient.m; sourceTree = "<group>"; };
		AF2E076819BBB4BC0088E8DA /* ofxSyphon.h */ = {isa = PBXFileReference; fileEncoding = 4; lastKnownFileType = sourcecode.c.h; path = ofxSyphon.h; sourceTree = "<group>"; };
		AF2E076919BBB4BC0088E8DA /* ofxSyphonClient.h */ = {isa = PBXFileReference; fileEncoding = 4; lastKnownFileType = sourcecode.c.h; path = ofxSyphonClient.h; sourceTree = "<group>"; };
		AF2E076A19BBB4BC0088E8DA /* ofxSyphonClient.mm */ = {isa = PBXFileReference; fileEncoding = 4; lastKnownFileType = sourcecode.cpp.objcpp; path = ofxSyphonClient.mm; sourceTree = "<group>"; };
		AF2E076B19BBB4BC0088E8DA /* ofxSyphonServer.h */ = {isa = PBXFileReference; fileEncoding = 4; lastKnownFileType = sourcecode.c.h; path = ofxSyphonServer.h; sourceTree = "<group>"; };
		AF2E076C19BBB4BC0088E8DA /* ofxSyphonServer.mm */ = {isa = PBXFileReference; fileEncoding = 4; lastKnownFileType = sourcecode.cpp.objcpp; path = ofxSyphonServer.mm; sourceTree = "<group>"; };
		AF2E076D19BBB4BC0088E8DA /* ofxSyphonServerDirectory.h */ = {isa = PBXFileReference; fileEncoding = 4; lastKnownFileType = sourcecode.c.h; path = ofxSyphonServerDirectory.h; sourceTree = "<group>"; };
		AF2E076E19BBB4BC0088E8DA /* ofxSyphonServerDirectory.mm */ = {isa = PBXFileReference; fileEncoding = 4; lastKnownFileType = sourcecode.cpp.objcpp; path = ofxSyphonServerDirectory.mm; sourceTree = "<group>"; };
		AFBACA3C19BBAE8600CF7419 /* QuickTime.framework */ = {isa = PBXFileReference; lastKnownFileType = wrapper.framework; name = QuickTime.framework; path = ../../../../../../../System/Library/Frameworks/QuickTime.framework; sourceTree = "<group>"; };
		B57E64EE6D9AF5E0A16FCD1E /* Resolvers.cpp */ = {isa = PBXFileReference; explicitFileType = sourcecode.cpp.cpp; fileEncoding = 30; name = Resolvers.cpp; path = ../../../addons/ofxMacamPs3Eye/src/macam/Resolvers.cpp; sourceTree = SOURCE_ROOT; };
		B6DE77B62F1E9D2BDE3BE888 /* Histogram.m */ = {isa = PBXFileReference; explicitFileType = sourcecode.cpp.objcpp; fileEncoding = 30; name = Histogram.m; path = ../../../addons/ofxMacamPs3Eye/src/macam/Histogram.m; sourceTree = SOURCE_ROOT; };
		BBAB23BE13894E4700AA2426 /* GLUT.framework */ = {isa = PBXFileReference; lastKnownFileType = wrapper.framework; name = GLUT.framework; path = ../../../libs/glut/lib/osx/GLUT.framework; sourceTree = "<group>"; };
		BBFE848658BFD39968B880EA /* MyCameraInfo.h */ = {isa = PBXFileReference; explicitFileType = sourcecode.c.h; fileEncoding = 30; name = MyCameraInfo.h; path = ../../../addons/ofxMacamPs3Eye/src/macam/include/MyCameraInfo.h; sourceTree = SOURCE_ROOT; };
		BC9CFE7ABB8DB2CA0F20D3FE /* ControllerInterface.h */ = {isa = PBXFileReference; explicitFileType = sourcecode.c.h; fileEncoding = 30; name = ControllerInterface.h; path = ../../../addons/ofxMacamPs3Eye/src/macam/include/ControllerInterface.h; sourceTree = SOURCE_ROOT; };
		C98555832C3FDEAD35DC1CF4 /* MiniGraphicsTools.h */ = {isa = PBXFileReference; explicitFileType = sourcecode.c.h; fileEncoding = 30; name = MiniGraphicsTools.h; path = ../../../addons/ofxMacamPs3Eye/src/macam/include/MiniGraphicsTools.h; sourceTree = SOURCE_ROOT; };
		CF1E9C1085A9A9924E1D8804 /* OV534Driver.m */ = {isa = PBXFileReference; explicitFileType = sourcecode.cpp.objcpp; fileEncoding = 30; name = OV534Driver.m; path = ../../../addons/ofxMacamPs3Eye/src/macam/OV534Driver.m; sourceTree = SOURCE_ROOT; };
		E4328143138ABC890047C5CB /* openFrameworksLib.xcodeproj */ = {isa = PBXFileReference; lastKnownFileType = "wrapper.pb-project"; name = openFrameworksLib.xcodeproj; path = ../../../libs/openFrameworksCompiled/project/osx/openFrameworksLib.xcodeproj; sourceTree = SOURCE_ROOT; };
		E45BE9710E8CC7DD009D7055 /* AGL.framework */ = {isa = PBXFileReference; lastKnownFileType = wrapper.framework; name = AGL.framework; path = /System/Library/Frameworks/AGL.framework; sourceTree = "<absolute>"; };
		E45BE9720E8CC7DD009D7055 /* ApplicationServices.framework */ = {isa = PBXFileReference; lastKnownFileType = wrapper.framework; name = ApplicationServices.framework; path = /System/Library/Frameworks/ApplicationServices.framework; sourceTree = "<absolute>"; };
		E45BE9730E8CC7DD009D7055 /* AudioToolbox.framework */ = {isa = PBXFileReference; lastKnownFileType = wrapper.framework; name = AudioToolbox.framework; path = /System/Library/Frameworks/AudioToolbox.framework; sourceTree = "<absolute>"; };
		E45BE9750E8CC7DD009D7055 /* CoreAudio.framework */ = {isa = PBXFileReference; lastKnownFileType = wrapper.framework; name = CoreAudio.framework; path = /System/Library/Frameworks/CoreAudio.framework; sourceTree = "<absolute>"; };
		E45BE9760E8CC7DD009D7055 /* CoreFoundation.framework */ = {isa = PBXFileReference; lastKnownFileType = wrapper.framework; name = CoreFoundation.framework; path = /System/Library/Frameworks/CoreFoundation.framework; sourceTree = "<absolute>"; };
		E45BE9770E8CC7DD009D7055 /* CoreServices.framework */ = {isa = PBXFileReference; lastKnownFileType = wrapper.framework; name = CoreServices.framework; path = /System/Library/Frameworks/CoreServices.framework; sourceTree = "<absolute>"; };
		E45BE9790E8CC7DD009D7055 /* OpenGL.framework */ = {isa = PBXFileReference; lastKnownFileType = wrapper.framework; name = OpenGL.framework; path = /System/Library/Frameworks/OpenGL.framework; sourceTree = "<absolute>"; };
		E4B69B5B0A3A1756003C02F2 /* ps3eyeMeshDebug.app */ = {isa = PBXFileReference; explicitFileType = wrapper.application; includeInIndex = 0; path = ps3eyeMeshDebug.app; sourceTree = BUILT_PRODUCTS_DIR; };
		E4B69E1D0A3A1BDC003C02F2 /* main.cpp */ = {isa = PBXFileReference; fileEncoding = 30; lastKnownFileType = sourcecode.cpp.cpp; name = main.cpp; path = src/main.cpp; sourceTree = SOURCE_ROOT; };
		E4B69E1E0A3A1BDC003C02F2 /* ofApp.cpp */ = {isa = PBXFileReference; explicitFileType = sourcecode.cpp.cpp; fileEncoding = 30; name = ofApp.cpp; path = src/ofApp.cpp; sourceTree = SOURCE_ROOT; };
		E4B69E1F0A3A1BDC003C02F2 /* ofApp.h */ = {isa = PBXFileReference; fileEncoding = 30; lastKnownFileType = sourcecode.c.h; name = ofApp.h; path = src/ofApp.h; sourceTree = SOURCE_ROOT; };
		E4B6FCAD0C3E899E008CF71C /* openFrameworks-Info.plist */ = {isa = PBXFileReference; fileEncoding = 30; lastKnownFileType = text.plist.xml; path = "openFrameworks-Info.plist"; sourceTree = "<group>"; };
		E4C2424410CC5A17004149E2 /* AppKit.framework */ = {isa = PBXFileReference; lastKnownFileType = wrapper.framework; name = AppKit.framework; path = /System/Library/Frameworks/AppKit.framework; sourceTree = "<absolute>"; };
		E4C2424510CC5A17004149E2 /* Cocoa.framework */ = {isa = PBXFileReference; lastKnownFileType = wrapper.framework; name = Cocoa.framework; path = /System/Library/Frameworks/Cocoa.framework; sourceTree = "<absolute>"; };
		E4C2424610CC5A17004149E2 /* IOKit.framework */ = {isa = PBXFileReference; lastKnownFileType = wrapper.framework; name = IOKit.framework; path = /System/Library/Frameworks/IOKit.framework; sourceTree = "<absolute>"; };
		E4EB691F138AFCF100A09F29 /* CoreOF.xcconfig */ = {isa = PBXFileReference; fileEncoding = 4; lastKnownFileType = text.xcconfig; name = CoreOF.xcconfig; path = ../../../libs/openFrameworksCompiled/project/osx/CoreOF.xcconfig; sourceTree = SOURCE_ROOT; };
		E4EB6923138AFD0F00A09F29 /* Project.xcconfig */ = {isa = PBXFileReference; fileEncoding = 4; lastKnownFileType = text.xcconfig; path = Project.xcconfig; sourceTree = "<group>"; };
		E7E077E415D3B63C0020DFD4 /* CoreVideo.framework */ = {isa = PBXFileReference; lastKnownFileType = wrapper.framework; name = CoreVideo.framework; path = /System/Library/Frameworks/CoreVideo.framework; sourceTree = "<absolute>"; };
		E7E077E715D3B6510020DFD4 /* QTKit.framework */ = {isa = PBXFileReference; lastKnownFileType = wrapper.framework; name = QTKit.framework; path = /System/Library/Frameworks/QTKit.framework; sourceTree = "<absolute>"; };
		E7F985F515E0DE99003869B5 /* Accelerate.framework */ = {isa = PBXFileReference; lastKnownFileType = wrapper.framework; name = Accelerate.framework; path = /System/Library/Frameworks/Accelerate.framework; sourceTree = "<absolute>"; };
		E8B3CFF2D76D23E5130B03C6 /* MyCameraDriver.m */ = {isa = PBXFileReference; explicitFileType = sourcecode.cpp.objcpp; fileEncoding = 30; name = MyCameraDriver.m; path = ../../../addons/ofxMacamPs3Eye/src/macam/MyCameraDriver.m; sourceTree = SOURCE_ROOT; };
		E9D916E101E14E9227713E4D /* BayerConverter.m */ = {isa = PBXFileReference; explicitFileType = sourcecode.cpp.objcpp; fileEncoding = 30; name = BayerConverter.m; path = ../../../addons/ofxMacamPs3Eye/src/macam/BayerConverter.m; sourceTree = SOURCE_ROOT; };
		EB138EDEE72A0FB98099F3DA /* Histogram.h */ = {isa = PBXFileReference; explicitFileType = sourcecode.c.h; fileEncoding = 30; name = Histogram.h; path = ../../../addons/ofxMacamPs3Eye/src/macam/include/Histogram.h; sourceTree = SOURCE_ROOT; };
		EE31C187F527E6C87EEFD51D /* LookUpTable.m */ = {isa = PBXFileReference; explicitFileType = sourcecode.cpp.objcpp; fileEncoding = 30; name = LookUpTable.m; path = ../../../addons/ofxMacamPs3Eye/src/macam/LookUpTable.m; sourceTree = SOURCE_ROOT; };
		F02D6D110BE6F1F1D1C6544F /* PS3EyeWindowAppDelegate.h */ = {isa = PBXFileReference; explicitFileType = sourcecode.c.h; fileEncoding = 30; name = PS3EyeWindowAppDelegate.h; path = ../../../addons/ofxMacamPs3Eye/src/PS3EyeWindowAppDelegate.h; sourceTree = SOURCE_ROOT; };
		F4298E07120123A1BDC14911 /* GenericDriver.h */ = {isa = PBXFileReference; explicitFileType = sourcecode.c.h; fileEncoding = 30; name = GenericDriver.h; path = ../../../addons/ofxMacamPs3Eye/src/macam/include/GenericDriver.h; sourceTree = SOURCE_ROOT; };
/* End PBXFileReference section */

/* Begin PBXFrameworksBuildPhase section */
		E4B69B590A3A1756003C02F2 /* Frameworks */ = {
			isa = PBXFrameworksBuildPhase;
			buildActionMask = 2147483647;
			files = (
				E7F985F815E0DEA3003869B5 /* Accelerate.framework in Frameworks */,
				E7E077E815D3B6510020DFD4 /* QTKit.framework in Frameworks */,
				E4EB6799138ADC1D00A09F29 /* GLUT.framework in Frameworks */,
				E4328149138ABC9F0047C5CB /* openFrameworksDebug.a in Frameworks */,
				E45BE97B0E8CC7DD009D7055 /* AGL.framework in Frameworks */,
				E45BE97C0E8CC7DD009D7055 /* ApplicationServices.framework in Frameworks */,
				E45BE97D0E8CC7DD009D7055 /* AudioToolbox.framework in Frameworks */,
				E45BE97F0E8CC7DD009D7055 /* CoreAudio.framework in Frameworks */,
				E45BE9800E8CC7DD009D7055 /* CoreFoundation.framework in Frameworks */,
				E45BE9810E8CC7DD009D7055 /* CoreServices.framework in Frameworks */,
				E45BE9830E8CC7DD009D7055 /* OpenGL.framework in Frameworks */,
				AFBACA3D19BBAE8600CF7419 /* QuickTime.framework in Frameworks */,
				E4C2424710CC5A17004149E2 /* AppKit.framework in Frameworks */,
				E4C2424810CC5A17004149E2 /* Cocoa.framework in Frameworks */,
				AF2E077F19BBB4BC0088E8DA /* Syphon.framework in Frameworks */,
				E4C2424910CC5A17004149E2 /* IOKit.framework in Frameworks */,
				E7E077E515D3B63C0020DFD4 /* CoreVideo.framework in Frameworks */,
			);
			runOnlyForDeploymentPostprocessing = 0;
		};
/* End PBXFrameworksBuildPhase section */

/* Begin PBXGroup section */
		11B655511D84B97D78AB06E6 /* macam */ = {
			isa = PBXGroup;
			children = (
				3F33638670597C231FC3F62C /* AGC.m */,
				E9D916E101E14E9227713E4D /* BayerConverter.m */,
				5C34A8AC6C607A7AFBAF4751 /* ControllerInterface.m */,
				6274CC2883159945C01AEEDC /* FrameCounter.m */,
				1A67B9CE9777841B26A67C23 /* GenericDriver.m */,
				B6DE77B62F1E9D2BDE3BE888 /* Histogram.m */,
				F8614FF489415B4BE9008A09 /* include */,
				EE31C187F527E6C87EEFD51D /* LookUpTable.m */,
				1754FF232D736FA53DBCD7F0 /* MiniGraphicsTools.cpp */,
				4C068762039E5B66A5822DF1 /* MiscTools.cpp */,
				32FA4DC39AD4EDED926B01B0 /* MyCameraCentral.m */,
				E8B3CFF2D76D23E5130B03C6 /* MyCameraDriver.m */,
				3CD03ABE0301C38C40C1D15D /* MyCameraInfo.m */,
				CF1E9C1085A9A9924E1D8804 /* OV534Driver.m */,
				B57E64EE6D9AF5E0A16FCD1E /* Resolvers.cpp */,
				4010A22AB915CB992F1B59BF /* Sensor.m */,
			);
			name = macam;
			sourceTree = "<group>";
		};
		13EBFBD5A535D9F601941AC0 /* ofxMacamPs3Eye */ = {
			isa = PBXGroup;
			children = (
				E5E0522C87296AA711734050 /* src */,
			);
			name = ofxMacamPs3Eye;
			sourceTree = "<group>";
		};
		AF2E071619BBB4BB0088E8DA /* ofxSyphon */ = {
			isa = PBXGroup;
			children = (
				AF2E075E19BBB4BB0088E8DA /* libs */,
				AF2E076719BBB4BC0088E8DA /* src */,
			);
			name = ofxSyphon;
			path = ../../../addons/ofxSyphon;
			sourceTree = "<group>";
		};
		AF2E075E19BBB4BB0088E8DA /* libs */ = {
			isa = PBXGroup;
			children = (
				AF2E075F19BBB4BC0088E8DA /* Syphon */,
			);
			path = libs;
			sourceTree = "<group>";
		};
		AF2E075F19BBB4BC0088E8DA /* Syphon */ = {
			isa = PBXGroup;
			children = (
				AF2E076019BBB4BC0088E8DA /* lib */,
				AF2E076319BBB4BC0088E8DA /* src */,
			);
			path = Syphon;
			sourceTree = "<group>";
		};
		AF2E076019BBB4BC0088E8DA /* lib */ = {
			isa = PBXGroup;
			children = (
				AF2E076119BBB4BC0088E8DA /* osx */,
			);
			path = lib;
			sourceTree = "<group>";
		};
		AF2E076119BBB4BC0088E8DA /* osx */ = {
			isa = PBXGroup;
			children = (
				AF2E076219BBB4BC0088E8DA /* Syphon.framework */,
			);
			path = osx;
			sourceTree = "<group>";
		};
		AF2E076319BBB4BC0088E8DA /* src */ = {
			isa = PBXGroup;
			children = (
				AF2E076419BBB4BC0088E8DA /* SyphonNameboundClient.h */,
				AF2E076519BBB4BC0088E8DA /* SyphonNameboundClient.m */,
			);
			path = src;
			sourceTree = "<group>";
		};
		AF2E076719BBB4BC0088E8DA /* src */ = {
			isa = PBXGroup;
			children = (
				AF2E076819BBB4BC0088E8DA /* ofxSyphon.h */,
				AF2E076919BBB4BC0088E8DA /* ofxSyphonClient.h */,
				AF2E076A19BBB4BC0088E8DA /* ofxSyphonClient.mm */,
				AF2E076B19BBB4BC0088E8DA /* ofxSyphonServer.h */,
				AF2E076C19BBB4BC0088E8DA /* ofxSyphonServer.mm */,
				AF2E076D19BBB4BC0088E8DA /* ofxSyphonServerDirectory.h */,
				AF2E076E19BBB4BC0088E8DA /* ofxSyphonServerDirectory.mm */,
			);
			path = src;
			sourceTree = "<group>";
		};
		BB4B014C10F69532006C3DED /* addons */ = {
			isa = PBXGroup;
			children = (
				AF2E071619BBB4BB0088E8DA /* ofxSyphon */,
				13EBFBD5A535D9F601941AC0 /* ofxMacamPs3Eye */,
			);
			name = addons;
			sourceTree = "<group>";
		};
		BBAB23C913894ECA00AA2426 /* system frameworks */ = {
			isa = PBXGroup;
			children = (
				AFBACA3C19BBAE8600CF7419 /* QuickTime.framework */,
				E7F985F515E0DE99003869B5 /* Accelerate.framework */,
				E4C2424410CC5A17004149E2 /* AppKit.framework */,
				E4C2424510CC5A17004149E2 /* Cocoa.framework */,
				E4C2424610CC5A17004149E2 /* IOKit.framework */,
				E45BE9710E8CC7DD009D7055 /* AGL.framework */,
				E45BE9720E8CC7DD009D7055 /* ApplicationServices.framework */,
				E45BE9730E8CC7DD009D7055 /* AudioToolbox.framework */,
				E45BE9750E8CC7DD009D7055 /* CoreAudio.framework */,
				E45BE9760E8CC7DD009D7055 /* CoreFoundation.framework */,
				E45BE9770E8CC7DD009D7055 /* CoreServices.framework */,
				E45BE9790E8CC7DD009D7055 /* OpenGL.framework */,
				E7E077E415D3B63C0020DFD4 /* CoreVideo.framework */,
				E7E077E715D3B6510020DFD4 /* QTKit.framework */,
			);
			name = "system frameworks";
			sourceTree = "<group>";
		};
		BBAB23CA13894EDB00AA2426 /* 3rd party frameworks */ = {
			isa = PBXGroup;
			children = (
				BBAB23BE13894E4700AA2426 /* GLUT.framework */,
			);
			name = "3rd party frameworks";
			sourceTree = "<group>";
		};
		E4328144138ABC890047C5CB /* Products */ = {
			isa = PBXGroup;
			children = (
				E4328148138ABC890047C5CB /* openFrameworksDebug.a */,
			);
			name = Products;
			sourceTree = "<group>";
		};
		E45BE5980E8CC70C009D7055 /* frameworks */ = {
			isa = PBXGroup;
			children = (
				BBAB23CA13894EDB00AA2426 /* 3rd party frameworks */,
				BBAB23C913894ECA00AA2426 /* system frameworks */,
			);
			name = frameworks;
			sourceTree = "<group>";
		};
		E4B69B4A0A3A1720003C02F2 = {
			isa = PBXGroup;
			children = (
				E4B6FCAD0C3E899E008CF71C /* openFrameworks-Info.plist */,
				E4EB6923138AFD0F00A09F29 /* Project.xcconfig */,
				E4B69E1C0A3A1BDC003C02F2 /* src */,
				E4EEC9E9138DF44700A80321 /* openFrameworks */,
				BB4B014C10F69532006C3DED /* addons */,
				E45BE5980E8CC70C009D7055 /* frameworks */,
				E4B69B5B0A3A1756003C02F2 /* ps3eyeMeshDebug.app */,
			);
			sourceTree = "<group>";
		};
		E4B69E1C0A3A1BDC003C02F2 /* src */ = {
			isa = PBXGroup;
			children = (
				E4B69E1D0A3A1BDC003C02F2 /* main.cpp */,
				E4B69E1E0A3A1BDC003C02F2 /* ofApp.cpp */,
				E4B69E1F0A3A1BDC003C02F2 /* ofApp.h */,
			);
			path = src;
			sourceTree = SOURCE_ROOT;
		};
		E4EEC9E9138DF44700A80321 /* openFrameworks */ = {
			isa = PBXGroup;
			children = (
				E4EB691F138AFCF100A09F29 /* CoreOF.xcconfig */,
				E4328143138ABC890047C5CB /* openFrameworksLib.xcodeproj */,
			);
			name = openFrameworks;
			sourceTree = "<group>";
		};
		E5E0522C87296AA711734050 /* src */ = {
			isa = PBXGroup;
			children = (
				11B655511D84B97D78AB06E6 /* macam */,
				6D052DC6B3F5629D6E714325 /* ofxMacamPs3Eye.h */,
				23EE769655944E3157CC5088 /* ofxMacamPs3Eye.mm */,
				F02D6D110BE6F1F1D1C6544F /* PS3EyeWindowAppDelegate.h */,
				464C839D30CCEFF771B2E422 /* PS3EyeWindowAppDelegate.m */,
			);
			name = src;
			sourceTree = "<group>";
		};
		F8614FF489415B4BE9008A09 /* include */ = {
			isa = PBXGroup;
			children = (
				2C52C43910E7831DAA684AC0 /* AGC.h */,
				6E44E5C09C8D861D4939F9AE /* BayerConverter.h */,
				BC9CFE7ABB8DB2CA0F20D3FE /* ControllerInterface.h */,
				2614FA287618E9CFAFBF1C7B /* FrameCounter.h */,
				F4298E07120123A1BDC14911 /* GenericDriver.h */,
				87D93EE57AD57449E2495A18 /* GlobalDefs.h */,
				EB138EDEE72A0FB98099F3DA /* Histogram.h */,
				AB387C0823B100FFDDBBF9D2 /* LookUpTable.h */,
				C98555832C3FDEAD35DC1CF4 /* MiniGraphicsTools.h */,
				47BE5485B4A3F404846499FA /* MiscTools.h */,
				137E35916E00E8F932C77F4F /* MyCameraCentral.h */,
				2EB74AD8B15D2AE23201A2CF /* MyCameraDriver.h */,
				BBFE848658BFD39968B880EA /* MyCameraInfo.h */,
				96A74EEE44271A03CD567617 /* OV534Driver.h */,
				77931D91B3B629C34FA05DAB /* Resolvers.h */,
				1C0DE6DDD52E789AF4AA5FE6 /* Sensor.h */,
			);
			name = include;
			sourceTree = "<group>";
		};
/* End PBXGroup section */

/* Begin PBXNativeTarget section */
		E4B69B5A0A3A1756003C02F2 /* ps3eyeMesh */ = {
			isa = PBXNativeTarget;
			buildConfigurationList = E4B69B5F0A3A1757003C02F2 /* Build configuration list for PBXNativeTarget "ps3eyeMesh" */;
			buildPhases = (
				E4B69B580A3A1756003C02F2 /* Sources */,
				E4B69B590A3A1756003C02F2 /* Frameworks */,
				E4B6FFFD0C3F9AB9008CF71C /* ShellScript */,
				E4C2427710CC5ABF004149E2 /* CopyFiles */,
			);
			buildRules = (
			);
			dependencies = (
				E4EEB9AC138B136A00A80321 /* PBXTargetDependency */,
			);
			name = ps3eyeMesh;
			productName = myOFApp;
			productReference = E4B69B5B0A3A1756003C02F2 /* ps3eyeMeshDebug.app */;
			productType = "com.apple.product-type.application";
		};
/* End PBXNativeTarget section */

/* Begin PBXProject section */
		E4B69B4C0A3A1720003C02F2 /* Project object */ = {
			isa = PBXProject;
			attributes = {
				LastUpgradeCheck = 0460;
			};
			buildConfigurationList = E4B69B4D0A3A1720003C02F2 /* Build configuration list for PBXProject "ps3eyeMesh" */;
			compatibilityVersion = "Xcode 3.2";
			developmentRegion = English;
			hasScannedForEncodings = 0;
			knownRegions = (
				English,
				Japanese,
				French,
				German,
			);
			mainGroup = E4B69B4A0A3A1720003C02F2;
			productRefGroup = E4B69B4A0A3A1720003C02F2;
			projectDirPath = "";
			projectReferences = (
				{
					ProductGroup = E4328144138ABC890047C5CB /* Products */;
					ProjectRef = E4328143138ABC890047C5CB /* openFrameworksLib.xcodeproj */;
				},
			);
			projectRoot = "";
			targets = (
				E4B69B5A0A3A1756003C02F2 /* ps3eyeMesh */,
			);
		};
/* End PBXProject section */

/* Begin PBXReferenceProxy section */
		E4328148138ABC890047C5CB /* openFrameworksDebug.a */ = {
			isa = PBXReferenceProxy;
			fileType = archive.ar;
			path = openFrameworksDebug.a;
			remoteRef = E4328147138ABC890047C5CB /* PBXContainerItemProxy */;
			sourceTree = BUILT_PRODUCTS_DIR;
		};
/* End PBXReferenceProxy section */

/* Begin PBXShellScriptBuildPhase section */
		E4B6FFFD0C3F9AB9008CF71C /* ShellScript */ = {
			isa = PBXShellScriptBuildPhase;
			buildActionMask = 2147483647;
			files = (
			);
			inputPaths = (
			);
			outputPaths = (
			);
			runOnlyForDeploymentPostprocessing = 0;
			shellPath = /bin/sh;
			shellScript = "cp -f ../../../libs/fmodex/lib/osx/libfmodex.dylib \"$TARGET_BUILD_DIR/$PRODUCT_NAME.app/Contents/MacOS/libfmodex.dylib\"; install_name_tool -change ./libfmodex.dylib @executable_path/libfmodex.dylib \"$TARGET_BUILD_DIR/$PRODUCT_NAME.app/Contents/MacOS/$PRODUCT_NAME\";\nmkdir -p \"$TARGET_BUILD_DIR/$PRODUCT_NAME.app/Contents/Resources/\"\ncp -f \"$ICON_FILE\" \"$TARGET_BUILD_DIR/$PRODUCT_NAME.app/Contents/Resources/\"\n";
		};
/* End PBXShellScriptBuildPhase section */

/* Begin PBXSourcesBuildPhase section */
		E4B69B580A3A1756003C02F2 /* Sources */ = {
			isa = PBXSourcesBuildPhase;
			buildActionMask = 2147483647;
			files = (
				E4B69E200A3A1BDC003C02F2 /* main.cpp in Sources */,
				E4B69E210A3A1BDC003C02F2 /* ofApp.cpp in Sources */,
				49A32C9017D805133EC68733 /* AGC.m in Sources */,
				70D04CD0CF0891EBF497A21C /* BayerConverter.m in Sources */,
				AF2E078119BBB4BC0088E8DA /* ofxSyphonClient.mm in Sources */,
				F04CCCF871B1F43935BF762B /* ControllerInterface.m in Sources */,
				A977196B829A665AAF57E123 /* FrameCounter.m in Sources */,
				CD33672097FDA1FFBEDAA629 /* GenericDriver.m in Sources */,
				AF2E078319BBB4BC0088E8DA /* ofxSyphonServerDirectory.mm in Sources */,
				54246E0E70670038E43D95BC /* Histogram.m in Sources */,
				7420F743C006B26B95FF9051 /* LookUpTable.m in Sources */,
				ADF8B0EA6A6B24734C9AA58C /* MiniGraphicsTools.cpp in Sources */,
				B9DA57768B33F7C78565D998 /* MiscTools.cpp in Sources */,
				F3E713688B294518F741B7E9 /* MyCameraCentral.m in Sources */,
				AF2E078019BBB4BC0088E8DA /* SyphonNameboundClient.m in Sources */,
				859C20916AF9A4F8D4A929F6 /* MyCameraDriver.m in Sources */,
				A6E663C9C7F2B67585FCA31A /* MyCameraInfo.m in Sources */,
				4C223A5AC3B77923C42438F7 /* OV534Driver.m in Sources */,
				56C1461D4D6DF6D99FCB8A9A /* Resolvers.cpp in Sources */,
				90965E88EDD92E0D10B07FE2 /* Sensor.m in Sources */,
				D181BFBB3780AD7FDFC2BF76 /* ofxMacamPs3Eye.mm in Sources */,
				3321B96C9659105F44350A6C /* PS3EyeWindowAppDelegate.m in Sources */,
				AF2E078219BBB4BC0088E8DA /* ofxSyphonServer.mm in Sources */,
			);
			runOnlyForDeploymentPostprocessing = 0;
		};
/* End PBXSourcesBuildPhase section */

/* Begin PBXTargetDependency section */
		E4EEB9AC138B136A00A80321 /* PBXTargetDependency */ = {
			isa = PBXTargetDependency;
			name = openFrameworks;
			targetProxy = E4EEB9AB138B136A00A80321 /* PBXContainerItemProxy */;
		};
/* End PBXTargetDependency section */

/* Begin XCBuildConfiguration section */
		E4B69B4E0A3A1720003C02F2 /* Debug */ = {
			isa = XCBuildConfiguration;
			baseConfigurationReference = E4EB6923138AFD0F00A09F29 /* Project.xcconfig */;
			buildSettings = {
				ARCHS = "$(NATIVE_ARCH)";
				CONFIGURATION_BUILD_DIR = "$(SRCROOT)/bin/";
				COPY_PHASE_STRIP = NO;
				DEAD_CODE_STRIPPING = YES;
				GCC_AUTO_VECTORIZATION = YES;
				GCC_ENABLE_SSE3_EXTENSIONS = YES;
				GCC_ENABLE_SUPPLEMENTAL_SSE3_INSTRUCTIONS = YES;
				GCC_INLINES_ARE_PRIVATE_EXTERN = NO;
				GCC_OPTIMIZATION_LEVEL = 0;
				GCC_SYMBOLS_PRIVATE_EXTERN = NO;
				GCC_WARN_ABOUT_DEPRECATED_FUNCTIONS = YES;
				GCC_WARN_ABOUT_INVALID_OFFSETOF_MACRO = NO;
				GCC_WARN_ALLOW_INCOMPLETE_PROTOCOL = NO;
				GCC_WARN_UNINITIALIZED_AUTOS = NO;
				GCC_WARN_UNUSED_VALUE = NO;
				GCC_WARN_UNUSED_VARIABLE = NO;
				HEADER_SEARCH_PATHS = (
					"$(OF_CORE_HEADERS)",
					../../../addons/ofxMacamPs3Eye/libs,
					../../../addons/ofxMacamPs3Eye/src,
					../../../addons/ofxMacamPs3Eye/src/macam,
					../../../addons/ofxMacamPs3Eye/src/macam/include,
				);
				MACOSX_DEPLOYMENT_TARGET = 10.6;
				OTHER_CPLUSPLUSFLAGS = (
					"-D__MACOSX_CORE__",
					"-lpthread",
					"-mtune=native",
				);
				SDKROOT = macosx;
			};
			name = Debug;
		};
		E4B69B4F0A3A1720003C02F2 /* Release */ = {
			isa = XCBuildConfiguration;
			baseConfigurationReference = E4EB6923138AFD0F00A09F29 /* Project.xcconfig */;
			buildSettings = {
				ARCHS = "$(NATIVE_ARCH)";
				CONFIGURATION_BUILD_DIR = "$(SRCROOT)/bin/";
				COPY_PHASE_STRIP = YES;
				DEAD_CODE_STRIPPING = YES;
				GCC_AUTO_VECTORIZATION = YES;
				GCC_ENABLE_SSE3_EXTENSIONS = YES;
				GCC_ENABLE_SUPPLEMENTAL_SSE3_INSTRUCTIONS = YES;
				GCC_INLINES_ARE_PRIVATE_EXTERN = NO;
				GCC_OPTIMIZATION_LEVEL = 3;
				GCC_SYMBOLS_PRIVATE_EXTERN = NO;
				GCC_UNROLL_LOOPS = YES;
				GCC_WARN_ABOUT_DEPRECATED_FUNCTIONS = YES;
				GCC_WARN_ABOUT_INVALID_OFFSETOF_MACRO = NO;
				GCC_WARN_ALLOW_INCOMPLETE_PROTOCOL = NO;
				GCC_WARN_UNINITIALIZED_AUTOS = NO;
				GCC_WARN_UNUSED_VALUE = NO;
				GCC_WARN_UNUSED_VARIABLE = NO;
				HEADER_SEARCH_PATHS = (
					"$(OF_CORE_HEADERS)",
					../../../addons/ofxMacamPs3Eye/libs,
					../../../addons/ofxMacamPs3Eye/src,
					../../../addons/ofxMacamPs3Eye/src/macam,
					../../../addons/ofxMacamPs3Eye/src/macam/include,
				);
				MACOSX_DEPLOYMENT_TARGET = 10.6;
				OTHER_CPLUSPLUSFLAGS = (
					"-D__MACOSX_CORE__",
					"-lpthread",
					"-mtune=native",
				);
				SDKROOT = macosx;
			};
			name = Release;
		};
		E4B69B600A3A1757003C02F2 /* Debug */ = {
			isa = XCBuildConfiguration;
			buildSettings = {
				COMBINE_HIDPI_IMAGES = YES;
				COPY_PHASE_STRIP = NO;
				FRAMEWORK_SEARCH_PATHS = (
					"$(inherited)",
					"$(FRAMEWORK_SEARCH_PATHS_QUOTED_FOR_TARGET_1)",
					/Users/eight/repos/openFrameworks/addons/ofxSyphon/libs/Syphon/lib/osx,
				);
				FRAMEWORK_SEARCH_PATHS_QUOTED_FOR_TARGET_1 = "\"$(SRCROOT)/../../../libs/glut/lib/osx\"";
				GCC_DYNAMIC_NO_PIC = NO;
				GCC_GENERATE_DEBUGGING_SYMBOLS = YES;
				GCC_MODEL_TUNING = NONE;
				ICON = "$(ICON_NAME_DEBUG)";
				ICON_FILE = "$(ICON_FILE_PATH)$(ICON)";
				INFOPLIST_FILE = "openFrameworks-Info.plist";
				INSTALL_PATH = "$(HOME)/Applications";
				LIBRARY_SEARCH_PATHS = (
					"$(inherited)",
					"$(LIBRARY_SEARCH_PATHS_QUOTED_FOR_TARGET_1)",
					"$(LIBRARY_SEARCH_PATHS_QUOTED_FOR_TARGET_2)",
					"$(LIBRARY_SEARCH_PATHS_QUOTED_FOR_TARGET_3)",
					"$(LIBRARY_SEARCH_PATHS_QUOTED_FOR_TARGET_4)",
					"$(LIBRARY_SEARCH_PATHS_QUOTED_FOR_TARGET_5)",
					"$(LIBRARY_SEARCH_PATHS_QUOTED_FOR_TARGET_6)",
					"$(LIBRARY_SEARCH_PATHS_QUOTED_FOR_TARGET_7)",
					"$(LIBRARY_SEARCH_PATHS_QUOTED_FOR_TARGET_8)",
					"$(LIBRARY_SEARCH_PATHS_QUOTED_FOR_TARGET_9)",
					"$(LIBRARY_SEARCH_PATHS_QUOTED_FOR_TARGET_10)",
					"$(LIBRARY_SEARCH_PATHS_QUOTED_FOR_TARGET_11)",
					"$(LIBRARY_SEARCH_PATHS_QUOTED_FOR_TARGET_12)",
					"$(LIBRARY_SEARCH_PATHS_QUOTED_FOR_TARGET_13)",
					"$(LIBRARY_SEARCH_PATHS_QUOTED_FOR_TARGET_14)",
					"$(LIBRARY_SEARCH_PATHS_QUOTED_FOR_TARGET_15)",
					"$(LIBRARY_SEARCH_PATHS_QUOTED_FOR_TARGET_2)",
					"$(LIBRARY_SEARCH_PATHS_QUOTED_FOR_TARGET_3)",
					"$(LIBRARY_SEARCH_PATHS_QUOTED_FOR_TARGET_7)",
					"$(LIBRARY_SEARCH_PATHS_QUOTED_FOR_TARGET_8)",
					"$(LIBRARY_SEARCH_PATHS_QUOTED_FOR_TARGET_9)",
					"$(LIBRARY_SEARCH_PATHS_QUOTED_FOR_TARGET_10)",
					"$(LIBRARY_SEARCH_PATHS_QUOTED_FOR_TARGET_11)",
					"$(LIBRARY_SEARCH_PATHS_QUOTED_FOR_TARGET_12)",
					"$(LIBRARY_SEARCH_PATHS_QUOTED_FOR_TARGET_13)",
					"$(LIBRARY_SEARCH_PATHS_QUOTED_FOR_TARGET_16)",
					"$(LIBRARY_SEARCH_PATHS_QUOTED_FOR_TARGET_17)",
					"$(LIBRARY_SEARCH_PATHS_QUOTED_FOR_TARGET_18)",
					"$(LIBRARY_SEARCH_PATHS_QUOTED_FOR_TARGET_19)",
					"$(LIBRARY_SEARCH_PATHS_QUOTED_FOR_TARGET_20)",
					"$(LIBRARY_SEARCH_PATHS_QUOTED_FOR_TARGET_21)",
					"$(LIBRARY_SEARCH_PATHS_QUOTED_FOR_TARGET_22)",
					"$(LIBRARY_SEARCH_PATHS_QUOTED_FOR_TARGET_23)",
					"$(LIBRARY_SEARCH_PATHS_QUOTED_FOR_TARGET_24)",
					"$(LIBRARY_SEARCH_PATHS_QUOTED_FOR_TARGET_25)",
					"$(LIBRARY_SEARCH_PATHS_QUOTED_FOR_TARGET_26)",
					"$(LIBRARY_SEARCH_PATHS_QUOTED_FOR_TARGET_27)",
					"$(LIBRARY_SEARCH_PATHS_QUOTED_FOR_TARGET_28)",
					"$(LIBRARY_SEARCH_PATHS_QUOTED_FOR_TARGET_29)",
					"$(LIBRARY_SEARCH_PATHS_QUOTED_FOR_TARGET_30)",
					"$(LIBRARY_SEARCH_PATHS_QUOTED_FOR_TARGET_31)",
					"$(LIBRARY_SEARCH_PATHS_QUOTED_FOR_TARGET_32)",
					"$(LIBRARY_SEARCH_PATHS_QUOTED_FOR_TARGET_33)",
					"$(LIBRARY_SEARCH_PATHS_QUOTED_FOR_TARGET_34)",
					"$(LIBRARY_SEARCH_PATHS_QUOTED_FOR_TARGET_35)",
					"$(LIBRARY_SEARCH_PATHS_QUOTED_FOR_TARGET_36)",
					"$(LIBRARY_SEARCH_PATHS_QUOTED_FOR_TARGET_37)",
					"$(LIBRARY_SEARCH_PATHS_QUOTED_FOR_TARGET_38)",
					"$(LIBRARY_SEARCH_PATHS_QUOTED_FOR_TARGET_39)",
					"$(LIBRARY_SEARCH_PATHS_QUOTED_FOR_TARGET_40)",
					"$(LIBRARY_SEARCH_PATHS_QUOTED_FOR_TARGET_41)",
					"$(LIBRARY_SEARCH_PATHS_QUOTED_FOR_TARGET_42)",
					"$(LIBRARY_SEARCH_PATHS_QUOTED_FOR_TARGET_43)",
					"$(LIBRARY_SEARCH_PATHS_QUOTED_FOR_TARGET_44)",
					"$(LIBRARY_SEARCH_PATHS_QUOTED_FOR_TARGET_45)",
					"$(LIBRARY_SEARCH_PATHS_QUOTED_FOR_TARGET_46)",
					"$(LIBRARY_SEARCH_PATHS_QUOTED_FOR_TARGET_47)",
					"$(LIBRARY_SEARCH_PATHS_QUOTED_FOR_TARGET_48)",
					"$(LIBRARY_SEARCH_PATHS_QUOTED_FOR_TARGET_49)",
					"$(LIBRARY_SEARCH_PATHS_QUOTED_FOR_TARGET_50)",
					"$(LIBRARY_SEARCH_PATHS_QUOTED_FOR_TARGET_51)",
					"$(LIBRARY_SEARCH_PATHS_QUOTED_FOR_TARGET_52)",
				);
				PRODUCT_NAME = "$(TARGET_NAME)Debug";
				WRAPPER_EXTENSION = app;
			};
			name = Debug;
		};
		E4B69B610A3A1757003C02F2 /* Release */ = {
			isa = XCBuildConfiguration;
			buildSettings = {
				COMBINE_HIDPI_IMAGES = YES;
				COPY_PHASE_STRIP = YES;
				FRAMEWORK_SEARCH_PATHS = (
					"$(inherited)",
					"$(FRAMEWORK_SEARCH_PATHS_QUOTED_FOR_TARGET_1)",
					/Users/eight/repos/openFrameworks/addons/ofxSyphon/libs/Syphon/lib/osx,
				);
				FRAMEWORK_SEARCH_PATHS_QUOTED_FOR_TARGET_1 = "\"$(SRCROOT)/../../../libs/glut/lib/osx\"";
				GCC_GENERATE_DEBUGGING_SYMBOLS = YES;
				GCC_MODEL_TUNING = NONE;
				ICON = "$(ICON_NAME_RELEASE)";
				ICON_FILE = "$(ICON_FILE_PATH)$(ICON)";
				INFOPLIST_FILE = "openFrameworks-Info.plist";
				INSTALL_PATH = "$(HOME)/Applications";
				LIBRARY_SEARCH_PATHS = (
					"$(inherited)",
					"$(LIBRARY_SEARCH_PATHS_QUOTED_FOR_TARGET_1)",
					"$(LIBRARY_SEARCH_PATHS_QUOTED_FOR_TARGET_2)",
					"$(LIBRARY_SEARCH_PATHS_QUOTED_FOR_TARGET_3)",
					"$(LIBRARY_SEARCH_PATHS_QUOTED_FOR_TARGET_4)",
					"$(LIBRARY_SEARCH_PATHS_QUOTED_FOR_TARGET_5)",
					"$(LIBRARY_SEARCH_PATHS_QUOTED_FOR_TARGET_6)",
					"$(LIBRARY_SEARCH_PATHS_QUOTED_FOR_TARGET_7)",
					"$(LIBRARY_SEARCH_PATHS_QUOTED_FOR_TARGET_8)",
					"$(LIBRARY_SEARCH_PATHS_QUOTED_FOR_TARGET_9)",
					"$(LIBRARY_SEARCH_PATHS_QUOTED_FOR_TARGET_10)",
					"$(LIBRARY_SEARCH_PATHS_QUOTED_FOR_TARGET_11)",
					"$(LIBRARY_SEARCH_PATHS_QUOTED_FOR_TARGET_12)",
					"$(LIBRARY_SEARCH_PATHS_QUOTED_FOR_TARGET_13)",
					"$(LIBRARY_SEARCH_PATHS_QUOTED_FOR_TARGET_14)",
					"$(LIBRARY_SEARCH_PATHS_QUOTED_FOR_TARGET_15)",
					"$(LIBRARY_SEARCH_PATHS_QUOTED_FOR_TARGET_2)",
					"$(LIBRARY_SEARCH_PATHS_QUOTED_1)",
					"$(LIBRARY_SEARCH_PATHS_QUOTED_FOR_TARGET_3)",
					"$(LIBRARY_SEARCH_PATHS_QUOTED_FOR_TARGET_7)",
					"$(LIBRARY_SEARCH_PATHS_QUOTED_FOR_TARGET_8)",
					"$(LIBRARY_SEARCH_PATHS_QUOTED_FOR_TARGET_9)",
					"$(LIBRARY_SEARCH_PATHS_QUOTED_FOR_TARGET_10)",
					"$(LIBRARY_SEARCH_PATHS_QUOTED_FOR_TARGET_11)",
					"$(LIBRARY_SEARCH_PATHS_QUOTED_FOR_TARGET_12)",
					"$(LIBRARY_SEARCH_PATHS_QUOTED_FOR_TARGET_13)",
					"$(LIBRARY_SEARCH_PATHS_QUOTED_FOR_TARGET_16)",
					"$(LIBRARY_SEARCH_PATHS_QUOTED_FOR_TARGET_17)",
					"$(LIBRARY_SEARCH_PATHS_QUOTED_FOR_TARGET_18)",
					"$(LIBRARY_SEARCH_PATHS_QUOTED_FOR_TARGET_19)",
					"$(LIBRARY_SEARCH_PATHS_QUOTED_FOR_TARGET_20)",
					"$(LIBRARY_SEARCH_PATHS_QUOTED_FOR_TARGET_21)",
					"$(LIBRARY_SEARCH_PATHS_QUOTED_FOR_TARGET_22)",
					"$(LIBRARY_SEARCH_PATHS_QUOTED_FOR_TARGET_23)",
					"$(LIBRARY_SEARCH_PATHS_QUOTED_FOR_TARGET_24)",
					"$(LIBRARY_SEARCH_PATHS_QUOTED_FOR_TARGET_25)",
					"$(LIBRARY_SEARCH_PATHS_QUOTED_FOR_TARGET_26)",
					"$(LIBRARY_SEARCH_PATHS_QUOTED_FOR_TARGET_27)",
					"$(LIBRARY_SEARCH_PATHS_QUOTED_FOR_TARGET_28)",
					"$(LIBRARY_SEARCH_PATHS_QUOTED_FOR_TARGET_29)",
					"$(LIBRARY_SEARCH_PATHS_QUOTED_FOR_TARGET_30)",
					"$(LIBRARY_SEARCH_PATHS_QUOTED_FOR_TARGET_31)",
					"$(LIBRARY_SEARCH_PATHS_QUOTED_FOR_TARGET_32)",
					"$(LIBRARY_SEARCH_PATHS_QUOTED_FOR_TARGET_33)",
					"$(LIBRARY_SEARCH_PATHS_QUOTED_FOR_TARGET_34)",
					"$(LIBRARY_SEARCH_PATHS_QUOTED_FOR_TARGET_35)",
					"$(LIBRARY_SEARCH_PATHS_QUOTED_FOR_TARGET_36)",
					"$(LIBRARY_SEARCH_PATHS_QUOTED_FOR_TARGET_37)",
					"$(LIBRARY_SEARCH_PATHS_QUOTED_FOR_TARGET_38)",
					"$(LIBRARY_SEARCH_PATHS_QUOTED_FOR_TARGET_39)",
					"$(LIBRARY_SEARCH_PATHS_QUOTED_FOR_TARGET_40)",
					"$(LIBRARY_SEARCH_PATHS_QUOTED_FOR_TARGET_41)",
					"$(LIBRARY_SEARCH_PATHS_QUOTED_FOR_TARGET_42)",
					"$(LIBRARY_SEARCH_PATHS_QUOTED_FOR_TARGET_43)",
					"$(LIBRARY_SEARCH_PATHS_QUOTED_FOR_TARGET_44)",
					"$(LIBRARY_SEARCH_PATHS_QUOTED_FOR_TARGET_45)",
					"$(LIBRARY_SEARCH_PATHS_QUOTED_FOR_TARGET_46)",
					"$(LIBRARY_SEARCH_PATHS_QUOTED_FOR_TARGET_47)",
					"$(LIBRARY_SEARCH_PATHS_QUOTED_FOR_TARGET_48)",
					"$(LIBRARY_SEARCH_PATHS_QUOTED_FOR_TARGET_49)",
					"$(LIBRARY_SEARCH_PATHS_QUOTED_FOR_TARGET_50)",
					"$(LIBRARY_SEARCH_PATHS_QUOTED_FOR_TARGET_51)",
				);
				PRODUCT_NAME = "$(TARGET_NAME)";
				WRAPPER_EXTENSION = app;
			};
			name = Release;
		};
/* End XCBuildConfiguration section */

/* Begin XCConfigurationList section */
		E4B69B4D0A3A1720003C02F2 /* Build configuration list for PBXProject "ps3eyeMesh" */ = {
			isa = XCConfigurationList;
			buildConfigurations = (
				E4B69B4E0A3A1720003C02F2 /* Debug */,
				E4B69B4F0A3A1720003C02F2 /* Release */,
			);
			defaultConfigurationIsVisible = 0;
			defaultConfigurationName = Release;
		};
		E4B69B5F0A3A1757003C02F2 /* Build configuration list for PBXNativeTarget "ps3eyeMesh" */ = {
			isa = XCConfigurationList;
			buildConfigurations = (
				E4B69B600A3A1757003C02F2 /* Debug */,
				E4B69B610A3A1757003C02F2 /* Release */,
			);
			defaultConfigurationIsVisible = 0;
			defaultConfigurationName = Release;
		};
/* End XCConfigurationList section */
	};
	rootObject = E4B69B4C0A3A1720003C02F2 /* Project object */;
}
